// !$*UTF8*$!
{
	archiveVersion = 1;
	classes = {
	};
	objectVersion = 46;
	objects = {

/* Begin PBXBuildFile section */
		102F0BC81B87FE7B3F120C04 /* ServeurSocket.swift in Sources */ = {isa = PBXBuildFile; fileRef = 5F543CC6CB19EA65A272DAC5 /* ServeurSocket.swift */; };
		15D74CC797EC426D16D7D906 /* VueLecteur.swift in Sources */ = {isa = PBXBuildFile; fileRef = F77CA42B7B470FF64EE3AD4D /* VueLecteur.swift */; };
		165F117DEF4A229234D05AF8 /* FenetreFlottante.swift in Sources */ = {isa = PBXBuildFile; fileRef = 13AEE870DE5496056192AE7A /* FenetreFlottante.swift */; };
		1E7C51E88145523E7B3848FE /* Cocoa.framework in Frameworks */ = {isa = PBXBuildFile; fileRef = 66136BC36236E15E277B06C0 /* Cocoa.framework */; };
		1EA7B676CB03FF982ACB21F3 /* Reglages.swift in Sources */ = {isa = PBXBuildFile; fileRef = 3C4E066373E6EAB97E6A2544 /* Reglages.swift */; };
		1FFD17F966062F5FE882B7B7 /* CatalogueVoix.swift in Sources */ = {isa = PBXBuildFile; fileRef = 9FC0A5DC0BAF25E44E09EF75 /* CatalogueVoix.swift */; };
		20B1CC91C607FB2F9C7F7DDB /* RaccourciGlobal.swift in Sources */ = {isa = PBXBuildFile; fileRef = 88CB1E3E18F12D78BEA3BE12 /* RaccourciGlobal.swift */; };
		2F22AEA10B4BFDEDD36693E5 /* MoteurSynthese.swift in Sources */ = {isa = PBXBuildFile; fileRef = 2BD7D42B57276A2E6A45F8CE /* MoteurSynthese.swift */; };
		40337BEDCE1F0C903B73D7D8 /* Lecteur.swift in Sources */ = {isa = PBXBuildFile; fileRef = 698DC12D7D505477C84E171C /* Lecteur.swift */; };
		477348091F0840627F01917C /* MoteurSay.swift in Sources */ = {isa = PBXBuildFile; fileRef = 6544415A5467C5E4A338A6F2 /* MoteurSay.swift */; };
		48AF51BED56BF21546E6FC0A /* lire in Copier le helper CLI */ = {isa = PBXBuildFile; fileRef = 70DB65185DF4D9C8C22A345D /* lire */; };
		5F83823AD8C82E2745DE05CB /* GestionnaireFichiersTemp.swift in Sources */ = {isa = PBXBuildFile; fileRef = 77C389358F1D9CA0ABEBD475 /* GestionnaireFichiersTemp.swift */; };
		7212777328D00522A8F8BCD2 /* Cocoa.framework in Frameworks */ = {isa = PBXBuildFile; fileRef = 66136BC36236E15E277B06C0 /* Cocoa.framework */; };
		775378B44A8C10D01483D01A /* main.swift in Sources */ = {isa = PBXBuildFile; fileRef = FD84531CE9B741240471D888 /* main.swift */; };
		77FAE3A82579A6E050D78C8C /* GestionnaireLecteurs.swift in Sources */ = {isa = PBXBuildFile; fileRef = 2FA8A19F1BA4C97E1670735C /* GestionnaireLecteurs.swift */; };
		79718D9A4648D40A8FFC8ED0 /* DelegueApplication.swift in Sources */ = {isa = PBXBuildFile; fileRef = 56E1BFA8256B954E37BF1F68 /* DelegueApplication.swift */; };
		8952FBC69D58D897ACE45D9E /* main.swift in Sources */ = {isa = PBXBuildFile; fileRef = DC6B24BC7880DB6A343E9BFD /* main.swift */; };
		9F76660B3D82B3E9C0739839 /* Cocoa.framework in Frameworks */ = {isa = PBXBuildFile; fileRef = 66136BC36236E15E277B06C0 /* Cocoa.framework */; };
		A0760885D19E9284BDDEC4FB /* FournisseurService.swift in Sources */ = {isa = PBXBuildFile; fileRef = 05BA0095D9F646715D7775FF /* FournisseurService.swift */; };
		A43EDD3CA67942CA672990AA /* CaptureSelection.swift in Sources */ = {isa = PBXBuildFile; fileRef = C532331629BC36579A256EFB /* CaptureSelection.swift */; };
		A7E75266C03E885226B33AAC /* NettoyeurMarkdown.swift in Sources */ = {isa = PBXBuildFile; fileRef = 539470404B02060A57A42896 /* NettoyeurMarkdown.swift */; };
		C1BC8C176DDB2F1D7606E74D /* ReglagesTests.swift in Sources */ = {isa = PBXBuildFile; fileRef = 7D8F803BB0AD6AF7BD3A1579 /* ReglagesTests.swift */; };
		C8687D6819449092473DEB47 /* NettoyeurMarkdownTests.swift in Sources */ = {isa = PBXBuildFile; fileRef = 26D631936DFCEBA4BB6A1297 /* NettoyeurMarkdownTests.swift */; };
		CAFA33FDEF52652C35BA7BEF /* DetecteurLangue.swift in Sources */ = {isa = PBXBuildFile; fileRef = 058A0B1B6E049B4C83AA1DF3 /* DetecteurLangue.swift */; };
		CF84CF73E65F6989FE14EE86 /* Journal.swift in Sources */ = {isa = PBXBuildFile; fileRef = B60866F660C8AF9E950C97A0 /* Journal.swift */; };
		D5E6DD327110BA538777068C /* ControleurFenetreLecteur.swift in Sources */ = {isa = PBXBuildFile; fileRef = B13ADDE457DC7F83901E254F /* ControleurFenetreLecteur.swift */; };
		E5669BD866816DA3A057447D /* ProtocoleSocket.swift in Sources */ = {isa = PBXBuildFile; fileRef = D5440CEA22BC6F01451961C7 /* ProtocoleSocket.swift */; };
		E591E937F95D05C7AC2C1BA3 /* AVoixHaute.icns in Resources */ = {isa = PBXBuildFile; fileRef = 24F6DCA6657B54C2D62965A0 /* AVoixHaute.icns */; };
		F29AB162B5C81E3C9AFD1781 /* VueReglages.swift in Sources */ = {isa = PBXBuildFile; fileRef = 0350881665C9078F8E792B24 /* VueReglages.swift */; };
/* End PBXBuildFile section */

/* Begin PBXContainerItemProxy section */
		BE176F9D5DA8317A319290A7 /* PBXContainerItemProxy */ = {
			isa = PBXContainerItemProxy;
			containerPortal = 38E919A8597ADA15FF63CC40 /* Project object */;
			proxyType = 1;
			remoteGlobalIDString = 7B34B6C38045432B5BD7FFE7;
			remoteInfo = AVoixHaute;
		};
		EC27878692596A4911A9C765 /* PBXContainerItemProxy */ = {
			isa = PBXContainerItemProxy;
			containerPortal = 38E919A8597ADA15FF63CC40 /* Project object */;
			proxyType = 1;
			remoteGlobalIDString = E3EF34ADC10F36F17AF2F234;
			remoteInfo = lire;
		};
/* End PBXContainerItemProxy section */

/* Begin PBXCopyFilesBuildPhase section */
		73D29C4877BD2341D1ADC272 /* Copier le helper CLI */ = {
			isa = PBXCopyFilesBuildPhase;
			buildActionMask = 2147483647;
			dstPath = "";
			dstSubfolderSpec = 7;
			files = (
				48AF51BED56BF21546E6FC0A /* lire in Copier le helper CLI */,
			);
			name = "Copier le helper CLI";
			runOnlyForDeploymentPostprocessing = 0;
		};
/* End PBXCopyFilesBuildPhase section */

/* Begin PBXFileReference section */
		0350881665C9078F8E792B24 /* VueReglages.swift */ = {isa = PBXFileReference; includeInIndex = 1; lastKnownFileType = sourcecode.swift; path = VueReglages.swift; sourceTree = "<group>"; };
		058A0B1B6E049B4C83AA1DF3 /* DetecteurLangue.swift */ = {isa = PBXFileReference; includeInIndex = 1; lastKnownFileType = sourcecode.swift; path = DetecteurLangue.swift; sourceTree = "<group>"; };
		05BA0095D9F646715D7775FF /* FournisseurService.swift */ = {isa = PBXFileReference; includeInIndex = 1; lastKnownFileType = sourcecode.swift; path = FournisseurService.swift; sourceTree = "<group>"; };
		13AEE870DE5496056192AE7A /* FenetreFlottante.swift */ = {isa = PBXFileReference; includeInIndex = 1; lastKnownFileType = sourcecode.swift; path = FenetreFlottante.swift; sourceTree = "<group>"; };
		24F6DCA6657B54C2D62965A0 /* AVoixHaute.icns */ = {isa = PBXFileReference; includeInIndex = 1; path = AVoixHaute.icns; sourceTree = "<group>"; };
		26D631936DFCEBA4BB6A1297 /* NettoyeurMarkdownTests.swift */ = {isa = PBXFileReference; includeInIndex = 1; lastKnownFileType = sourcecode.swift; path = NettoyeurMarkdownTests.swift; sourceTree = "<group>"; };
		2BD7D42B57276A2E6A45F8CE /* MoteurSynthese.swift */ = {isa = PBXFileReference; includeInIndex = 1; lastKnownFileType = sourcecode.swift; path = MoteurSynthese.swift; sourceTree = "<group>"; };
		2FA8A19F1BA4C97E1670735C /* GestionnaireLecteurs.swift */ = {isa = PBXFileReference; includeInIndex = 1; lastKnownFileType = sourcecode.swift; path = GestionnaireLecteurs.swift; sourceTree = "<group>"; };
		3C4E066373E6EAB97E6A2544 /* Reglages.swift */ = {isa = PBXFileReference; includeInIndex = 1; lastKnownFileType = sourcecode.swift; path = Reglages.swift; sourceTree = "<group>"; };
		539470404B02060A57A42896 /* NettoyeurMarkdown.swift */ = {isa = PBXFileReference; includeInIndex = 1; lastKnownFileType = sourcecode.swift; path = NettoyeurMarkdown.swift; sourceTree = "<group>"; };
		56E1BFA8256B954E37BF1F68 /* DelegueApplication.swift */ = {isa = PBXFileReference; includeInIndex = 1; lastKnownFileType = sourcecode.swift; path = DelegueApplication.swift; sourceTree = "<group>"; };
		5F543CC6CB19EA65A272DAC5 /* ServeurSocket.swift */ = {isa = PBXFileReference; includeInIndex = 1; lastKnownFileType = sourcecode.swift; path = ServeurSocket.swift; sourceTree = "<group>"; };
		6544415A5467C5E4A338A6F2 /* MoteurSay.swift */ = {isa = PBXFileReference; includeInIndex = 1; lastKnownFileType = sourcecode.swift; path = MoteurSay.swift; sourceTree = "<group>"; };
		66136BC36236E15E277B06C0 /* Cocoa.framework */ = {isa = PBXFileReference; lastKnownFileType = wrapper.framework; name = Cocoa.framework; path = Platforms/MacOSX.platform/Developer/SDKs/MacOSX10.15.sdk/System/Library/Frameworks/Cocoa.framework; sourceTree = DEVELOPER_DIR; };
		698DC12D7D505477C84E171C /* Lecteur.swift */ = {isa = PBXFileReference; includeInIndex = 1; lastKnownFileType = sourcecode.swift; path = Lecteur.swift; sourceTree = "<group>"; };
		70DB65185DF4D9C8C22A345D /* lire */ = {isa = PBXFileReference; includeInIndex = 0; path = lire; sourceTree = BUILT_PRODUCTS_DIR; };
		77C389358F1D9CA0ABEBD475 /* GestionnaireFichiersTemp.swift */ = {isa = PBXFileReference; includeInIndex = 1; lastKnownFileType = sourcecode.swift; path = GestionnaireFichiersTemp.swift; sourceTree = "<group>"; };
		7D8F803BB0AD6AF7BD3A1579 /* ReglagesTests.swift */ = {isa = PBXFileReference; includeInIndex = 1; lastKnownFileType = sourcecode.swift; path = ReglagesTests.swift; sourceTree = "<group>"; };
		88CB1E3E18F12D78BEA3BE12 /* RaccourciGlobal.swift */ = {isa = PBXFileReference; includeInIndex = 1; lastKnownFileType = sourcecode.swift; path = RaccourciGlobal.swift; sourceTree = "<group>"; };
		9FC0A5DC0BAF25E44E09EF75 /* CatalogueVoix.swift */ = {isa = PBXFileReference; includeInIndex = 1; lastKnownFileType = sourcecode.swift; path = CatalogueVoix.swift; sourceTree = "<group>"; };
		B13ADDE457DC7F83901E254F /* ControleurFenetreLecteur.swift */ = {isa = PBXFileReference; includeInIndex = 1; lastKnownFileType = sourcecode.swift; path = ControleurFenetreLecteur.swift; sourceTree = "<group>"; };
		B60866F660C8AF9E950C97A0 /* Journal.swift */ = {isa = PBXFileReference; includeInIndex = 1; lastKnownFileType = sourcecode.swift; path = Journal.swift; sourceTree = "<group>"; };
		B943140284778B4911A366A5 /* AVoixHaute.app */ = {isa = PBXFileReference; explicitFileType = wrapper.application; includeInIndex = 0; path = AVoixHaute.app; sourceTree = BUILT_PRODUCTS_DIR; };
		C532331629BC36579A256EFB /* CaptureSelection.swift */ = {isa = PBXFileReference; includeInIndex = 1; lastKnownFileType = sourcecode.swift; path = CaptureSelection.swift; sourceTree = "<group>"; };
		D5440CEA22BC6F01451961C7 /* ProtocoleSocket.swift */ = {isa = PBXFileReference; includeInIndex = 1; lastKnownFileType = sourcecode.swift; path = ProtocoleSocket.swift; sourceTree = "<group>"; };
		DBD5588A5B65B9C34498E792 /* AVoixHauteTests.xctest */ = {isa = PBXFileReference; explicitFileType = wrapper.cfbundle; includeInIndex = 0; path = AVoixHauteTests.xctest; sourceTree = BUILT_PRODUCTS_DIR; };
		DC6B24BC7880DB6A343E9BFD /* main.swift */ = {isa = PBXFileReference; includeInIndex = 1; lastKnownFileType = sourcecode.swift; path = main.swift; sourceTree = "<group>"; };
		F77CA42B7B470FF64EE3AD4D /* VueLecteur.swift */ = {isa = PBXFileReference; includeInIndex = 1; lastKnownFileType = sourcecode.swift; path = VueLecteur.swift; sourceTree = "<group>"; };
		FD84531CE9B741240471D888 /* main.swift */ = {isa = PBXFileReference; includeInIndex = 1; lastKnownFileType = sourcecode.swift; path = main.swift; sourceTree = "<group>"; };
/* End PBXFileReference section */

/* Begin PBXFrameworksBuildPhase section */
		93D7E0DFAD3C1CAE7259B258 /* Frameworks */ = {
			isa = PBXFrameworksBuildPhase;
			buildActionMask = 2147483647;
			files = (
				7212777328D00522A8F8BCD2 /* Cocoa.framework in Frameworks */,
			);
			runOnlyForDeploymentPostprocessing = 0;
		};
		C282DF1784B824D3A16673A5 /* Frameworks */ = {
			isa = PBXFrameworksBuildPhase;
			buildActionMask = 2147483647;
			files = (
				9F76660B3D82B3E9C0739839 /* Cocoa.framework in Frameworks */,
			);
			runOnlyForDeploymentPostprocessing = 0;
		};
		D8D292C462FBA78E30C01E4C /* Frameworks */ = {
			isa = PBXFrameworksBuildPhase;
			buildActionMask = 2147483647;
			files = (
				1E7C51E88145523E7B3848FE /* Cocoa.framework in Frameworks */,
			);
			runOnlyForDeploymentPostprocessing = 0;
		};
/* End PBXFrameworksBuildPhase section */

/* Begin PBXGroup section */
		1955B8083F2474CA9432A3F7 /* OS X */ = {
			isa = PBXGroup;
			children = (
				66136BC36236E15E277B06C0 /* Cocoa.framework */,
			);
			name = "OS X";
			sourceTree = "<group>";
		};
		2B2FF9207EE0758AFAED1DC9 /* Products */ = {
			isa = PBXGroup;
			children = (
				B943140284778B4911A366A5 /* AVoixHaute.app */,
				70DB65185DF4D9C8C22A345D /* lire */,
				DBD5588A5B65B9C34498E792 /* AVoixHauteTests.xctest */,
			);
			name = Products;
			sourceTree = "<group>";
		};
		421E128CEAA4649B38137A6A /* lire */ = {
			isa = PBXGroup;
			children = (
				FD84531CE9B741240471D888 /* main.swift */,
			);
			name = lire;
			path = lire;
			sourceTree = "<group>";
		};
		4F1AD3CC8BD92030CEDCDA04 /* Tests */ = {
			isa = PBXGroup;
			children = (
				26D631936DFCEBA4BB6A1297 /* NettoyeurMarkdownTests.swift */,
				7D8F803BB0AD6AF7BD3A1579 /* ReglagesTests.swift */,
			);
			name = Tests;
			path = Tests;
			sourceTree = "<group>";
		};
		5DEE251C5BAF580F5520B188 /* Frameworks */ = {
			isa = PBXGroup;
			children = (
				1955B8083F2474CA9432A3F7 /* OS X */,
			);
			name = Frameworks;
			sourceTree = "<group>";
		};
		796400503F7F7BBA144654E5 = {
			isa = PBXGroup;
			children = (
				2B2FF9207EE0758AFAED1DC9 /* Products */,
				5DEE251C5BAF580F5520B188 /* Frameworks */,
				93151635E14E4D8606B666C4 /* Sources */,
				9E74581D528925F3650CA9F1 /* SourcesCLI */,
				4F1AD3CC8BD92030CEDCDA04 /* Tests */,
				F7CFDE9CA59E91CE19C39155 /* Ressources */,
			);
			sourceTree = "<group>";
		};
		7BEFFDAC142B1D02BA40E28D /* Lecture */ = {
			isa = PBXGroup;
			children = (
				2FA8A19F1BA4C97E1670735C /* GestionnaireLecteurs.swift */,
				698DC12D7D505477C84E171C /* Lecteur.swift */,
			);
			name = Lecture;
			path = Lecture;
			sourceTree = "<group>";
		};
		7FC25E73721E2872D6C27B09 /* Entree */ = {
			isa = PBXGroup;
			children = (
				C532331629BC36579A256EFB /* CaptureSelection.swift */,
				05BA0095D9F646715D7775FF /* FournisseurService.swift */,
				D5440CEA22BC6F01451961C7 /* ProtocoleSocket.swift */,
				88CB1E3E18F12D78BEA3BE12 /* RaccourciGlobal.swift */,
				5F543CC6CB19EA65A272DAC5 /* ServeurSocket.swift */,
			);
			name = Entree;
			path = Entree;
			sourceTree = "<group>";
		};
		8B452B4CBD92D7B29A170C26 /* Interface */ = {
			isa = PBXGroup;
			children = (
				B13ADDE457DC7F83901E254F /* ControleurFenetreLecteur.swift */,
				13AEE870DE5496056192AE7A /* FenetreFlottante.swift */,
				F77CA42B7B470FF64EE3AD4D /* VueLecteur.swift */,
				0350881665C9078F8E792B24 /* VueReglages.swift */,
			);
			name = Interface;
			path = Interface;
			sourceTree = "<group>";
		};
		93151635E14E4D8606B666C4 /* Sources */ = {
			isa = PBXGroup;
			children = (
				FDF2F35FB2E30C5460A0B063 /* App */,
				97158755F598A9A5A1638B39 /* Commun */,
				7FC25E73721E2872D6C27B09 /* Entree */,
				8B452B4CBD92D7B29A170C26 /* Interface */,
				7BEFFDAC142B1D02BA40E28D /* Lecture */,
				EF8048D893F15BA521CCA410 /* Reglages */,
				FD03E970A51CA05C52004943 /* Synthese */,
				EB8E2A8E89715170E66335A7 /* Texte */,
			);
			name = Sources;
			path = Sources;
			sourceTree = "<group>";
		};
		97158755F598A9A5A1638B39 /* Commun */ = {
			isa = PBXGroup;
			children = (
				77C389358F1D9CA0ABEBD475 /* GestionnaireFichiersTemp.swift */,
				B60866F660C8AF9E950C97A0 /* Journal.swift */,
			);
			name = Commun;
			path = Commun;
			sourceTree = "<group>";
		};
		9E74581D528925F3650CA9F1 /* SourcesCLI */ = {
			isa = PBXGroup;
			children = (
				421E128CEAA4649B38137A6A /* lire */,
			);
			name = SourcesCLI;
			path = SourcesCLI;
			sourceTree = "<group>";
		};
		EB8E2A8E89715170E66335A7 /* Texte */ = {
			isa = PBXGroup;
			children = (
				058A0B1B6E049B4C83AA1DF3 /* DetecteurLangue.swift */,
				539470404B02060A57A42896 /* NettoyeurMarkdown.swift */,
			);
			name = Texte;
			path = Texte;
			sourceTree = "<group>";
		};
		EF8048D893F15BA521CCA410 /* Reglages */ = {
			isa = PBXGroup;
			children = (
				3C4E066373E6EAB97E6A2544 /* Reglages.swift */,
			);
			name = Reglages;
			path = Reglages;
			sourceTree = "<group>";
		};
		F7CFDE9CA59E91CE19C39155 /* Ressources */ = {
			isa = PBXGroup;
			children = (
				24F6DCA6657B54C2D62965A0 /* AVoixHaute.icns */,
			);
			name = Ressources;
			path = Ressources;
			sourceTree = "<group>";
		};
		FD03E970A51CA05C52004943 /* Synthese */ = {
			isa = PBXGroup;
			children = (
				9FC0A5DC0BAF25E44E09EF75 /* CatalogueVoix.swift */,
				6544415A5467C5E4A338A6F2 /* MoteurSay.swift */,
				2BD7D42B57276A2E6A45F8CE /* MoteurSynthese.swift */,
			);
			name = Synthese;
			path = Synthese;
			sourceTree = "<group>";
		};
		FDF2F35FB2E30C5460A0B063 /* App */ = {
			isa = PBXGroup;
			children = (
				56E1BFA8256B954E37BF1F68 /* DelegueApplication.swift */,
				DC6B24BC7880DB6A343E9BFD /* main.swift */,
			);
			name = App;
			path = App;
			sourceTree = "<group>";
		};
/* End PBXGroup section */

/* Begin PBXNativeTarget section */
		7B34B6C38045432B5BD7FFE7 /* AVoixHaute */ = {
			isa = PBXNativeTarget;
			buildConfigurationList = 39ACEEB5E5DB7127ADC278B8 /* Build configuration list for PBXNativeTarget "AVoixHaute" */;
			buildPhases = (
				15C9FBD79E2F882DE3450884 /* Sources */,
				D8D292C462FBA78E30C01E4C /* Frameworks */,
				6AE7B8355EE38A365FE9C312 /* Resources */,
				73D29C4877BD2341D1ADC272 /* Copier le helper CLI */,
			);
			buildRules = (
			);
			dependencies = (
				D5843431210949C603B81072 /* PBXTargetDependency */,
			);
			name = AVoixHaute;
			productName = AVoixHaute;
			productReference = B943140284778B4911A366A5 /* AVoixHaute.app */;
			productType = "com.apple.product-type.application";
		};
		E3EF34ADC10F36F17AF2F234 /* lire */ = {
			isa = PBXNativeTarget;
			buildConfigurationList = 9163B43299D933F57CF4058D /* Build configuration list for PBXNativeTarget "lire" */;
			buildPhases = (
				15394C2B9BF4C213B038AC7C /* Sources */,
				93D7E0DFAD3C1CAE7259B258 /* Frameworks */,
			);
			buildRules = (
			);
			dependencies = (
			);
			name = lire;
			productName = lire;
			productReference = 70DB65185DF4D9C8C22A345D /* lire */;
			productType = "com.apple.product-type.tool";
		};
		E551D561965772A441BA14B8 /* AVoixHauteTests */ = {
			isa = PBXNativeTarget;
			buildConfigurationList = 55AEB9D58AF796DAE7E6DD83 /* Build configuration list for PBXNativeTarget "AVoixHauteTests" */;
			buildPhases = (
				34ED652BD2EE88BB2D71FA3D /* Sources */,
				C282DF1784B824D3A16673A5 /* Frameworks */,
				A39CA960F1EA5959ADF772DD /* Resources */,
			);
			buildRules = (
			);
			dependencies = (
				0CBCA7139BDE3C398BC27909 /* PBXTargetDependency */,
			);
			name = AVoixHauteTests;
			productName = AVoixHauteTests;
			productReference = DBD5588A5B65B9C34498E792 /* AVoixHauteTests.xctest */;
			productType = "com.apple.product-type.bundle.unit-test";
		};
/* End PBXNativeTarget section */

/* Begin PBXProject section */
		38E919A8597ADA15FF63CC40 /* Project object */ = {
			isa = PBXProject;
			attributes = {
				LastSwiftUpdateCheck = 1500;
				LastUpgradeCheck = 1500;
			};
			buildConfigurationList = 8E74A0A2EE6D5766D4C39531 /* Build configuration list for PBXProject "AVoixHaute" */;
			compatibilityVersion = "Xcode 3.2";
			developmentRegion = en;
			hasScannedForEncodings = 0;
			knownRegions = (
				en,
				Base,
			);
			mainGroup = 796400503F7F7BBA144654E5;
			productRefGroup = 2B2FF9207EE0758AFAED1DC9 /* Products */;
			projectDirPath = "";
			projectRoot = "";
			targets = (
				7B34B6C38045432B5BD7FFE7 /* AVoixHaute */,
				E3EF34ADC10F36F17AF2F234 /* lire */,
				E551D561965772A441BA14B8 /* AVoixHauteTests */,
			);
		};
/* End PBXProject section */

/* Begin PBXResourcesBuildPhase section */
		6AE7B8355EE38A365FE9C312 /* Resources */ = {
			isa = PBXResourcesBuildPhase;
			buildActionMask = 2147483647;
			files = (
				E591E937F95D05C7AC2C1BA3 /* AVoixHaute.icns in Resources */,
			);
			runOnlyForDeploymentPostprocessing = 0;
		};
		A39CA960F1EA5959ADF772DD /* Resources */ = {
			isa = PBXResourcesBuildPhase;
			buildActionMask = 2147483647;
			files = (
			);
			runOnlyForDeploymentPostprocessing = 0;
		};
/* End PBXResourcesBuildPhase section */

/* Begin PBXSourcesBuildPhase section */
		15394C2B9BF4C213B038AC7C /* Sources */ = {
			isa = PBXSourcesBuildPhase;
			buildActionMask = 2147483647;
			files = (
				775378B44A8C10D01483D01A /* main.swift in Sources */,
			);
			runOnlyForDeploymentPostprocessing = 0;
		};
		15C9FBD79E2F882DE3450884 /* Sources */ = {
			isa = PBXSourcesBuildPhase;
			buildActionMask = 2147483647;
			files = (
				79718D9A4648D40A8FFC8ED0 /* DelegueApplication.swift in Sources */,
				8952FBC69D58D897ACE45D9E /* main.swift in Sources */,
				5F83823AD8C82E2745DE05CB /* GestionnaireFichiersTemp.swift in Sources */,
				CF84CF73E65F6989FE14EE86 /* Journal.swift in Sources */,
				A43EDD3CA67942CA672990AA /* CaptureSelection.swift in Sources */,
				A0760885D19E9284BDDEC4FB /* FournisseurService.swift in Sources */,
				E5669BD866816DA3A057447D /* ProtocoleSocket.swift in Sources */,
				20B1CC91C607FB2F9C7F7DDB /* RaccourciGlobal.swift in Sources */,
				102F0BC81B87FE7B3F120C04 /* ServeurSocket.swift in Sources */,
				D5E6DD327110BA538777068C /* ControleurFenetreLecteur.swift in Sources */,
				165F117DEF4A229234D05AF8 /* FenetreFlottante.swift in Sources */,
				15D74CC797EC426D16D7D906 /* VueLecteur.swift in Sources */,
				F29AB162B5C81E3C9AFD1781 /* VueReglages.swift in Sources */,
				77FAE3A82579A6E050D78C8C /* GestionnaireLecteurs.swift in Sources */,
				40337BEDCE1F0C903B73D7D8 /* Lecteur.swift in Sources */,
				1EA7B676CB03FF982ACB21F3 /* Reglages.swift in Sources */,
				1FFD17F966062F5FE882B7B7 /* CatalogueVoix.swift in Sources */,
				477348091F0840627F01917C /* MoteurSay.swift in Sources */,
				2F22AEA10B4BFDEDD36693E5 /* MoteurSynthese.swift in Sources */,
				CAFA33FDEF52652C35BA7BEF /* DetecteurLangue.swift in Sources */,
				A7E75266C03E885226B33AAC /* NettoyeurMarkdown.swift in Sources */,
			);
			runOnlyForDeploymentPostprocessing = 0;
		};
		34ED652BD2EE88BB2D71FA3D /* Sources */ = {
			isa = PBXSourcesBuildPhase;
			buildActionMask = 2147483647;
			files = (
				C8687D6819449092473DEB47 /* NettoyeurMarkdownTests.swift in Sources */,
				C1BC8C176DDB2F1D7606E74D /* ReglagesTests.swift in Sources */,
			);
			runOnlyForDeploymentPostprocessing = 0;
		};
/* End PBXSourcesBuildPhase section */

/* Begin PBXTargetDependency section */
		0CBCA7139BDE3C398BC27909 /* PBXTargetDependency */ = {
			isa = PBXTargetDependency;
			name = AVoixHaute;
			target = 7B34B6C38045432B5BD7FFE7 /* AVoixHaute */;
			targetProxy = BE176F9D5DA8317A319290A7 /* PBXContainerItemProxy */;
		};
		D5843431210949C603B81072 /* PBXTargetDependency */ = {
			isa = PBXTargetDependency;
			name = lire;
			target = E3EF34ADC10F36F17AF2F234 /* lire */;
			targetProxy = EC27878692596A4911A9C765 /* PBXContainerItemProxy */;
		};
/* End PBXTargetDependency section */

/* Begin XCBuildConfiguration section */
		408D04AA1DEED0DC537D34C1 /* Debug */ = {
			isa = XCBuildConfiguration;
			buildSettings = {
				ALWAYS_SEARCH_USER_PATHS = NO;
				CLANG_ANALYZER_NONNULL = YES;
				CLANG_ANALYZER_NUMBER_OBJECT_CONVERSION = YES_AGGRESSIVE;
				CLANG_CXX_LANGUAGE_STANDARD = "gnu++14";
				CLANG_CXX_LIBRARY = "libc++";
				CLANG_ENABLE_MODULES = YES;
				CLANG_ENABLE_OBJC_ARC = YES;
				CLANG_ENABLE_OBJC_WEAK = YES;
				CLANG_WARN_BLOCK_CAPTURE_AUTORELEASING = YES;
				CLANG_WARN_BOOL_CONVERSION = YES;
				CLANG_WARN_COMMA = YES;
				CLANG_WARN_CONSTANT_CONVERSION = YES;
				CLANG_WARN_DEPRECATED_OBJC_IMPLEMENTATIONS = YES;
				CLANG_WARN_DIRECT_OBJC_ISA_USAGE = YES_ERROR;
				CLANG_WARN_DOCUMENTATION_COMMENTS = YES;
				CLANG_WARN_EMPTY_BODY = YES;
				CLANG_WARN_ENUM_CONVERSION = YES;
				CLANG_WARN_INFINITE_RECURSION = YES;
				CLANG_WARN_INT_CONVERSION = YES;
				CLANG_WARN_NON_LITERAL_NULL_CONVERSION = YES;
				CLANG_WARN_OBJC_IMPLICIT_RETAIN_SELF = YES;
				CLANG_WARN_OBJC_LITERAL_CONVERSION = YES;
				CLANG_WARN_OBJC_ROOT_CLASS = YES_ERROR;
				CLANG_WARN_QUOTED_INCLUDE_IN_FRAMEWORK_HEADER = YES;
				CLANG_WARN_RANGE_LOOP_ANALYSIS = YES;
				CLANG_WARN_STRICT_PROTOTYPES = YES;
				CLANG_WARN_SUSPICIOUS_MOVE = YES;
				CLANG_WARN_UNGUARDED_AVAILABILITY = YES_AGGRESSIVE;
				CLANG_WARN_UNREACHABLE_CODE = YES;
				CLANG_WARN__DUPLICATE_METHOD_MATCH = YES;
				CODE_SIGNING_ALLOWED = YES;
				CODE_SIGNING_REQUIRED = YES;
				CODE_SIGN_IDENTITY = 3D909274B7703CD03F2B29D33E6A9757817B3143;
				CODE_SIGN_STYLE = Manual;
				COPY_PHASE_STRIP = NO;
				DEBUG_INFORMATION_FORMAT = dwarf;
				DEVELOPMENT_TEAM = "";
				ENABLE_APP_SANDBOX = NO;
				ENABLE_HARDENED_RUNTIME = NO;
				ENABLE_STRICT_OBJC_MSGSEND = YES;
				ENABLE_TESTABILITY = YES;
				GCC_C_LANGUAGE_STANDARD = gnu11;
				GCC_DYNAMIC_NO_PIC = NO;
				GCC_NO_COMMON_BLOCKS = YES;
				GCC_OPTIMIZATION_LEVEL = 0;
				GCC_PREPROCESSOR_DEFINITIONS = (
					"DEBUG=1",
					"$(inherited)",
				);
				GCC_WARN_64_TO_32_BIT_CONVERSION = YES;
				GCC_WARN_ABOUT_RETURN_TYPE = YES_ERROR;
				GCC_WARN_UNDECLARED_SELECTOR = YES;
				GCC_WARN_UNINITIALIZED_AUTOS = YES_AGGRESSIVE;
				GCC_WARN_UNUSED_FUNCTION = YES;
				GCC_WARN_UNUSED_VARIABLE = YES;
				MACOSX_DEPLOYMENT_TARGET = 14.0;
				MTL_ENABLE_DEBUG_INFO = INCLUDE_SOURCE;
				MTL_FAST_MATH = YES;
				ONLY_ACTIVE_ARCH = YES;
				PRODUCT_NAME = "$(TARGET_NAME)";
				SWIFT_ACTIVE_COMPILATION_CONDITIONS = DEBUG;
				SWIFT_OPTIMIZATION_LEVEL = "-Onone";
				SWIFT_VERSION = 5.0;
			};
			name = Debug;
		};
		69F84FC413B25E515C31F0EC /* Debug */ = {
			isa = XCBuildConfiguration;
			buildSettings = {
				MACOSX_DEPLOYMENT_TARGET = 14.0;
				PRODUCT_BUNDLE_IDENTIFIER = fr.dimitri.AVoixHaute.cli;
				PRODUCT_NAME = lire;
				SDKROOT = macosx;
				SKIP_INSTALL = YES;
			};
			name = Debug;
		};
		707150FC586D7AA1CE71F07D /* Debug */ = {
			isa = XCBuildConfiguration;
			buildSettings = {
				ASSETCATALOG_COMPILER_APPICON_NAME = AppIcon;
				ASSETCATALOG_COMPILER_GLOBAL_ACCENT_COLOR_NAME = AccentColor;
				COMBINE_HIDPI_IMAGES = YES;
				CURRENT_PROJECT_VERSION = 1;
				INFOPLIST_FILE = Sources/App/Info.plist;
				LD_RUNPATH_SEARCH_PATHS = "$(inherited) @executable_path/../Frameworks";
				MACOSX_DEPLOYMENT_TARGET = 14.0;
				MARKETING_VERSION = 0.1.0;
				PRODUCT_BUNDLE_IDENTIFIER = fr.dimitri.AVoixHaute;
				PRODUCT_NAME = AVoixHaute;
				SDKROOT = macosx;
				SWIFT_MAIN_FILE_IS_TOP_LEVEL_CODE = YES;
			};
			name = Debug;
		};
		9CC521499279C57E0584AB58 /* Debug */ = {
			isa = XCBuildConfiguration;
			buildSettings = {
				BUNDLE_LOADER = "$(TEST_HOST)";
				GENERATE_INFOPLIST_FILE = YES;
				MACOSX_DEPLOYMENT_TARGET = 14.0;
				PRODUCT_BUNDLE_IDENTIFIER = fr.dimitri.AVoixHaute.tests;
				PRODUCT_NAME = AVoixHauteTests;
				SDKROOT = macosx;
				TEST_HOST = "$(BUILT_PRODUCTS_DIR)/AVoixHaute.app/Contents/MacOS/AVoixHaute";
			};
			name = Debug;
		};
		CD1F7CEA2238CFE5B52EB707 /* Release */ = {
			isa = XCBuildConfiguration;
			buildSettings = {
				BUNDLE_LOADER = "$(TEST_HOST)";
				GENERATE_INFOPLIST_FILE = YES;
				MACOSX_DEPLOYMENT_TARGET = 14.0;
				PRODUCT_BUNDLE_IDENTIFIER = fr.dimitri.AVoixHaute.tests;
				PRODUCT_NAME = AVoixHauteTests;
				SDKROOT = macosx;
				TEST_HOST = "$(BUILT_PRODUCTS_DIR)/AVoixHaute.app/Contents/MacOS/AVoixHaute";
			};
			name = Release;
		};
		DEDC961ED4930D5B91E29898 /* Release */ = {
			isa = XCBuildConfiguration;
			buildSettings = {
				MACOSX_DEPLOYMENT_TARGET = 14.0;
				PRODUCT_BUNDLE_IDENTIFIER = fr.dimitri.AVoixHaute.cli;
				PRODUCT_NAME = lire;
				SDKROOT = macosx;
				SKIP_INSTALL = YES;
			};
			name = Release;
		};
		E2272CF520481932729ADB5D /* Release */ = {
			isa = XCBuildConfiguration;
			buildSettings = {
				ALWAYS_SEARCH_USER_PATHS = NO;
				CLANG_ANALYZER_NONNULL = YES;
				CLANG_ANALYZER_NUMBER_OBJECT_CONVERSION = YES_AGGRESSIVE;
				CLANG_CXX_LANGUAGE_STANDARD = "gnu++14";
				CLANG_CXX_LIBRARY = "libc++";
				CLANG_ENABLE_MODULES = YES;
				CLANG_ENABLE_OBJC_ARC = YES;
				CLANG_ENABLE_OBJC_WEAK = YES;
				CLANG_WARN_BLOCK_CAPTURE_AUTORELEASING = YES;
				CLANG_WARN_BOOL_CONVERSION = YES;
				CLANG_WARN_COMMA = YES;
				CLANG_WARN_CONSTANT_CONVERSION = YES;
				CLANG_WARN_DEPRECATED_OBJC_IMPLEMENTATIONS = YES;
				CLANG_WARN_DIRECT_OBJC_ISA_USAGE = YES_ERROR;
				CLANG_WARN_DOCUMENTATION_COMMENTS = YES;
				CLANG_WARN_EMPTY_BODY = YES;
				CLANG_WARN_ENUM_CONVERSION = YES;
				CLANG_WARN_INFINITE_RECURSION = YES;
				CLANG_WARN_INT_CONVERSION = YES;
				CLANG_WARN_NON_LITERAL_NULL_CONVERSION = YES;
				CLANG_WARN_OBJC_IMPLICIT_RETAIN_SELF = YES;
				CLANG_WARN_OBJC_LITERAL_CONVERSION = YES;
				CLANG_WARN_OBJC_ROOT_CLASS = YES_ERROR;
				CLANG_WARN_QUOTED_INCLUDE_IN_FRAMEWORK_HEADER = YES;
				CLANG_WARN_RANGE_LOOP_ANALYSIS = YES;
				CLANG_WARN_STRICT_PROTOTYPES = YES;
				CLANG_WARN_SUSPICIOUS_MOVE = YES;
				CLANG_WARN_UNGUARDED_AVAILABILITY = YES_AGGRESSIVE;
				CLANG_WARN_UNREACHABLE_CODE = YES;
				CLANG_WARN__DUPLICATE_METHOD_MATCH = YES;
				CODE_SIGNING_ALLOWED = YES;
				CODE_SIGNING_REQUIRED = YES;
				CODE_SIGN_IDENTITY = 3D909274B7703CD03F2B29D33E6A9757817B3143;
				CODE_SIGN_STYLE = Manual;
				COPY_PHASE_STRIP = NO;
				DEBUG_INFORMATION_FORMAT = "dwarf-with-dsym";
				DEVELOPMENT_TEAM = "";
				ENABLE_APP_SANDBOX = NO;
				ENABLE_HARDENED_RUNTIME = NO;
				ENABLE_NS_ASSERTIONS = NO;
				ENABLE_STRICT_OBJC_MSGSEND = YES;
				GCC_C_LANGUAGE_STANDARD = gnu11;
				GCC_NO_COMMON_BLOCKS = YES;
				GCC_WARN_64_TO_32_BIT_CONVERSION = YES;
				GCC_WARN_ABOUT_RETURN_TYPE = YES_ERROR;
				GCC_WARN_UNDECLARED_SELECTOR = YES;
				GCC_WARN_UNINITIALIZED_AUTOS = YES_AGGRESSIVE;
				GCC_WARN_UNUSED_FUNCTION = YES;
				GCC_WARN_UNUSED_VARIABLE = YES;
				MACOSX_DEPLOYMENT_TARGET = 14.0;
				MTL_ENABLE_DEBUG_INFO = NO;
				MTL_FAST_MATH = YES;
				PRODUCT_NAME = "$(TARGET_NAME)";
				SWIFT_COMPILATION_MODE = wholemodule;
				SWIFT_OPTIMIZATION_LEVEL = "-O";
				SWIFT_VERSION = 5.0;
			};
			name = Release;
		};
		F28FE0A47C4C48F67752A542 /* Release */ = {
			isa = XCBuildConfiguration;
			buildSettings = {
				ASSETCATALOG_COMPILER_APPICON_NAME = AppIcon;
				ASSETCATALOG_COMPILER_GLOBAL_ACCENT_COLOR_NAME = AccentColor;
				COMBINE_HIDPI_IMAGES = YES;
				CURRENT_PROJECT_VERSION = 1;
				INFOPLIST_FILE = Sources/App/Info.plist;
				LD_RUNPATH_SEARCH_PATHS = "$(inherited) @executable_path/../Frameworks";
				MACOSX_DEPLOYMENT_TARGET = 14.0;
				MARKETING_VERSION = 0.1.0;
				PRODUCT_BUNDLE_IDENTIFIER = fr.dimitri.AVoixHaute;
				PRODUCT_NAME = AVoixHaute;
				SDKROOT = macosx;
				SWIFT_MAIN_FILE_IS_TOP_LEVEL_CODE = YES;
			};
			name = Release;
		};
/* End XCBuildConfiguration section */

/* Begin XCConfigurationList section */
		39ACEEB5E5DB7127ADC278B8 /* Build configuration list for PBXNativeTarget "AVoixHaute" */ = {
			isa = XCConfigurationList;
			buildConfigurations = (
				F28FE0A47C4C48F67752A542 /* Release */,
				707150FC586D7AA1CE71F07D /* Debug */,
			);
			defaultConfigurationIsVisible = 0;
			defaultConfigurationName = Release;
		};
		55AEB9D58AF796DAE7E6DD83 /* Build configuration list for PBXNativeTarget "AVoixHauteTests" */ = {
			isa = XCConfigurationList;
			buildConfigurations = (
				CD1F7CEA2238CFE5B52EB707 /* Release */,
				9CC521499279C57E0584AB58 /* Debug */,
			);
			defaultConfigurationIsVisible = 0;
			defaultConfigurationName = Release;
		};
		8E74A0A2EE6D5766D4C39531 /* Build configuration list for PBXProject "AVoixHaute" */ = {
			isa = XCConfigurationList;
			buildConfigurations = (
				408D04AA1DEED0DC537D34C1 /* Debug */,
				E2272CF520481932729ADB5D /* Release */,
			);
			defaultConfigurationIsVisible = 0;
			defaultConfigurationName = Release;
		};
		9163B43299D933F57CF4058D /* Build configuration list for PBXNativeTarget "lire" */ = {
			isa = XCConfigurationList;
			buildConfigurations = (
				DEDC961ED4930D5B91E29898 /* Release */,
				69F84FC413B25E515C31F0EC /* Debug */,
			);
			defaultConfigurationIsVisible = 0;
			defaultConfigurationName = Release;
		};
/* End XCConfigurationList section */
	};
	rootObject = 38E919A8597ADA15FF63CC40 /* Project object */;
}
