// !$*UTF8*$!
{
	archiveVersion = 1;
	classes = {
	};
	objectVersion = 46;
	objects = {

/* Begin PBXBuildFile section */
		01E9461B16BA3EF1A6E5703F /* IntegrationIA.swift in Sources */ = {isa = PBXBuildFile; fileRef = 1E04880834CEB9A7179866C2 /* IntegrationIA.swift */; };
		066886F9524EEA98E5760408 /* Localizable.strings in Resources */ = {isa = PBXBuildFile; fileRef = DC4156259E8F9D39091238A9 /* Localizable.strings */; };
		0848B402B7D6FA8FEB72B65A /* competence-lire.md in Resources */ = {isa = PBXBuildFile; fileRef = 44603615489B754CB519BEA5 /* competence-lire.md */; };
		0F3D38A75A157528BA490B28 /* DetecteurLangue.swift in Sources */ = {isa = PBXBuildFile; fileRef = 654153C8CC2829DDE697C541 /* DetecteurLangue.swift */; };
		1173EEADEFD2D6DAA97B0647 /* commande-lire.md in Resources */ = {isa = PBXBuildFile; fileRef = F359A60CFCCFE782EBEFC3BF /* commande-lire.md */; };
		1272FAD51A5201EC184935A0 /* main.swift in Sources */ = {isa = PBXBuildFile; fileRef = A913EF0C7343A944EBFF95D9 /* main.swift */; };
		13129F567EECFC3AABBAE7C8 /* CaptureSelection.swift in Sources */ = {isa = PBXBuildFile; fileRef = B1B2BEE69FBD4400C849A579 /* CaptureSelection.swift */; };
		131C7F9D91D317CA79EC6A3A /* lire in Copier le helper CLI */ = {isa = PBXBuildFile; fileRef = 089EBE1F8F57FC32086C39FF /* lire */; };
		173358F8A71A15AE7418118D /* VueBienvenue.swift in Sources */ = {isa = PBXBuildFile; fileRef = 5E03965D839C0676D883FC0E /* VueBienvenue.swift */; };
		1ACD106199C7AAFFD2070D2B /* LICENSE.txt in Resources */ = {isa = PBXBuildFile; fileRef = AEA697B51188F416806C883C /* LICENSE.txt */; };
		1C907AFC922B1FF3A7959372 /* Cocoa.framework in Frameworks */ = {isa = PBXBuildFile; fileRef = 59DED829A879FBDE28FADCE2 /* Cocoa.framework */; };
		1E15B49FDAC90BDFF6E04F63 /* competence-lire.md in Resources */ = {isa = PBXBuildFile; fileRef = DFCB119710FAD2282D3DE23E /* competence-lire.md */; };
		22A3FB7C2C84DF28492DCE4B /* Lecteur.swift in Sources */ = {isa = PBXBuildFile; fileRef = 8387C5A82A2E183312DA5E78 /* Lecteur.swift */; };
		266C0614A256D9D227F927DE /* ReglagesTests.swift in Sources */ = {isa = PBXBuildFile; fileRef = 7C0CC2B0B3013A29833E4EB8 /* ReglagesTests.swift */; };
		2ED535424744B7A67C2127F1 /* Reglages.swift in Sources */ = {isa = PBXBuildFile; fileRef = 7097974D047FA9E3DF48332D /* Reglages.swift */; };
		2F1DA14838FE0DD6D86828A0 /* ServeurSocket.swift in Sources */ = {isa = PBXBuildFile; fileRef = AF93313526CCB2B27E24ABDC /* ServeurSocket.swift */; };
		31211608AD2C06D0D5DCC316 /* ProtocoleSocket.swift in Sources */ = {isa = PBXBuildFile; fileRef = 845AB64CD89596A09A09C85A /* ProtocoleSocket.swift */; };
		31EB7456FE3309E22A910603 /* commande-lire.md in Resources */ = {isa = PBXBuildFile; fileRef = 25E8251D78C9EFCD896DDE4E /* commande-lire.md */; };
		3523E6E84B9DB386BA1B6F33 /* InfoPlist.strings in Resources */ = {isa = PBXBuildFile; fileRef = 78BDB40C8EEF658F41426361 /* InfoPlist.strings */; };
		3DE36E349CB6080465D86308 /* Cocoa.framework in Frameworks */ = {isa = PBXBuildFile; fileRef = 59DED829A879FBDE28FADCE2 /* Cocoa.framework */; };
		429A25EAFEA11AD527D7FC37 /* Journal.swift in Sources */ = {isa = PBXBuildFile; fileRef = 1219E948C118ADDA16C1C553 /* Journal.swift */; };
		42EEE578DB87A35728FCA00E /* GestionnaireLecteurs.swift in Sources */ = {isa = PBXBuildFile; fileRef = F0A5837464B55464845BFD19 /* GestionnaireLecteurs.swift */; };
		44A71DD908735F5C28D47FCA /* Cocoa.framework in Frameworks */ = {isa = PBXBuildFile; fileRef = 59DED829A879FBDE28FADCE2 /* Cocoa.framework */; };
		4D49F4BB5BC5C23DBDA50B87 /* VueMiseAJour.swift in Sources */ = {isa = PBXBuildFile; fileRef = 185D5830DD7D36FA3CF302DD /* VueMiseAJour.swift */; };
		571C568D642A18328282C37D /* MoteurSay.swift in Sources */ = {isa = PBXBuildFile; fileRef = 2A252DCA3ECB82186932412B /* MoteurSay.swift */; };
		592287100C95401C3C90F099 /* LICENSE.txt in Resources */ = {isa = PBXBuildFile; fileRef = 099C625E91D660E6078332B5 /* LICENSE.txt */; };
		594277FC63A4160AF21CCAC8 /* competence-lire.md in Resources */ = {isa = PBXBuildFile; fileRef = 8FAC2D20B4870D9FB43D5B77 /* competence-lire.md */; };
		5D411DE51226C8CD89A024B0 /* commande-lire.md in Resources */ = {isa = PBXBuildFile; fileRef = 251BA979B845359ED0483359 /* commande-lire.md */; };
		608E18617633E01F0860F421 /* DelegueApplication.swift in Sources */ = {isa = PBXBuildFile; fileRef = B52311AD1DE78DDE2954314E /* DelegueApplication.swift */; };
		6478E663920E18B3C8DD29F9 /* InstallationSysteme.swift in Sources */ = {isa = PBXBuildFile; fileRef = 53AC55C378D1903512C703D7 /* InstallationSysteme.swift */; };
		66CFBE34789A815213376C72 /* CatalogueVoix.swift in Sources */ = {isa = PBXBuildFile; fileRef = 5BBDFF6D6B0ED9B6617283D9 /* CatalogueVoix.swift */; };
		706EF78B612E0C5D86BB471C /* InfoPlist.strings in Resources */ = {isa = PBXBuildFile; fileRef = 81776A7C14EDEC5CF06F7F42 /* InfoPlist.strings */; };
		707946B23993D616A44D3245 /* MoteurSynthese.swift in Sources */ = {isa = PBXBuildFile; fileRef = 466B95DDECDC97A7E646A73E /* MoteurSynthese.swift */; };
		7A4145D687CF007DF0DEC35F /* InfoPlist.strings in Resources */ = {isa = PBXBuildFile; fileRef = 0B8F779F9E0B32ABF4D5781F /* InfoPlist.strings */; };
		7D9D65C13C94E57DB4B7436E /* competence-lire.md in Resources */ = {isa = PBXBuildFile; fileRef = 11DEBB28414A67DD1A9F3330 /* competence-lire.md */; };
		83DCD8329DF32283E80800A4 /* main.swift in Sources */ = {isa = PBXBuildFile; fileRef = F5B95FDD2EB2AAB91A121F13 /* main.swift */; };
		8410CE628E3CBE981406329B /* commande-lire.md in Resources */ = {isa = PBXBuildFile; fileRef = CF8CD714C79716734400AAB1 /* commande-lire.md */; };
		85226FBE186BD7B89DA5756F /* FournisseurService.swift in Sources */ = {isa = PBXBuildFile; fileRef = 31CCB4CC1074DA957857758B /* FournisseurService.swift */; };
		85649BADA970FF62423A0903 /* AVoixHaute.icns in Resources */ = {isa = PBXBuildFile; fileRef = 305F52E33459ECD477282D81 /* AVoixHaute.icns */; };
		91607302B8E6FD86B5EA2D1D /* VueReglages.swift in Sources */ = {isa = PBXBuildFile; fileRef = D05D29830DC2F05EE5B3A496 /* VueReglages.swift */; };
		9AE65FCA590B7D65E290B263 /* LICENSE.txt in Resources */ = {isa = PBXBuildFile; fileRef = F8D82F427B86634073D8215F /* LICENSE.txt */; };
		9D4A1AC58150E9880E17278B /* commande-lire.md in Resources */ = {isa = PBXBuildFile; fileRef = A82AB68A6497B2CAA7F3C897 /* commande-lire.md */; };
		A2891C93E3964992DA04BA58 /* LICENSE.txt in Resources */ = {isa = PBXBuildFile; fileRef = DCE5D6346A771BF455BC2F8F /* LICENSE.txt */; };
		A6B12CDF3A0B6777A048CB51 /* Localizable.strings in Resources */ = {isa = PBXBuildFile; fileRef = F43A2AE99F6297CBFAAEBB9E /* Localizable.strings */; };
		AF8A4A162CFF73801968EFD3 /* Localizable.strings in Resources */ = {isa = PBXBuildFile; fileRef = F2B94E962E29EA969FC53E5C /* Localizable.strings */; };
		B16967762F1DC4282A9BD83F /* VueIntegrations.swift in Sources */ = {isa = PBXBuildFile; fileRef = F2FE20A73D00973D9382E6B9 /* VueIntegrations.swift */; };
		B2C9F81DF1301975254F4815 /* Traduction.swift in Sources */ = {isa = PBXBuildFile; fileRef = 041507EA4BF6FD7F64694A5A /* Traduction.swift */; };
		B6F0888642FA6BD8673DAA43 /* GestionnaireFichiersTemp.swift in Sources */ = {isa = PBXBuildFile; fileRef = 1B5489A6DAC2D230C2F3BA31 /* GestionnaireFichiersTemp.swift */; };
		B7154B3C32FC919097DCD032 /* LICENSE.txt in Resources */ = {isa = PBXBuildFile; fileRef = 436D358BC0397A93893AC000 /* LICENSE.txt */; };
		B883C824144DD1AC7B7341FD /* RaccourciGlobal.swift in Sources */ = {isa = PBXBuildFile; fileRef = 0702FC7F553E5C443390AFD6 /* RaccourciGlobal.swift */; };
		C751EEFD365A98BD93F9A7CD /* Localizable.strings in Resources */ = {isa = PBXBuildFile; fileRef = 32CEE0A8BA03C198D08F0A83 /* Localizable.strings */; };
		C8AAA383F3DF1498EBB75A1B /* competence-lire.md in Resources */ = {isa = PBXBuildFile; fileRef = FDE8FF1F507A984718D29D3B /* competence-lire.md */; };
		CAC728D9AB824BEB47A40328 /* commande-lire.md in Resources */ = {isa = PBXBuildFile; fileRef = 6D4002476576CCA44F9DDC91 /* commande-lire.md */; };
		D2857411D1D8554D62A904A0 /* competence-lire.md in Resources */ = {isa = PBXBuildFile; fileRef = 82FA611E2E8D2FB72EFF8AFE /* competence-lire.md */; };
		D3AD3BCD24807C7ADE4A9A14 /* Localizable.strings in Resources */ = {isa = PBXBuildFile; fileRef = 043F58ADC2530F3A22BCE2FA /* Localizable.strings */; };
		D3EA5A1E5BBDE73F09B861C5 /* VerificateurMiseAJour.swift in Sources */ = {isa = PBXBuildFile; fileRef = BBFB7876221EB94E4E788E65 /* VerificateurMiseAJour.swift */; };
		DB1D2D029706AC728488DFA1 /* NettoyeurMarkdown.swift in Sources */ = {isa = PBXBuildFile; fileRef = 5A9A21735EF49EAF89ABB8F0 /* NettoyeurMarkdown.swift */; };
		DD8597374392634EDC76A036 /* MiseAJourTests.swift in Sources */ = {isa = PBXBuildFile; fileRef = 4FF15698BA9E2BF6EDD34312 /* MiseAJourTests.swift */; };
		E07CFBBFD10BC3667AC049AD /* Localizable.strings in Resources */ = {isa = PBXBuildFile; fileRef = 729401FEF6F8433CCBC0C36D /* Localizable.strings */; };
		E4DBD8C29BB5A0F2CCB48660 /* ControleurFenetreLecteur.swift in Sources */ = {isa = PBXBuildFile; fileRef = 9C591757DF2C88F9F38CD510 /* ControleurFenetreLecteur.swift */; };
		E70420E6D134840826077D37 /* LICENSE.txt in Resources */ = {isa = PBXBuildFile; fileRef = 66AEBC1B6481026D8329413B /* LICENSE.txt */; };
		F2EFEEEAD6516CEC1228D9B0 /* NettoyeurMarkdownTests.swift in Sources */ = {isa = PBXBuildFile; fileRef = 2BB49A066C2C2A62BF5616B8 /* NettoyeurMarkdownTests.swift */; };
		F3752ECBC34E12DBEAF7A456 /* FenetreFlottante.swift in Sources */ = {isa = PBXBuildFile; fileRef = 8D900EBCC8F3A165C87634F2 /* FenetreFlottante.swift */; };
		F506D76B4CBBD1DEFAF48D8E /* VueLecteur.swift in Sources */ = {isa = PBXBuildFile; fileRef = AC150E4FE9483A0C6E5FAD1C /* VueLecteur.swift */; };
		F961A8EA7E1E6DFF999B0C3C /* InfoPlist.strings in Resources */ = {isa = PBXBuildFile; fileRef = C72A478390F81559CD9ED211 /* InfoPlist.strings */; };
		FB9EE4086E20CCD2C9CC1095 /* InfoPlist.strings in Resources */ = {isa = PBXBuildFile; fileRef = B4E4A1DC4B2B340D5F575C39 /* InfoPlist.strings */; };
		FC154DCC871E45FECBE06AEA /* InfoPlist.strings in Resources */ = {isa = PBXBuildFile; fileRef = A760D081DB646413E8731422 /* InfoPlist.strings */; };
/* End PBXBuildFile section */

/* Begin PBXContainerItemProxy section */
		98761A8FA80C6B7C4BB64745 /* PBXContainerItemProxy */ = {
			isa = PBXContainerItemProxy;
			containerPortal = 5056F8F7FC70325F34B44FB6 /* Project object */;
			proxyType = 1;
			remoteGlobalIDString = 7915C6218973BC2F6FF5AA3E;
			remoteInfo = lire;
		};
		AA151FC56F105728F257F53B /* PBXContainerItemProxy */ = {
			isa = PBXContainerItemProxy;
			containerPortal = 5056F8F7FC70325F34B44FB6 /* Project object */;
			proxyType = 1;
			remoteGlobalIDString = FE5838B7E66AF59AC1A9D154;
			remoteInfo = AVoixHaute;
		};
/* End PBXContainerItemProxy section */

/* Begin PBXCopyFilesBuildPhase section */
		A75304DBCCEAAFB04353C33B /* Copier le helper CLI */ = {
			isa = PBXCopyFilesBuildPhase;
			buildActionMask = 2147483647;
			dstPath = "";
			dstSubfolderSpec = 7;
			files = (
				131C7F9D91D317CA79EC6A3A /* lire in Copier le helper CLI */,
			);
			name = "Copier le helper CLI";
			runOnlyForDeploymentPostprocessing = 0;
		};
/* End PBXCopyFilesBuildPhase section */

/* Begin PBXFileReference section */
		041507EA4BF6FD7F64694A5A /* Traduction.swift */ = {isa = PBXFileReference; includeInIndex = 1; lastKnownFileType = sourcecode.swift; path = Traduction.swift; sourceTree = "<group>"; };
		043F58ADC2530F3A22BCE2FA /* Localizable.strings */ = {isa = PBXFileReference; includeInIndex = 1; lastKnownFileType = text.plist.strings; name = Localizable.strings; path = it.lproj/Localizable.strings; sourceTree = "<group>"; };
		0702FC7F553E5C443390AFD6 /* RaccourciGlobal.swift */ = {isa = PBXFileReference; includeInIndex = 1; lastKnownFileType = sourcecode.swift; path = RaccourciGlobal.swift; sourceTree = "<group>"; };
		089EBE1F8F57FC32086C39FF /* lire */ = {isa = PBXFileReference; includeInIndex = 0; path = lire; sourceTree = BUILT_PRODUCTS_DIR; };
		099C625E91D660E6078332B5 /* LICENSE.txt */ = {isa = PBXFileReference; includeInIndex = 1; name = LICENSE.txt; path = de.lproj/LICENSE.txt; sourceTree = "<group>"; };
		0B8F779F9E0B32ABF4D5781F /* InfoPlist.strings */ = {isa = PBXFileReference; includeInIndex = 1; lastKnownFileType = text.plist.strings; name = InfoPlist.strings; path = es.lproj/InfoPlist.strings; sourceTree = "<group>"; };
		11DEBB28414A67DD1A9F3330 /* competence-lire.md */ = {isa = PBXFileReference; includeInIndex = 1; name = "competence-lire.md"; path = "de.lproj/competence-lire.md"; sourceTree = "<group>"; };
		1219E948C118ADDA16C1C553 /* Journal.swift */ = {isa = PBXFileReference; includeInIndex = 1; lastKnownFileType = sourcecode.swift; path = Journal.swift; sourceTree = "<group>"; };
		185D5830DD7D36FA3CF302DD /* VueMiseAJour.swift */ = {isa = PBXFileReference; includeInIndex = 1; lastKnownFileType = sourcecode.swift; path = VueMiseAJour.swift; sourceTree = "<group>"; };
		1B5489A6DAC2D230C2F3BA31 /* GestionnaireFichiersTemp.swift */ = {isa = PBXFileReference; includeInIndex = 1; lastKnownFileType = sourcecode.swift; path = GestionnaireFichiersTemp.swift; sourceTree = "<group>"; };
		1E04880834CEB9A7179866C2 /* IntegrationIA.swift */ = {isa = PBXFileReference; includeInIndex = 1; lastKnownFileType = sourcecode.swift; path = IntegrationIA.swift; sourceTree = "<group>"; };
		251BA979B845359ED0483359 /* commande-lire.md */ = {isa = PBXFileReference; includeInIndex = 1; name = "commande-lire.md"; path = "fr.lproj/commande-lire.md"; sourceTree = "<group>"; };
		25E8251D78C9EFCD896DDE4E /* commande-lire.md */ = {isa = PBXFileReference; includeInIndex = 1; name = "commande-lire.md"; path = "de.lproj/commande-lire.md"; sourceTree = "<group>"; };
		2A252DCA3ECB82186932412B /* MoteurSay.swift */ = {isa = PBXFileReference; includeInIndex = 1; lastKnownFileType = sourcecode.swift; path = MoteurSay.swift; sourceTree = "<group>"; };
		2BB49A066C2C2A62BF5616B8 /* NettoyeurMarkdownTests.swift */ = {isa = PBXFileReference; includeInIndex = 1; lastKnownFileType = sourcecode.swift; path = NettoyeurMarkdownTests.swift; sourceTree = "<group>"; };
		305F52E33459ECD477282D81 /* AVoixHaute.icns */ = {isa = PBXFileReference; includeInIndex = 1; path = AVoixHaute.icns; sourceTree = "<group>"; };
		31CCB4CC1074DA957857758B /* FournisseurService.swift */ = {isa = PBXFileReference; includeInIndex = 1; lastKnownFileType = sourcecode.swift; path = FournisseurService.swift; sourceTree = "<group>"; };
		32CEE0A8BA03C198D08F0A83 /* Localizable.strings */ = {isa = PBXFileReference; includeInIndex = 1; lastKnownFileType = text.plist.strings; name = Localizable.strings; path = de.lproj/Localizable.strings; sourceTree = "<group>"; };
		436D358BC0397A93893AC000 /* LICENSE.txt */ = {isa = PBXFileReference; includeInIndex = 1; name = LICENSE.txt; path = es.lproj/LICENSE.txt; sourceTree = "<group>"; };
		44603615489B754CB519BEA5 /* competence-lire.md */ = {isa = PBXFileReference; includeInIndex = 1; name = "competence-lire.md"; path = "pt.lproj/competence-lire.md"; sourceTree = "<group>"; };
		466B95DDECDC97A7E646A73E /* MoteurSynthese.swift */ = {isa = PBXFileReference; includeInIndex = 1; lastKnownFileType = sourcecode.swift; path = MoteurSynthese.swift; sourceTree = "<group>"; };
		4FF15698BA9E2BF6EDD34312 /* MiseAJourTests.swift */ = {isa = PBXFileReference; includeInIndex = 1; lastKnownFileType = sourcecode.swift; path = MiseAJourTests.swift; sourceTree = "<group>"; };
		53AC55C378D1903512C703D7 /* InstallationSysteme.swift */ = {isa = PBXFileReference; includeInIndex = 1; lastKnownFileType = sourcecode.swift; path = InstallationSysteme.swift; sourceTree = "<group>"; };
		59DED829A879FBDE28FADCE2 /* Cocoa.framework */ = {isa = PBXFileReference; lastKnownFileType = wrapper.framework; name = Cocoa.framework; path = Platforms/MacOSX.platform/Developer/SDKs/MacOSX10.15.sdk/System/Library/Frameworks/Cocoa.framework; sourceTree = DEVELOPER_DIR; };
		5A9A21735EF49EAF89ABB8F0 /* NettoyeurMarkdown.swift */ = {isa = PBXFileReference; includeInIndex = 1; lastKnownFileType = sourcecode.swift; path = NettoyeurMarkdown.swift; sourceTree = "<group>"; };
		5BBDFF6D6B0ED9B6617283D9 /* CatalogueVoix.swift */ = {isa = PBXFileReference; includeInIndex = 1; lastKnownFileType = sourcecode.swift; path = CatalogueVoix.swift; sourceTree = "<group>"; };
		5E03965D839C0676D883FC0E /* VueBienvenue.swift */ = {isa = PBXFileReference; includeInIndex = 1; lastKnownFileType = sourcecode.swift; path = VueBienvenue.swift; sourceTree = "<group>"; };
		654153C8CC2829DDE697C541 /* DetecteurLangue.swift */ = {isa = PBXFileReference; includeInIndex = 1; lastKnownFileType = sourcecode.swift; path = DetecteurLangue.swift; sourceTree = "<group>"; };
		66AEBC1B6481026D8329413B /* LICENSE.txt */ = {isa = PBXFileReference; includeInIndex = 1; name = LICENSE.txt; path = it.lproj/LICENSE.txt; sourceTree = "<group>"; };
		6D4002476576CCA44F9DDC91 /* commande-lire.md */ = {isa = PBXFileReference; includeInIndex = 1; name = "commande-lire.md"; path = "pt.lproj/commande-lire.md"; sourceTree = "<group>"; };
		7097974D047FA9E3DF48332D /* Reglages.swift */ = {isa = PBXFileReference; includeInIndex = 1; lastKnownFileType = sourcecode.swift; path = Reglages.swift; sourceTree = "<group>"; };
		729401FEF6F8433CCBC0C36D /* Localizable.strings */ = {isa = PBXFileReference; includeInIndex = 1; lastKnownFileType = text.plist.strings; name = Localizable.strings; path = pt.lproj/Localizable.strings; sourceTree = "<group>"; };
		78BDB40C8EEF658F41426361 /* InfoPlist.strings */ = {isa = PBXFileReference; includeInIndex = 1; lastKnownFileType = text.plist.strings; name = InfoPlist.strings; path = fr.lproj/InfoPlist.strings; sourceTree = "<group>"; };
		7C0CC2B0B3013A29833E4EB8 /* ReglagesTests.swift */ = {isa = PBXFileReference; includeInIndex = 1; lastKnownFileType = sourcecode.swift; path = ReglagesTests.swift; sourceTree = "<group>"; };
		81776A7C14EDEC5CF06F7F42 /* InfoPlist.strings */ = {isa = PBXFileReference; includeInIndex = 1; lastKnownFileType = text.plist.strings; name = InfoPlist.strings; path = en.lproj/InfoPlist.strings; sourceTree = "<group>"; };
		82FA611E2E8D2FB72EFF8AFE /* competence-lire.md */ = {isa = PBXFileReference; includeInIndex = 1; name = "competence-lire.md"; path = "fr.lproj/competence-lire.md"; sourceTree = "<group>"; };
		8387C5A82A2E183312DA5E78 /* Lecteur.swift */ = {isa = PBXFileReference; includeInIndex = 1; lastKnownFileType = sourcecode.swift; path = Lecteur.swift; sourceTree = "<group>"; };
		845AB64CD89596A09A09C85A /* ProtocoleSocket.swift */ = {isa = PBXFileReference; includeInIndex = 1; lastKnownFileType = sourcecode.swift; path = ProtocoleSocket.swift; sourceTree = "<group>"; };
		8D900EBCC8F3A165C87634F2 /* FenetreFlottante.swift */ = {isa = PBXFileReference; includeInIndex = 1; lastKnownFileType = sourcecode.swift; path = FenetreFlottante.swift; sourceTree = "<group>"; };
		8FAC2D20B4870D9FB43D5B77 /* competence-lire.md */ = {isa = PBXFileReference; includeInIndex = 1; name = "competence-lire.md"; path = "en.lproj/competence-lire.md"; sourceTree = "<group>"; };
		9C591757DF2C88F9F38CD510 /* ControleurFenetreLecteur.swift */ = {isa = PBXFileReference; includeInIndex = 1; lastKnownFileType = sourcecode.swift; path = ControleurFenetreLecteur.swift; sourceTree = "<group>"; };
		A760D081DB646413E8731422 /* InfoPlist.strings */ = {isa = PBXFileReference; includeInIndex = 1; lastKnownFileType = text.plist.strings; name = InfoPlist.strings; path = pt.lproj/InfoPlist.strings; sourceTree = "<group>"; };
		A82AB68A6497B2CAA7F3C897 /* commande-lire.md */ = {isa = PBXFileReference; includeInIndex = 1; name = "commande-lire.md"; path = "en.lproj/commande-lire.md"; sourceTree = "<group>"; };
		A913EF0C7343A944EBFF95D9 /* main.swift */ = {isa = PBXFileReference; includeInIndex = 1; lastKnownFileType = sourcecode.swift; path = main.swift; sourceTree = "<group>"; };
		AC150E4FE9483A0C6E5FAD1C /* VueLecteur.swift */ = {isa = PBXFileReference; includeInIndex = 1; lastKnownFileType = sourcecode.swift; path = VueLecteur.swift; sourceTree = "<group>"; };
		AEA697B51188F416806C883C /* LICENSE.txt */ = {isa = PBXFileReference; includeInIndex = 1; name = LICENSE.txt; path = en.lproj/LICENSE.txt; sourceTree = "<group>"; };
		AF93313526CCB2B27E24ABDC /* ServeurSocket.swift */ = {isa = PBXFileReference; includeInIndex = 1; lastKnownFileType = sourcecode.swift; path = ServeurSocket.swift; sourceTree = "<group>"; };
		B1B2BEE69FBD4400C849A579 /* CaptureSelection.swift */ = {isa = PBXFileReference; includeInIndex = 1; lastKnownFileType = sourcecode.swift; path = CaptureSelection.swift; sourceTree = "<group>"; };
		B4E4A1DC4B2B340D5F575C39 /* InfoPlist.strings */ = {isa = PBXFileReference; includeInIndex = 1; lastKnownFileType = text.plist.strings; name = InfoPlist.strings; path = de.lproj/InfoPlist.strings; sourceTree = "<group>"; };
		B52311AD1DE78DDE2954314E /* DelegueApplication.swift */ = {isa = PBXFileReference; includeInIndex = 1; lastKnownFileType = sourcecode.swift; path = DelegueApplication.swift; sourceTree = "<group>"; };
		BBFB7876221EB94E4E788E65 /* VerificateurMiseAJour.swift */ = {isa = PBXFileReference; includeInIndex = 1; lastKnownFileType = sourcecode.swift; path = VerificateurMiseAJour.swift; sourceTree = "<group>"; };
		C72A478390F81559CD9ED211 /* InfoPlist.strings */ = {isa = PBXFileReference; includeInIndex = 1; lastKnownFileType = text.plist.strings; name = InfoPlist.strings; path = it.lproj/InfoPlist.strings; sourceTree = "<group>"; };
		C7E1E40C933254CD768A5037 /* AVoixHaute.app */ = {isa = PBXFileReference; explicitFileType = wrapper.application; includeInIndex = 0; path = AVoixHaute.app; sourceTree = BUILT_PRODUCTS_DIR; };
		CF8CD714C79716734400AAB1 /* commande-lire.md */ = {isa = PBXFileReference; includeInIndex = 1; name = "commande-lire.md"; path = "it.lproj/commande-lire.md"; sourceTree = "<group>"; };
		D05D29830DC2F05EE5B3A496 /* VueReglages.swift */ = {isa = PBXFileReference; includeInIndex = 1; lastKnownFileType = sourcecode.swift; path = VueReglages.swift; sourceTree = "<group>"; };
		D36F6E8F096FD1F75BB792CB /* AVoixHauteTests.xctest */ = {isa = PBXFileReference; explicitFileType = wrapper.cfbundle; includeInIndex = 0; path = AVoixHauteTests.xctest; sourceTree = BUILT_PRODUCTS_DIR; };
		DC4156259E8F9D39091238A9 /* Localizable.strings */ = {isa = PBXFileReference; includeInIndex = 1; lastKnownFileType = text.plist.strings; name = Localizable.strings; path = fr.lproj/Localizable.strings; sourceTree = "<group>"; };
		DCE5D6346A771BF455BC2F8F /* LICENSE.txt */ = {isa = PBXFileReference; includeInIndex = 1; name = LICENSE.txt; path = pt.lproj/LICENSE.txt; sourceTree = "<group>"; };
		DFCB119710FAD2282D3DE23E /* competence-lire.md */ = {isa = PBXFileReference; includeInIndex = 1; name = "competence-lire.md"; path = "es.lproj/competence-lire.md"; sourceTree = "<group>"; };
		F0A5837464B55464845BFD19 /* GestionnaireLecteurs.swift */ = {isa = PBXFileReference; includeInIndex = 1; lastKnownFileType = sourcecode.swift; path = GestionnaireLecteurs.swift; sourceTree = "<group>"; };
		F2B94E962E29EA969FC53E5C /* Localizable.strings */ = {isa = PBXFileReference; includeInIndex = 1; lastKnownFileType = text.plist.strings; name = Localizable.strings; path = en.lproj/Localizable.strings; sourceTree = "<group>"; };
		F2FE20A73D00973D9382E6B9 /* VueIntegrations.swift */ = {isa = PBXFileReference; includeInIndex = 1; lastKnownFileType = sourcecode.swift; path = VueIntegrations.swift; sourceTree = "<group>"; };
		F359A60CFCCFE782EBEFC3BF /* commande-lire.md */ = {isa = PBXFileReference; includeInIndex = 1; name = "commande-lire.md"; path = "es.lproj/commande-lire.md"; sourceTree = "<group>"; };
		F43A2AE99F6297CBFAAEBB9E /* Localizable.strings */ = {isa = PBXFileReference; includeInIndex = 1; lastKnownFileType = text.plist.strings; name = Localizable.strings; path = es.lproj/Localizable.strings; sourceTree = "<group>"; };
		F5B95FDD2EB2AAB91A121F13 /* main.swift */ = {isa = PBXFileReference; includeInIndex = 1; lastKnownFileType = sourcecode.swift; path = main.swift; sourceTree = "<group>"; };
		F8D82F427B86634073D8215F /* LICENSE.txt */ = {isa = PBXFileReference; includeInIndex = 1; name = LICENSE.txt; path = fr.lproj/LICENSE.txt; sourceTree = "<group>"; };
		FDE8FF1F507A984718D29D3B /* competence-lire.md */ = {isa = PBXFileReference; includeInIndex = 1; name = "competence-lire.md"; path = "it.lproj/competence-lire.md"; sourceTree = "<group>"; };
/* End PBXFileReference section */

/* Begin PBXFrameworksBuildPhase section */
		3A36425B5D13126EE4449EF8 /* Frameworks */ = {
			isa = PBXFrameworksBuildPhase;
			buildActionMask = 2147483647;
			files = (
				3DE36E349CB6080465D86308 /* Cocoa.framework in Frameworks */,
			);
			runOnlyForDeploymentPostprocessing = 0;
		};
		D16F60225E826951089EBDE1 /* Frameworks */ = {
			isa = PBXFrameworksBuildPhase;
			buildActionMask = 2147483647;
			files = (
				1C907AFC922B1FF3A7959372 /* Cocoa.framework in Frameworks */,
			);
			runOnlyForDeploymentPostprocessing = 0;
		};
		EB1AFF04A52BD452323AB2C0 /* Frameworks */ = {
			isa = PBXFrameworksBuildPhase;
			buildActionMask = 2147483647;
			files = (
				44A71DD908735F5C28D47FCA /* Cocoa.framework in Frameworks */,
			);
			runOnlyForDeploymentPostprocessing = 0;
		};
/* End PBXFrameworksBuildPhase section */

/* Begin PBXGroup section */
		24657DFC703C272654EBA992 /* Products */ = {
			isa = PBXGroup;
			children = (
				C7E1E40C933254CD768A5037 /* AVoixHaute.app */,
				089EBE1F8F57FC32086C39FF /* lire */,
				D36F6E8F096FD1F75BB792CB /* AVoixHauteTests.xctest */,
			);
			name = Products;
			sourceTree = "<group>";
		};
		4A741371308C5721EB86BC6C /* OS X */ = {
			isa = PBXGroup;
			children = (
				59DED829A879FBDE28FADCE2 /* Cocoa.framework */,
			);
			name = "OS X";
			sourceTree = "<group>";
		};
		4D465514BBCFDB6B8A71EDA9 = {
			isa = PBXGroup;
			children = (
				24657DFC703C272654EBA992 /* Products */,
				672F8E6702044274A4B09B66 /* Frameworks */,
				B4D8CC2432904A505545395D /* Sources */,
				A7FA67DA50B0F2BBC851DBE9 /* SourcesCLI */,
				6AD5968F27F63BC5CE55163C /* Tests */,
				6FF97F1766979A800DAD636F /* Ressources */,
			);
			sourceTree = "<group>";
		};
		50501F6EFC5D3888C3544CA8 /* App */ = {
			isa = PBXGroup;
			children = (
				B52311AD1DE78DDE2954314E /* DelegueApplication.swift */,
				A913EF0C7343A944EBFF95D9 /* main.swift */,
			);
			name = App;
			path = App;
			sourceTree = "<group>";
		};
		565F2C40520191FE22F3D4D2 /* Entree */ = {
			isa = PBXGroup;
			children = (
				B1B2BEE69FBD4400C849A579 /* CaptureSelection.swift */,
				31CCB4CC1074DA957857758B /* FournisseurService.swift */,
				845AB64CD89596A09A09C85A /* ProtocoleSocket.swift */,
				0702FC7F553E5C443390AFD6 /* RaccourciGlobal.swift */,
				AF93313526CCB2B27E24ABDC /* ServeurSocket.swift */,
			);
			name = Entree;
			path = Entree;
			sourceTree = "<group>";
		};
		649305B7F9911844905688A0 /* Reglages */ = {
			isa = PBXGroup;
			children = (
				53AC55C378D1903512C703D7 /* InstallationSysteme.swift */,
				7097974D047FA9E3DF48332D /* Reglages.swift */,
			);
			name = Reglages;
			path = Reglages;
			sourceTree = "<group>";
		};
		672F8E6702044274A4B09B66 /* Frameworks */ = {
			isa = PBXGroup;
			children = (
				4A741371308C5721EB86BC6C /* OS X */,
			);
			name = Frameworks;
			sourceTree = "<group>";
		};
		6AD5968F27F63BC5CE55163C /* Tests */ = {
			isa = PBXGroup;
			children = (
				4FF15698BA9E2BF6EDD34312 /* MiseAJourTests.swift */,
				2BB49A066C2C2A62BF5616B8 /* NettoyeurMarkdownTests.swift */,
				7C0CC2B0B3013A29833E4EB8 /* ReglagesTests.swift */,
			);
			name = Tests;
			path = Tests;
			sourceTree = "<group>";
		};
		6FF97F1766979A800DAD636F /* Ressources */ = {
			isa = PBXGroup;
			children = (
				305F52E33459ECD477282D81 /* AVoixHaute.icns */,
				32CEE0A8BA03C198D08F0A83 /* Localizable.strings */,
				B4E4A1DC4B2B340D5F575C39 /* InfoPlist.strings */,
				25E8251D78C9EFCD896DDE4E /* commande-lire.md */,
				11DEBB28414A67DD1A9F3330 /* competence-lire.md */,
				099C625E91D660E6078332B5 /* LICENSE.txt */,
				F2B94E962E29EA969FC53E5C /* Localizable.strings */,
				81776A7C14EDEC5CF06F7F42 /* InfoPlist.strings */,
				A82AB68A6497B2CAA7F3C897 /* commande-lire.md */,
				8FAC2D20B4870D9FB43D5B77 /* competence-lire.md */,
				AEA697B51188F416806C883C /* LICENSE.txt */,
				F43A2AE99F6297CBFAAEBB9E /* Localizable.strings */,
				0B8F779F9E0B32ABF4D5781F /* InfoPlist.strings */,
				F359A60CFCCFE782EBEFC3BF /* commande-lire.md */,
				DFCB119710FAD2282D3DE23E /* competence-lire.md */,
				436D358BC0397A93893AC000 /* LICENSE.txt */,
				DC4156259E8F9D39091238A9 /* Localizable.strings */,
				78BDB40C8EEF658F41426361 /* InfoPlist.strings */,
				251BA979B845359ED0483359 /* commande-lire.md */,
				82FA611E2E8D2FB72EFF8AFE /* competence-lire.md */,
				F8D82F427B86634073D8215F /* LICENSE.txt */,
				043F58ADC2530F3A22BCE2FA /* Localizable.strings */,
				C72A478390F81559CD9ED211 /* InfoPlist.strings */,
				CF8CD714C79716734400AAB1 /* commande-lire.md */,
				FDE8FF1F507A984718D29D3B /* competence-lire.md */,
				66AEBC1B6481026D8329413B /* LICENSE.txt */,
				729401FEF6F8433CCBC0C36D /* Localizable.strings */,
				A760D081DB646413E8731422 /* InfoPlist.strings */,
				6D4002476576CCA44F9DDC91 /* commande-lire.md */,
				44603615489B754CB519BEA5 /* competence-lire.md */,
				DCE5D6346A771BF455BC2F8F /* LICENSE.txt */,
			);
			name = Ressources;
			path = Ressources;
			sourceTree = "<group>";
		};
		80603AAE1F2ABB7373EB0EBF /* lire */ = {
			isa = PBXGroup;
			children = (
				F5B95FDD2EB2AAB91A121F13 /* main.swift */,
			);
			name = lire;
			path = lire;
			sourceTree = "<group>";
		};
		836AE44955A99C9D50A0CED9 /* Interface */ = {
			isa = PBXGroup;
			children = (
				9C591757DF2C88F9F38CD510 /* ControleurFenetreLecteur.swift */,
				8D900EBCC8F3A165C87634F2 /* FenetreFlottante.swift */,
				5E03965D839C0676D883FC0E /* VueBienvenue.swift */,
				F2FE20A73D00973D9382E6B9 /* VueIntegrations.swift */,
				AC150E4FE9483A0C6E5FAD1C /* VueLecteur.swift */,
				185D5830DD7D36FA3CF302DD /* VueMiseAJour.swift */,
				D05D29830DC2F05EE5B3A496 /* VueReglages.swift */,
			);
			name = Interface;
			path = Interface;
			sourceTree = "<group>";
		};
		858B87AF8D0EE7F92C9AD869 /* Integrations */ = {
			isa = PBXGroup;
			children = (
				1E04880834CEB9A7179866C2 /* IntegrationIA.swift */,
			);
			name = Integrations;
			path = Integrations;
			sourceTree = "<group>";
		};
		8895B2D92FB42F8AFF73DDF9 /* Synthese */ = {
			isa = PBXGroup;
			children = (
				5BBDFF6D6B0ED9B6617283D9 /* CatalogueVoix.swift */,
				2A252DCA3ECB82186932412B /* MoteurSay.swift */,
				466B95DDECDC97A7E646A73E /* MoteurSynthese.swift */,
			);
			name = Synthese;
			path = Synthese;
			sourceTree = "<group>";
		};
		8D4B2DBB6171922A90920E74 /* Commun */ = {
			isa = PBXGroup;
			children = (
				1B5489A6DAC2D230C2F3BA31 /* GestionnaireFichiersTemp.swift */,
				1219E948C118ADDA16C1C553 /* Journal.swift */,
				041507EA4BF6FD7F64694A5A /* Traduction.swift */,
			);
			name = Commun;
			path = Commun;
			sourceTree = "<group>";
		};
		90E5072D4B10F3B19B306E6D /* MiseAJour */ = {
			isa = PBXGroup;
			children = (
				BBFB7876221EB94E4E788E65 /* VerificateurMiseAJour.swift */,
			);
			name = MiseAJour;
			path = MiseAJour;
			sourceTree = "<group>";
		};
		A7FA67DA50B0F2BBC851DBE9 /* SourcesCLI */ = {
			isa = PBXGroup;
			children = (
				80603AAE1F2ABB7373EB0EBF /* lire */,
			);
			name = SourcesCLI;
			path = SourcesCLI;
			sourceTree = "<group>";
		};
		B4D8CC2432904A505545395D /* Sources */ = {
			isa = PBXGroup;
			children = (
				50501F6EFC5D3888C3544CA8 /* App */,
				8D4B2DBB6171922A90920E74 /* Commun */,
				565F2C40520191FE22F3D4D2 /* Entree */,
				858B87AF8D0EE7F92C9AD869 /* Integrations */,
				836AE44955A99C9D50A0CED9 /* Interface */,
				D955DF0BBB3B219A303EA82F /* Lecture */,
				90E5072D4B10F3B19B306E6D /* MiseAJour */,
				649305B7F9911844905688A0 /* Reglages */,
				8895B2D92FB42F8AFF73DDF9 /* Synthese */,
				E89EF4669B9A17DEDA909833 /* Texte */,
			);
			name = Sources;
			path = Sources;
			sourceTree = "<group>";
		};
		D955DF0BBB3B219A303EA82F /* Lecture */ = {
			isa = PBXGroup;
			children = (
				F0A5837464B55464845BFD19 /* GestionnaireLecteurs.swift */,
				8387C5A82A2E183312DA5E78 /* Lecteur.swift */,
			);
			name = Lecture;
			path = Lecture;
			sourceTree = "<group>";
		};
		E89EF4669B9A17DEDA909833 /* Texte */ = {
			isa = PBXGroup;
			children = (
				654153C8CC2829DDE697C541 /* DetecteurLangue.swift */,
				5A9A21735EF49EAF89ABB8F0 /* NettoyeurMarkdown.swift */,
			);
			name = Texte;
			path = Texte;
			sourceTree = "<group>";
		};
/* End PBXGroup section */

/* Begin PBXNativeTarget section */
		3C831FC82B98859F09974ED0 /* AVoixHauteTests */ = {
			isa = PBXNativeTarget;
			buildConfigurationList = D80BF233444463C84DC06108 /* Build configuration list for PBXNativeTarget "AVoixHauteTests" */;
			buildPhases = (
				7DB1269013CCB19909B10A4A /* Sources */,
				3A36425B5D13126EE4449EF8 /* Frameworks */,
				C19F9BFF549A0ACEBACA25B1 /* Resources */,
			);
			buildRules = (
			);
			dependencies = (
				3715F845335FF36E0FF53A5F /* PBXTargetDependency */,
			);
			name = AVoixHauteTests;
			productName = AVoixHauteTests;
			productReference = D36F6E8F096FD1F75BB792CB /* AVoixHauteTests.xctest */;
			productType = "com.apple.product-type.bundle.unit-test";
		};
		7915C6218973BC2F6FF5AA3E /* lire */ = {
			isa = PBXNativeTarget;
			buildConfigurationList = 7D9EA2BA94B9B90271BFC7D1 /* Build configuration list for PBXNativeTarget "lire" */;
			buildPhases = (
				69CCDB6B128E82F46108B8D7 /* Sources */,
				EB1AFF04A52BD452323AB2C0 /* Frameworks */,
			);
			buildRules = (
			);
			dependencies = (
			);
			name = lire;
			productName = lire;
			productReference = 089EBE1F8F57FC32086C39FF /* lire */;
			productType = "com.apple.product-type.tool";
		};
		FE5838B7E66AF59AC1A9D154 /* AVoixHaute */ = {
			isa = PBXNativeTarget;
			buildConfigurationList = A7168A1817F7D50070289951 /* Build configuration list for PBXNativeTarget "AVoixHaute" */;
			buildPhases = (
				B857F7375E0FE7E527510021 /* Sources */,
				D16F60225E826951089EBDE1 /* Frameworks */,
				74BB5141276C49FD92D07FA2 /* Resources */,
				A75304DBCCEAAFB04353C33B /* Copier le helper CLI */,
			);
			buildRules = (
			);
			dependencies = (
				8027E546A6943DB8D15BB6A1 /* PBXTargetDependency */,
			);
			name = AVoixHaute;
			productName = AVoixHaute;
			productReference = C7E1E40C933254CD768A5037 /* AVoixHaute.app */;
			productType = "com.apple.product-type.application";
		};
/* End PBXNativeTarget section */

/* Begin PBXProject section */
		5056F8F7FC70325F34B44FB6 /* Project object */ = {
			isa = PBXProject;
			attributes = {
				LastSwiftUpdateCheck = 1500;
				LastUpgradeCheck = 1500;
			};
			buildConfigurationList = 61844D65FEDFA5B544C2AE18 /* Build configuration list for PBXProject "AVoixHaute" */;
			compatibilityVersion = "Xcode 3.2";
			developmentRegion = en;
			hasScannedForEncodings = 0;
			knownRegions = (
				de,
				en,
				es,
				fr,
				it,
				pt,
				Base,
			);
			mainGroup = 4D465514BBCFDB6B8A71EDA9;
			productRefGroup = 24657DFC703C272654EBA992 /* Products */;
			projectDirPath = "";
			projectRoot = "";
			targets = (
				FE5838B7E66AF59AC1A9D154 /* AVoixHaute */,
				7915C6218973BC2F6FF5AA3E /* lire */,
				3C831FC82B98859F09974ED0 /* AVoixHauteTests */,
			);
		};
/* End PBXProject section */

/* Begin PBXResourcesBuildPhase section */
		74BB5141276C49FD92D07FA2 /* Resources */ = {
			isa = PBXResourcesBuildPhase;
			buildActionMask = 2147483647;
			files = (
				85649BADA970FF62423A0903 /* AVoixHaute.icns in Resources */,
				C751EEFD365A98BD93F9A7CD /* Localizable.strings in Resources */,
				FB9EE4086E20CCD2C9CC1095 /* InfoPlist.strings in Resources */,
				31EB7456FE3309E22A910603 /* commande-lire.md in Resources */,
				7D9D65C13C94E57DB4B7436E /* competence-lire.md in Resources */,
				592287100C95401C3C90F099 /* LICENSE.txt in Resources */,
				AF8A4A162CFF73801968EFD3 /* Localizable.strings in Resources */,
				706EF78B612E0C5D86BB471C /* InfoPlist.strings in Resources */,
				9D4A1AC58150E9880E17278B /* commande-lire.md in Resources */,
				594277FC63A4160AF21CCAC8 /* competence-lire.md in Resources */,
				1ACD106199C7AAFFD2070D2B /* LICENSE.txt in Resources */,
				A6B12CDF3A0B6777A048CB51 /* Localizable.strings in Resources */,
				7A4145D687CF007DF0DEC35F /* InfoPlist.strings in Resources */,
				1173EEADEFD2D6DAA97B0647 /* commande-lire.md in Resources */,
				1E15B49FDAC90BDFF6E04F63 /* competence-lire.md in Resources */,
				B7154B3C32FC919097DCD032 /* LICENSE.txt in Resources */,
				066886F9524EEA98E5760408 /* Localizable.strings in Resources */,
				3523E6E84B9DB386BA1B6F33 /* InfoPlist.strings in Resources */,
				5D411DE51226C8CD89A024B0 /* commande-lire.md in Resources */,
				D2857411D1D8554D62A904A0 /* competence-lire.md in Resources */,
				9AE65FCA590B7D65E290B263 /* LICENSE.txt in Resources */,
				D3AD3BCD24807C7ADE4A9A14 /* Localizable.strings in Resources */,
				F961A8EA7E1E6DFF999B0C3C /* InfoPlist.strings in Resources */,
				8410CE628E3CBE981406329B /* commande-lire.md in Resources */,
				C8AAA383F3DF1498EBB75A1B /* competence-lire.md in Resources */,
				E70420E6D134840826077D37 /* LICENSE.txt in Resources */,
				E07CFBBFD10BC3667AC049AD /* Localizable.strings in Resources */,
				FC154DCC871E45FECBE06AEA /* InfoPlist.strings in Resources */,
				CAC728D9AB824BEB47A40328 /* commande-lire.md in Resources */,
				0848B402B7D6FA8FEB72B65A /* competence-lire.md in Resources */,
				A2891C93E3964992DA04BA58 /* LICENSE.txt in Resources */,
			);
			runOnlyForDeploymentPostprocessing = 0;
		};
		C19F9BFF549A0ACEBACA25B1 /* Resources */ = {
			isa = PBXResourcesBuildPhase;
			buildActionMask = 2147483647;
			files = (
			);
			runOnlyForDeploymentPostprocessing = 0;
		};
/* End PBXResourcesBuildPhase section */

/* Begin PBXSourcesBuildPhase section */
		69CCDB6B128E82F46108B8D7 /* Sources */ = {
			isa = PBXSourcesBuildPhase;
			buildActionMask = 2147483647;
			files = (
				83DCD8329DF32283E80800A4 /* main.swift in Sources */,
			);
			runOnlyForDeploymentPostprocessing = 0;
		};
		7DB1269013CCB19909B10A4A /* Sources */ = {
			isa = PBXSourcesBuildPhase;
			buildActionMask = 2147483647;
			files = (
				DD8597374392634EDC76A036 /* MiseAJourTests.swift in Sources */,
				F2EFEEEAD6516CEC1228D9B0 /* NettoyeurMarkdownTests.swift in Sources */,
				266C0614A256D9D227F927DE /* ReglagesTests.swift in Sources */,
			);
			runOnlyForDeploymentPostprocessing = 0;
		};
		B857F7375E0FE7E527510021 /* Sources */ = {
			isa = PBXSourcesBuildPhase;
			buildActionMask = 2147483647;
			files = (
				608E18617633E01F0860F421 /* DelegueApplication.swift in Sources */,
				1272FAD51A5201EC184935A0 /* main.swift in Sources */,
				B6F0888642FA6BD8673DAA43 /* GestionnaireFichiersTemp.swift in Sources */,
				429A25EAFEA11AD527D7FC37 /* Journal.swift in Sources */,
				B2C9F81DF1301975254F4815 /* Traduction.swift in Sources */,
				13129F567EECFC3AABBAE7C8 /* CaptureSelection.swift in Sources */,
				85226FBE186BD7B89DA5756F /* FournisseurService.swift in Sources */,
				31211608AD2C06D0D5DCC316 /* ProtocoleSocket.swift in Sources */,
				B883C824144DD1AC7B7341FD /* RaccourciGlobal.swift in Sources */,
				2F1DA14838FE0DD6D86828A0 /* ServeurSocket.swift in Sources */,
				01E9461B16BA3EF1A6E5703F /* IntegrationIA.swift in Sources */,
				E4DBD8C29BB5A0F2CCB48660 /* ControleurFenetreLecteur.swift in Sources */,
				F3752ECBC34E12DBEAF7A456 /* FenetreFlottante.swift in Sources */,
				173358F8A71A15AE7418118D /* VueBienvenue.swift in Sources */,
				B16967762F1DC4282A9BD83F /* VueIntegrations.swift in Sources */,
				F506D76B4CBBD1DEFAF48D8E /* VueLecteur.swift in Sources */,
				4D49F4BB5BC5C23DBDA50B87 /* VueMiseAJour.swift in Sources */,
				91607302B8E6FD86B5EA2D1D /* VueReglages.swift in Sources */,
				42EEE578DB87A35728FCA00E /* GestionnaireLecteurs.swift in Sources */,
				22A3FB7C2C84DF28492DCE4B /* Lecteur.swift in Sources */,
				D3EA5A1E5BBDE73F09B861C5 /* VerificateurMiseAJour.swift in Sources */,
				6478E663920E18B3C8DD29F9 /* InstallationSysteme.swift in Sources */,
				2ED535424744B7A67C2127F1 /* Reglages.swift in Sources */,
				66CFBE34789A815213376C72 /* CatalogueVoix.swift in Sources */,
				571C568D642A18328282C37D /* MoteurSay.swift in Sources */,
				707946B23993D616A44D3245 /* MoteurSynthese.swift in Sources */,
				0F3D38A75A157528BA490B28 /* DetecteurLangue.swift in Sources */,
				DB1D2D029706AC728488DFA1 /* NettoyeurMarkdown.swift in Sources */,
			);
			runOnlyForDeploymentPostprocessing = 0;
		};
/* End PBXSourcesBuildPhase section */

/* Begin PBXTargetDependency section */
		3715F845335FF36E0FF53A5F /* PBXTargetDependency */ = {
			isa = PBXTargetDependency;
			name = AVoixHaute;
			target = FE5838B7E66AF59AC1A9D154 /* AVoixHaute */;
			targetProxy = AA151FC56F105728F257F53B /* PBXContainerItemProxy */;
		};
		8027E546A6943DB8D15BB6A1 /* PBXTargetDependency */ = {
			isa = PBXTargetDependency;
			name = lire;
			target = 7915C6218973BC2F6FF5AA3E /* lire */;
			targetProxy = 98761A8FA80C6B7C4BB64745 /* PBXContainerItemProxy */;
		};
/* End PBXTargetDependency section */

/* Begin XCBuildConfiguration section */
		3D88BD5A2D2A99A21BC18F65 /* Debug */ = {
			isa = XCBuildConfiguration;
			buildSettings = {
				MACOSX_DEPLOYMENT_TARGET = 14.0;
				PRODUCT_BUNDLE_IDENTIFIER = app.avoixhaute.player.cli;
				PRODUCT_NAME = lire;
				SDKROOT = macosx;
				SKIP_INSTALL = YES;
			};
			name = Debug;
		};
		4E4042C59D1477B1B72D8A9D /* Release */ = {
			isa = XCBuildConfiguration;
			buildSettings = {
				ASSETCATALOG_COMPILER_APPICON_NAME = AppIcon;
				ASSETCATALOG_COMPILER_GLOBAL_ACCENT_COLOR_NAME = AccentColor;
				COMBINE_HIDPI_IMAGES = YES;
				CURRENT_PROJECT_VERSION = 1;
				INFOPLIST_FILE = Sources/App/Info.plist;
				LD_RUNPATH_SEARCH_PATHS = "$(inherited) @executable_path/../Frameworks";
				MACOSX_DEPLOYMENT_TARGET = 14.0;
				MARKETING_VERSION = 2.0.1;
				PRODUCT_BUNDLE_IDENTIFIER = app.avoixhaute.player;
				PRODUCT_NAME = AVoixHaute;
				SDKROOT = macosx;
				SWIFT_MAIN_FILE_IS_TOP_LEVEL_CODE = YES;
			};
			name = Release;
		};
		8DDFD7911DC4A28000F9F7BE /* Release */ = {
			isa = XCBuildConfiguration;
			buildSettings = {
				ALWAYS_SEARCH_USER_PATHS = NO;
				CLANG_ANALYZER_NONNULL = YES;
				CLANG_ANALYZER_NUMBER_OBJECT_CONVERSION = YES_AGGRESSIVE;
				CLANG_CXX_LANGUAGE_STANDARD = "gnu++14";
				CLANG_CXX_LIBRARY = "libc++";
				CLANG_ENABLE_MODULES = YES;
				CLANG_ENABLE_OBJC_ARC = YES;
				CLANG_ENABLE_OBJC_WEAK = YES;
				CLANG_WARN_BLOCK_CAPTURE_AUTORELEASING = YES;
				CLANG_WARN_BOOL_CONVERSION = YES;
				CLANG_WARN_COMMA = YES;
				CLANG_WARN_CONSTANT_CONVERSION = YES;
				CLANG_WARN_DEPRECATED_OBJC_IMPLEMENTATIONS = YES;
				CLANG_WARN_DIRECT_OBJC_ISA_USAGE = YES_ERROR;
				CLANG_WARN_DOCUMENTATION_COMMENTS = YES;
				CLANG_WARN_EMPTY_BODY = YES;
				CLANG_WARN_ENUM_CONVERSION = YES;
				CLANG_WARN_INFINITE_RECURSION = YES;
				CLANG_WARN_INT_CONVERSION = YES;
				CLANG_WARN_NON_LITERAL_NULL_CONVERSION = YES;
				CLANG_WARN_OBJC_IMPLICIT_RETAIN_SELF = YES;
				CLANG_WARN_OBJC_LITERAL_CONVERSION = YES;
				CLANG_WARN_OBJC_ROOT_CLASS = YES_ERROR;
				CLANG_WARN_QUOTED_INCLUDE_IN_FRAMEWORK_HEADER = YES;
				CLANG_WARN_RANGE_LOOP_ANALYSIS = YES;
				CLANG_WARN_STRICT_PROTOTYPES = YES;
				CLANG_WARN_SUSPICIOUS_MOVE = YES;
				CLANG_WARN_UNGUARDED_AVAILABILITY = YES_AGGRESSIVE;
				CLANG_WARN_UNREACHABLE_CODE = YES;
				CLANG_WARN__DUPLICATE_METHOD_MATCH = YES;
				CODE_SIGNING_ALLOWED = YES;
				CODE_SIGNING_REQUIRED = YES;
				CODE_SIGN_IDENTITY = 3D909274B7703CD03F2B29D33E6A9757817B3143;
				CODE_SIGN_STYLE = Manual;
				COPY_PHASE_STRIP = NO;
				DEBUG_INFORMATION_FORMAT = "dwarf-with-dsym";
				DEVELOPMENT_TEAM = "";
				ENABLE_APP_SANDBOX = NO;
				ENABLE_HARDENED_RUNTIME = NO;
				ENABLE_NS_ASSERTIONS = NO;
				ENABLE_STRICT_OBJC_MSGSEND = YES;
				GCC_C_LANGUAGE_STANDARD = gnu11;
				GCC_NO_COMMON_BLOCKS = YES;
				GCC_WARN_64_TO_32_BIT_CONVERSION = YES;
				GCC_WARN_ABOUT_RETURN_TYPE = YES_ERROR;
				GCC_WARN_UNDECLARED_SELECTOR = YES;
				GCC_WARN_UNINITIALIZED_AUTOS = YES_AGGRESSIVE;
				GCC_WARN_UNUSED_FUNCTION = YES;
				GCC_WARN_UNUSED_VARIABLE = YES;
				MACOSX_DEPLOYMENT_TARGET = 14.0;
				MTL_ENABLE_DEBUG_INFO = NO;
				MTL_FAST_MATH = YES;
				PRODUCT_NAME = "$(TARGET_NAME)";
				SWIFT_COMPILATION_MODE = wholemodule;
				SWIFT_OPTIMIZATION_LEVEL = "-O";
				SWIFT_VERSION = 5.0;
			};
			name = Release;
		};
		B24083B26D4AF1910DF53871 /* Debug */ = {
			isa = XCBuildConfiguration;
			buildSettings = {
				ASSETCATALOG_COMPILER_APPICON_NAME = AppIcon;
				ASSETCATALOG_COMPILER_GLOBAL_ACCENT_COLOR_NAME = AccentColor;
				COMBINE_HIDPI_IMAGES = YES;
				CURRENT_PROJECT_VERSION = 1;
				INFOPLIST_FILE = Sources/App/Info.plist;
				LD_RUNPATH_SEARCH_PATHS = "$(inherited) @executable_path/../Frameworks";
				MACOSX_DEPLOYMENT_TARGET = 14.0;
				MARKETING_VERSION = 2.0.1;
				PRODUCT_BUNDLE_IDENTIFIER = app.avoixhaute.player;
				PRODUCT_NAME = AVoixHaute;
				SDKROOT = macosx;
				SWIFT_MAIN_FILE_IS_TOP_LEVEL_CODE = YES;
			};
			name = Debug;
		};
		BB75437BECDF54C527002424 /* Debug */ = {
			isa = XCBuildConfiguration;
			buildSettings = {
				BUNDLE_LOADER = "$(TEST_HOST)";
				GENERATE_INFOPLIST_FILE = YES;
				MACOSX_DEPLOYMENT_TARGET = 14.0;
				PRODUCT_BUNDLE_IDENTIFIER = app.avoixhaute.player.tests;
				PRODUCT_NAME = AVoixHauteTests;
				SDKROOT = macosx;
				TEST_HOST = "$(BUILT_PRODUCTS_DIR)/AVoixHaute.app/Contents/MacOS/AVoixHaute";
			};
			name = Debug;
		};
		E52DD2F19FB17C89B514257C /* Release */ = {
			isa = XCBuildConfiguration;
			buildSettings = {
				BUNDLE_LOADER = "$(TEST_HOST)";
				GENERATE_INFOPLIST_FILE = YES;
				MACOSX_DEPLOYMENT_TARGET = 14.0;
				PRODUCT_BUNDLE_IDENTIFIER = app.avoixhaute.player.tests;
				PRODUCT_NAME = AVoixHauteTests;
				SDKROOT = macosx;
				TEST_HOST = "$(BUILT_PRODUCTS_DIR)/AVoixHaute.app/Contents/MacOS/AVoixHaute";
			};
			name = Release;
		};
		F3EBE6C40EBEABEB804A3F84 /* Debug */ = {
			isa = XCBuildConfiguration;
			buildSettings = {
				ALWAYS_SEARCH_USER_PATHS = NO;
				CLANG_ANALYZER_NONNULL = YES;
				CLANG_ANALYZER_NUMBER_OBJECT_CONVERSION = YES_AGGRESSIVE;
				CLANG_CXX_LANGUAGE_STANDARD = "gnu++14";
				CLANG_CXX_LIBRARY = "libc++";
				CLANG_ENABLE_MODULES = YES;
				CLANG_ENABLE_OBJC_ARC = YES;
				CLANG_ENABLE_OBJC_WEAK = YES;
				CLANG_WARN_BLOCK_CAPTURE_AUTORELEASING = YES;
				CLANG_WARN_BOOL_CONVERSION = YES;
				CLANG_WARN_COMMA = YES;
				CLANG_WARN_CONSTANT_CONVERSION = YES;
				CLANG_WARN_DEPRECATED_OBJC_IMPLEMENTATIONS = YES;
				CLANG_WARN_DIRECT_OBJC_ISA_USAGE = YES_ERROR;
				CLANG_WARN_DOCUMENTATION_COMMENTS = YES;
				CLANG_WARN_EMPTY_BODY = YES;
				CLANG_WARN_ENUM_CONVERSION = YES;
				CLANG_WARN_INFINITE_RECURSION = YES;
				CLANG_WARN_INT_CONVERSION = YES;
				CLANG_WARN_NON_LITERAL_NULL_CONVERSION = YES;
				CLANG_WARN_OBJC_IMPLICIT_RETAIN_SELF = YES;
				CLANG_WARN_OBJC_LITERAL_CONVERSION = YES;
				CLANG_WARN_OBJC_ROOT_CLASS = YES_ERROR;
				CLANG_WARN_QUOTED_INCLUDE_IN_FRAMEWORK_HEADER = YES;
				CLANG_WARN_RANGE_LOOP_ANALYSIS = YES;
				CLANG_WARN_STRICT_PROTOTYPES = YES;
				CLANG_WARN_SUSPICIOUS_MOVE = YES;
				CLANG_WARN_UNGUARDED_AVAILABILITY = YES_AGGRESSIVE;
				CLANG_WARN_UNREACHABLE_CODE = YES;
				CLANG_WARN__DUPLICATE_METHOD_MATCH = YES;
				CODE_SIGNING_ALLOWED = YES;
				CODE_SIGNING_REQUIRED = YES;
				CODE_SIGN_IDENTITY = 3D909274B7703CD03F2B29D33E6A9757817B3143;
				CODE_SIGN_STYLE = Manual;
				COPY_PHASE_STRIP = NO;
				DEBUG_INFORMATION_FORMAT = dwarf;
				DEVELOPMENT_TEAM = "";
				ENABLE_APP_SANDBOX = NO;
				ENABLE_HARDENED_RUNTIME = NO;
				ENABLE_STRICT_OBJC_MSGSEND = YES;
				ENABLE_TESTABILITY = YES;
				GCC_C_LANGUAGE_STANDARD = gnu11;
				GCC_DYNAMIC_NO_PIC = NO;
				GCC_NO_COMMON_BLOCKS = YES;
				GCC_OPTIMIZATION_LEVEL = 0;
				GCC_PREPROCESSOR_DEFINITIONS = (
					"DEBUG=1",
					"$(inherited)",
				);
				GCC_WARN_64_TO_32_BIT_CONVERSION = YES;
				GCC_WARN_ABOUT_RETURN_TYPE = YES_ERROR;
				GCC_WARN_UNDECLARED_SELECTOR = YES;
				GCC_WARN_UNINITIALIZED_AUTOS = YES_AGGRESSIVE;
				GCC_WARN_UNUSED_FUNCTION = YES;
				GCC_WARN_UNUSED_VARIABLE = YES;
				MACOSX_DEPLOYMENT_TARGET = 14.0;
				MTL_ENABLE_DEBUG_INFO = INCLUDE_SOURCE;
				MTL_FAST_MATH = YES;
				ONLY_ACTIVE_ARCH = YES;
				PRODUCT_NAME = "$(TARGET_NAME)";
				SWIFT_ACTIVE_COMPILATION_CONDITIONS = DEBUG;
				SWIFT_OPTIMIZATION_LEVEL = "-Onone";
				SWIFT_VERSION = 5.0;
			};
			name = Debug;
		};
		FFDA7771983A5C75318334C8 /* Release */ = {
			isa = XCBuildConfiguration;
			buildSettings = {
				MACOSX_DEPLOYMENT_TARGET = 14.0;
				PRODUCT_BUNDLE_IDENTIFIER = app.avoixhaute.player.cli;
				PRODUCT_NAME = lire;
				SDKROOT = macosx;
				SKIP_INSTALL = YES;
			};
			name = Release;
		};
/* End XCBuildConfiguration section */

/* Begin XCConfigurationList section */
		61844D65FEDFA5B544C2AE18 /* Build configuration list for PBXProject "AVoixHaute" */ = {
			isa = XCConfigurationList;
			buildConfigurations = (
				F3EBE6C40EBEABEB804A3F84 /* Debug */,
				8DDFD7911DC4A28000F9F7BE /* Release */,
			);
			defaultConfigurationIsVisible = 0;
			defaultConfigurationName = Release;
		};
		7D9EA2BA94B9B90271BFC7D1 /* Build configuration list for PBXNativeTarget "lire" */ = {
			isa = XCConfigurationList;
			buildConfigurations = (
				FFDA7771983A5C75318334C8 /* Release */,
				3D88BD5A2D2A99A21BC18F65 /* Debug */,
			);
			defaultConfigurationIsVisible = 0;
			defaultConfigurationName = Release;
		};
		A7168A1817F7D50070289951 /* Build configuration list for PBXNativeTarget "AVoixHaute" */ = {
			isa = XCConfigurationList;
			buildConfigurations = (
				4E4042C59D1477B1B72D8A9D /* Release */,
				B24083B26D4AF1910DF53871 /* Debug */,
			);
			defaultConfigurationIsVisible = 0;
			defaultConfigurationName = Release;
		};
		D80BF233444463C84DC06108 /* Build configuration list for PBXNativeTarget "AVoixHauteTests" */ = {
			isa = XCConfigurationList;
			buildConfigurations = (
				E52DD2F19FB17C89B514257C /* Release */,
				BB75437BECDF54C527002424 /* Debug */,
			);
			defaultConfigurationIsVisible = 0;
			defaultConfigurationName = Release;
		};
/* End XCConfigurationList section */
	};
	rootObject = 5056F8F7FC70325F34B44FB6 /* Project object */;
}
