// !$*UTF8*$!
{
	archiveVersion = 1;
	classes = {
	};
	objectVersion = 46;
	objects = {

/* Begin PBXBuildFile section */
		0C151B0770EA190F05AF5229 /* DetecteurLangue.swift in Sources */ = {isa = PBXBuildFile; fileRef = 59465DEB9141CCBC8C59B7CF /* DetecteurLangue.swift */; };
		0D0FCD472D2EEA48B9161C2F /* commande-lire.md in Resources */ = {isa = PBXBuildFile; fileRef = 74AB7DB50E908D5FCCAA0C4A /* commande-lire.md */; };
		0D4A08EFD5A502C055E9B711 /* commande-lire.md in Resources */ = {isa = PBXBuildFile; fileRef = 23D178CD981BC7D0EBCC6909 /* commande-lire.md */; };
		1765287CF6680150B97AE4D9 /* VueReglages.swift in Sources */ = {isa = PBXBuildFile; fileRef = B07FF7743455F901E362802B /* VueReglages.swift */; };
		1D27536FFB1A1E5E2577C541 /* MiseAJourTests.swift in Sources */ = {isa = PBXBuildFile; fileRef = D29F98DF3DB86CF79FFC7E41 /* MiseAJourTests.swift */; };
		1DF8C7030E850DBD03903E7C /* ProtocoleSocket.swift in Sources */ = {isa = PBXBuildFile; fileRef = 72A95EF8170DFDF64A5A0992 /* ProtocoleSocket.swift */; };
		1F96E80EC2A9A9AD91443643 /* VueIntegrations.swift in Sources */ = {isa = PBXBuildFile; fileRef = FF6F8B71FC842C22D03A1E8C /* VueIntegrations.swift */; };
		1FC0070FFC4B40DED7604044 /* Localizable.strings in Resources */ = {isa = PBXBuildFile; fileRef = F1DBBC32DE4B993AEA649583 /* Localizable.strings */; };
		205408312FCBF59696E6B5A4 /* MoteurSay.swift in Sources */ = {isa = PBXBuildFile; fileRef = B953073181F791EB08955CC6 /* MoteurSay.swift */; };
		26BD8BD926727D3A23E62F84 /* competence-lire.md in Resources */ = {isa = PBXBuildFile; fileRef = 7221484B9BCD0CFE63444B80 /* competence-lire.md */; };
		284FA8F11C4F04260BB74D52 /* Localizable.strings in Resources */ = {isa = PBXBuildFile; fileRef = 0BDF3ADCB3130A95D4D4B525 /* Localizable.strings */; };
		2E794F9AC3889EE9E2C5B8CE /* ControleurFenetreLecteur.swift in Sources */ = {isa = PBXBuildFile; fileRef = 89410933A02AD57F0129CA6F /* ControleurFenetreLecteur.swift */; };
		34A2E4AD56556D26AE441413 /* AVoixHaute.icns in Resources */ = {isa = PBXBuildFile; fileRef = 859F65B0DC8179DA82ED2CEB /* AVoixHaute.icns */; };
		3599B6792FE4B5CFD6627900 /* InfoPlist.strings in Resources */ = {isa = PBXBuildFile; fileRef = 9D0E55E9D2D3D47986554CAF /* InfoPlist.strings */; };
		3A8810E454122153779002A9 /* LICENSE.txt in Resources */ = {isa = PBXBuildFile; fileRef = E1EBE2BACC568A7974CB5F79 /* LICENSE.txt */; };
		3AF5AC6DCCBAC60F485B79C9 /* competence-lire.md in Resources */ = {isa = PBXBuildFile; fileRef = AD7E92BBFDC4E8FB3583FDB5 /* competence-lire.md */; };
		3DB8E07939C6E6C2E3E883BD /* GestionnaireFichiersTemp.swift in Sources */ = {isa = PBXBuildFile; fileRef = BBF355A0A2974BD80266C7A8 /* GestionnaireFichiersTemp.swift */; };
		3FE37643B6D4EF25BD0A3CCB /* ReglagesTests.swift in Sources */ = {isa = PBXBuildFile; fileRef = E6787847B5ED51157E164712 /* ReglagesTests.swift */; };
		420D9CD90CD611B893C9576A /* FournisseurService.swift in Sources */ = {isa = PBXBuildFile; fileRef = E257635D79C718516651A30F /* FournisseurService.swift */; };
		4BF6505B6FC65A359B528F6F /* Localizable.strings in Resources */ = {isa = PBXBuildFile; fileRef = E096DC4D2D4AFA9EE831C45A /* Localizable.strings */; };
		4ED3612EF00D8AD63AFAE282 /* VueMiseAJour.swift in Sources */ = {isa = PBXBuildFile; fileRef = C5BE8E50EAE5DD956286F775 /* VueMiseAJour.swift */; };
		518441983AAE312EA063D784 /* lire in Copier le helper CLI */ = {isa = PBXBuildFile; fileRef = 7B2BCE7D78909BA4C3746463 /* lire */; };
		54B79172181ACC781182D3B9 /* competence-lire.md in Resources */ = {isa = PBXBuildFile; fileRef = 495B10AD5689B93442F2AF6B /* competence-lire.md */; };
		54CD19BDF4EEE3C681689097 /* CaptureSelection.swift in Sources */ = {isa = PBXBuildFile; fileRef = 80429D1EF55AA9DE2E290EC9 /* CaptureSelection.swift */; };
		5598540BA3B72E42441FD0FB /* main.swift in Sources */ = {isa = PBXBuildFile; fileRef = 0A9953B67E3BED7D19C74D72 /* main.swift */; };
		57B1C087F8C47EA5767A8089 /* LICENSE.txt in Resources */ = {isa = PBXBuildFile; fileRef = E3103AB550A7D351D4F79375 /* LICENSE.txt */; };
		5CD0E08C9ABA384721062769 /* VueLecteur.swift in Sources */ = {isa = PBXBuildFile; fileRef = 9FBCA21A7407F7642D8B51A2 /* VueLecteur.swift */; };
		5CEC825931B6EE3F808D7DA7 /* Localizable.strings in Resources */ = {isa = PBXBuildFile; fileRef = 7421757DCCC5A445019C3753 /* Localizable.strings */; };
		5D9E31815696FBAB409771F0 /* InfoPlist.strings in Resources */ = {isa = PBXBuildFile; fileRef = B4AE1F8416AB1D2A2D779372 /* InfoPlist.strings */; };
		5E82E9432F8CA5EDB0AC8BF5 /* commande-lire.md in Resources */ = {isa = PBXBuildFile; fileRef = 6723A4B82AB5944794B3E81A /* commande-lire.md */; };
		6118C7BF6F636187FCBC84CB /* IntegrationIA.swift in Sources */ = {isa = PBXBuildFile; fileRef = EB30EE03A9BDA754E1AA7CE0 /* IntegrationIA.swift */; };
		6873FCA6751A273D84A25F77 /* GestionnaireLecteurs.swift in Sources */ = {isa = PBXBuildFile; fileRef = 7CD6BC5C7DFDEB6056C9D111 /* GestionnaireLecteurs.swift */; };
		6D93B0E242753A456C34C632 /* LICENSE.txt in Resources */ = {isa = PBXBuildFile; fileRef = 43A6F65E2FF3322E16B5A1BA /* LICENSE.txt */; };
		78672427E65D6D73C5BB6732 /* FenetreFlottante.swift in Sources */ = {isa = PBXBuildFile; fileRef = 2DBFC735534A70E0D0491F4B /* FenetreFlottante.swift */; };
		78BDE5F53DA03D4FD36858A9 /* competence-lire.md in Resources */ = {isa = PBXBuildFile; fileRef = 1357AD9F90A2B58A596F984E /* competence-lire.md */; };
		7CF2E070BA78968D33427F96 /* main.swift in Sources */ = {isa = PBXBuildFile; fileRef = 252C65AC3A9D5AF7E0D3EA17 /* main.swift */; };
		7D5F14FDC6698C9C015807F3 /* CatalogueVoix.swift in Sources */ = {isa = PBXBuildFile; fileRef = B55E834B34DDA45D45FE0510 /* CatalogueVoix.swift */; };
		8247E69FE5D969683D3649FB /* competence-lire.md in Resources */ = {isa = PBXBuildFile; fileRef = 333BB9C253E69F9CFEFEE3C7 /* competence-lire.md */; };
		86DA8A23A97152A52B1A01CA /* Reglages.swift in Sources */ = {isa = PBXBuildFile; fileRef = 6362F576A431AC437858FA37 /* Reglages.swift */; };
		89E11F41181FAD4DCCD5EB2F /* competence-lire.md in Resources */ = {isa = PBXBuildFile; fileRef = DBB343F0C48DED22278C7D74 /* competence-lire.md */; };
		8A3ED1B6279C9770EE3CEF7D /* InfoPlist.strings in Resources */ = {isa = PBXBuildFile; fileRef = 73062F2C8F9245E864124B15 /* InfoPlist.strings */; };
		95750D39E4D24B7A12B54573 /* VueBienvenue.swift in Sources */ = {isa = PBXBuildFile; fileRef = 41672781D9D2B6494910C50F /* VueBienvenue.swift */; };
		A5F91A653506661D415780A0 /* InfoPlist.strings in Resources */ = {isa = PBXBuildFile; fileRef = A1E08FCF6B6DBD925D737290 /* InfoPlist.strings */; };
		AC052B0463B44ED4251DF059 /* Journal.swift in Sources */ = {isa = PBXBuildFile; fileRef = 4CCB2D52E78DBB3E6645B3E7 /* Journal.swift */; };
		ADB25E2E7E19A7EF66A0363C /* Traduction.swift in Sources */ = {isa = PBXBuildFile; fileRef = 5700A5E1AD3833233A8C06EF /* Traduction.swift */; };
		AEA16807F513C635D8BEEFE2 /* NettoyeurMarkdownTests.swift in Sources */ = {isa = PBXBuildFile; fileRef = 54FB25D97A0522D2F38E653C /* NettoyeurMarkdownTests.swift */; };
		AED5B5B4F35E4B51E55CB6C4 /* InfoPlist.strings in Resources */ = {isa = PBXBuildFile; fileRef = 4FB85F12A1BA5C2947864DA9 /* InfoPlist.strings */; };
		B04BB9E83F298766658EA512 /* ServeurSocket.swift in Sources */ = {isa = PBXBuildFile; fileRef = D260994E7B4625EEC56623A3 /* ServeurSocket.swift */; };
		B0A780E02922C4D63FAEF14A /* LICENSE.txt in Resources */ = {isa = PBXBuildFile; fileRef = AA6A36C9FEC50500DEFF862C /* LICENSE.txt */; };
		B46B80700DB2D8D511CCA50B /* Lecteur.swift in Sources */ = {isa = PBXBuildFile; fileRef = A130C27D74C0C0C376E17110 /* Lecteur.swift */; };
		B4FF115708C20D9928FBA8E3 /* commande-lire.md in Resources */ = {isa = PBXBuildFile; fileRef = ACDA927635AB2F07364868E3 /* commande-lire.md */; };
		B8FFBDDF12BA15EAF1B768F9 /* DelegueApplication.swift in Sources */ = {isa = PBXBuildFile; fileRef = 8B241CADE21107E16C86B9B6 /* DelegueApplication.swift */; };
		BA0FEA3CF10E70D169C1DFF2 /* LICENSE.txt in Resources */ = {isa = PBXBuildFile; fileRef = 749408BF6E9D3F20FB85D6F4 /* LICENSE.txt */; };
		BF119EAA154AFE36B3E76A65 /* InfoPlist.strings in Resources */ = {isa = PBXBuildFile; fileRef = 7CB132D95FD181E616FDBF81 /* InfoPlist.strings */; };
		C8160213A0D32958E7FED6CB /* LICENSE.txt in Resources */ = {isa = PBXBuildFile; fileRef = 487994925E987977CDA7DD89 /* LICENSE.txt */; };
		CB24F36EE85A9EDC7CF25E8E /* MoteurSynthese.swift in Sources */ = {isa = PBXBuildFile; fileRef = 735C3901AE0F507268F6B51F /* MoteurSynthese.swift */; };
		CB32A4BEAB62682CC6A5FB92 /* NettoyeurMarkdown.swift in Sources */ = {isa = PBXBuildFile; fileRef = E954102613BD442F424C8D56 /* NettoyeurMarkdown.swift */; };
		CF119CD1F531BD6D3BCAA44A /* commande-lire.md in Resources */ = {isa = PBXBuildFile; fileRef = F57E2F56200F67FC7C5650B7 /* commande-lire.md */; };
		D716F7EEF9919CD0D480EE9F /* RaccourciGlobal.swift in Sources */ = {isa = PBXBuildFile; fileRef = 6560F74E05110964E4B2AC9B /* RaccourciGlobal.swift */; };
		E19D1800532959F494C7617C /* Localizable.strings in Resources */ = {isa = PBXBuildFile; fileRef = FED0496895A179374A89DBF6 /* Localizable.strings */; };
		E63AB527C0D9510FE3897B00 /* VerificateurMiseAJour.swift in Sources */ = {isa = PBXBuildFile; fileRef = 73A81AFEBDAD4F9F829ABC90 /* VerificateurMiseAJour.swift */; };
		EE0A5CE79CD9FDA9D85B0D2D /* Cocoa.framework in Frameworks */ = {isa = PBXBuildFile; fileRef = BFDC090B80B3D39F8BDA7695 /* Cocoa.framework */; };
		F339777577C3B0B062031288 /* Localizable.strings in Resources */ = {isa = PBXBuildFile; fileRef = 13D1B457DF4D77528184781D /* Localizable.strings */; };
		FB1ACB51EECA6453541903AF /* Cocoa.framework in Frameworks */ = {isa = PBXBuildFile; fileRef = BFDC090B80B3D39F8BDA7695 /* Cocoa.framework */; };
		FD8656D23225190A3A29EF1B /* commande-lire.md in Resources */ = {isa = PBXBuildFile; fileRef = 122DA7039C222199B683A3E4 /* commande-lire.md */; };
		FFB19D613069302E7C9B6093 /* Cocoa.framework in Frameworks */ = {isa = PBXBuildFile; fileRef = BFDC090B80B3D39F8BDA7695 /* Cocoa.framework */; };
/* End PBXBuildFile section */

/* Begin PBXContainerItemProxy section */
		2C260A6469743B0C48351A03 /* PBXContainerItemProxy */ = {
			isa = PBXContainerItemProxy;
			containerPortal = 871F3A85779E27BA2751C279 /* Project object */;
			proxyType = 1;
			remoteGlobalIDString = 1457129960FF386C64D2C7BF;
			remoteInfo = AVoixHaute;
		};
		3F54B3D0D8430FDD337FDFA3 /* PBXContainerItemProxy */ = {
			isa = PBXContainerItemProxy;
			containerPortal = 871F3A85779E27BA2751C279 /* Project object */;
			proxyType = 1;
			remoteGlobalIDString = ACC95CE189C23C0B1E388A4E;
			remoteInfo = lire;
		};
/* End PBXContainerItemProxy section */

/* Begin PBXCopyFilesBuildPhase section */
		D74B603047D5B62D07C3C068 /* Copier le helper CLI */ = {
			isa = PBXCopyFilesBuildPhase;
			buildActionMask = 2147483647;
			dstPath = "";
			dstSubfolderSpec = 7;
			files = (
				518441983AAE312EA063D784 /* lire in Copier le helper CLI */,
			);
			name = "Copier le helper CLI";
			runOnlyForDeploymentPostprocessing = 0;
		};
/* End PBXCopyFilesBuildPhase section */

/* Begin PBXFileReference section */
		0A9953B67E3BED7D19C74D72 /* main.swift */ = {isa = PBXFileReference; includeInIndex = 1; lastKnownFileType = sourcecode.swift; path = main.swift; sourceTree = "<group>"; };
		0BDF3ADCB3130A95D4D4B525 /* Localizable.strings */ = {isa = PBXFileReference; includeInIndex = 1; lastKnownFileType = text.plist.strings; name = Localizable.strings; path = fr.lproj/Localizable.strings; sourceTree = "<group>"; };
		122DA7039C222199B683A3E4 /* commande-lire.md */ = {isa = PBXFileReference; includeInIndex = 1; name = "commande-lire.md"; path = "es.lproj/commande-lire.md"; sourceTree = "<group>"; };
		13485210DAA8DF4164DAED0D /* AVoixHaute.app */ = {isa = PBXFileReference; explicitFileType = wrapper.application; includeInIndex = 0; path = AVoixHaute.app; sourceTree = BUILT_PRODUCTS_DIR; };
		1357AD9F90A2B58A596F984E /* competence-lire.md */ = {isa = PBXFileReference; includeInIndex = 1; name = "competence-lire.md"; path = "de.lproj/competence-lire.md"; sourceTree = "<group>"; };
		13D1B457DF4D77528184781D /* Localizable.strings */ = {isa = PBXFileReference; includeInIndex = 1; lastKnownFileType = text.plist.strings; name = Localizable.strings; path = pt.lproj/Localizable.strings; sourceTree = "<group>"; };
		23D178CD981BC7D0EBCC6909 /* commande-lire.md */ = {isa = PBXFileReference; includeInIndex = 1; name = "commande-lire.md"; path = "fr.lproj/commande-lire.md"; sourceTree = "<group>"; };
		252C65AC3A9D5AF7E0D3EA17 /* main.swift */ = {isa = PBXFileReference; includeInIndex = 1; lastKnownFileType = sourcecode.swift; path = main.swift; sourceTree = "<group>"; };
		2DBFC735534A70E0D0491F4B /* FenetreFlottante.swift */ = {isa = PBXFileReference; includeInIndex = 1; lastKnownFileType = sourcecode.swift; path = FenetreFlottante.swift; sourceTree = "<group>"; };
		333BB9C253E69F9CFEFEE3C7 /* competence-lire.md */ = {isa = PBXFileReference; includeInIndex = 1; name = "competence-lire.md"; path = "es.lproj/competence-lire.md"; sourceTree = "<group>"; };
		41672781D9D2B6494910C50F /* VueBienvenue.swift */ = {isa = PBXFileReference; includeInIndex = 1; lastKnownFileType = sourcecode.swift; path = VueBienvenue.swift; sourceTree = "<group>"; };
		43A6F65E2FF3322E16B5A1BA /* LICENSE.txt */ = {isa = PBXFileReference; includeInIndex = 1; name = LICENSE.txt; path = pt.lproj/LICENSE.txt; sourceTree = "<group>"; };
		487994925E987977CDA7DD89 /* LICENSE.txt */ = {isa = PBXFileReference; includeInIndex = 1; name = LICENSE.txt; path = it.lproj/LICENSE.txt; sourceTree = "<group>"; };
		495B10AD5689B93442F2AF6B /* competence-lire.md */ = {isa = PBXFileReference; includeInIndex = 1; name = "competence-lire.md"; path = "en.lproj/competence-lire.md"; sourceTree = "<group>"; };
		4CCB2D52E78DBB3E6645B3E7 /* Journal.swift */ = {isa = PBXFileReference; includeInIndex = 1; lastKnownFileType = sourcecode.swift; path = Journal.swift; sourceTree = "<group>"; };
		4FB85F12A1BA5C2947864DA9 /* InfoPlist.strings */ = {isa = PBXFileReference; includeInIndex = 1; lastKnownFileType = text.plist.strings; name = InfoPlist.strings; path = fr.lproj/InfoPlist.strings; sourceTree = "<group>"; };
		54FB25D97A0522D2F38E653C /* NettoyeurMarkdownTests.swift */ = {isa = PBXFileReference; includeInIndex = 1; lastKnownFileType = sourcecode.swift; path = NettoyeurMarkdownTests.swift; sourceTree = "<group>"; };
		5700A5E1AD3833233A8C06EF /* Traduction.swift */ = {isa = PBXFileReference; includeInIndex = 1; lastKnownFileType = sourcecode.swift; path = Traduction.swift; sourceTree = "<group>"; };
		59465DEB9141CCBC8C59B7CF /* DetecteurLangue.swift */ = {isa = PBXFileReference; includeInIndex = 1; lastKnownFileType = sourcecode.swift; path = DetecteurLangue.swift; sourceTree = "<group>"; };
		6362F576A431AC437858FA37 /* Reglages.swift */ = {isa = PBXFileReference; includeInIndex = 1; lastKnownFileType = sourcecode.swift; path = Reglages.swift; sourceTree = "<group>"; };
		6560F74E05110964E4B2AC9B /* RaccourciGlobal.swift */ = {isa = PBXFileReference; includeInIndex = 1; lastKnownFileType = sourcecode.swift; path = RaccourciGlobal.swift; sourceTree = "<group>"; };
		6723A4B82AB5944794B3E81A /* commande-lire.md */ = {isa = PBXFileReference; includeInIndex = 1; name = "commande-lire.md"; path = "pt.lproj/commande-lire.md"; sourceTree = "<group>"; };
		7221484B9BCD0CFE63444B80 /* competence-lire.md */ = {isa = PBXFileReference; includeInIndex = 1; name = "competence-lire.md"; path = "pt.lproj/competence-lire.md"; sourceTree = "<group>"; };
		72A95EF8170DFDF64A5A0992 /* ProtocoleSocket.swift */ = {isa = PBXFileReference; includeInIndex = 1; lastKnownFileType = sourcecode.swift; path = ProtocoleSocket.swift; sourceTree = "<group>"; };
		73062F2C8F9245E864124B15 /* InfoPlist.strings */ = {isa = PBXFileReference; includeInIndex = 1; lastKnownFileType = text.plist.strings; name = InfoPlist.strings; path = de.lproj/InfoPlist.strings; sourceTree = "<group>"; };
		735C3901AE0F507268F6B51F /* MoteurSynthese.swift */ = {isa = PBXFileReference; includeInIndex = 1; lastKnownFileType = sourcecode.swift; path = MoteurSynthese.swift; sourceTree = "<group>"; };
		73A81AFEBDAD4F9F829ABC90 /* VerificateurMiseAJour.swift */ = {isa = PBXFileReference; includeInIndex = 1; lastKnownFileType = sourcecode.swift; path = VerificateurMiseAJour.swift; sourceTree = "<group>"; };
		7421757DCCC5A445019C3753 /* Localizable.strings */ = {isa = PBXFileReference; includeInIndex = 1; lastKnownFileType = text.plist.strings; name = Localizable.strings; path = es.lproj/Localizable.strings; sourceTree = "<group>"; };
		749408BF6E9D3F20FB85D6F4 /* LICENSE.txt */ = {isa = PBXFileReference; includeInIndex = 1; name = LICENSE.txt; path = fr.lproj/LICENSE.txt; sourceTree = "<group>"; };
		74AB7DB50E908D5FCCAA0C4A /* commande-lire.md */ = {isa = PBXFileReference; includeInIndex = 1; name = "commande-lire.md"; path = "de.lproj/commande-lire.md"; sourceTree = "<group>"; };
		7B2BCE7D78909BA4C3746463 /* lire */ = {isa = PBXFileReference; includeInIndex = 0; path = lire; sourceTree = BUILT_PRODUCTS_DIR; };
		7CB132D95FD181E616FDBF81 /* InfoPlist.strings */ = {isa = PBXFileReference; includeInIndex = 1; lastKnownFileType = text.plist.strings; name = InfoPlist.strings; path = pt.lproj/InfoPlist.strings; sourceTree = "<group>"; };
		7CD6BC5C7DFDEB6056C9D111 /* GestionnaireLecteurs.swift */ = {isa = PBXFileReference; includeInIndex = 1; lastKnownFileType = sourcecode.swift; path = GestionnaireLecteurs.swift; sourceTree = "<group>"; };
		80429D1EF55AA9DE2E290EC9 /* CaptureSelection.swift */ = {isa = PBXFileReference; includeInIndex = 1; lastKnownFileType = sourcecode.swift; path = CaptureSelection.swift; sourceTree = "<group>"; };
		859F65B0DC8179DA82ED2CEB /* AVoixHaute.icns */ = {isa = PBXFileReference; includeInIndex = 1; path = AVoixHaute.icns; sourceTree = "<group>"; };
		89410933A02AD57F0129CA6F /* ControleurFenetreLecteur.swift */ = {isa = PBXFileReference; includeInIndex = 1; lastKnownFileType = sourcecode.swift; path = ControleurFenetreLecteur.swift; sourceTree = "<group>"; };
		8B241CADE21107E16C86B9B6 /* DelegueApplication.swift */ = {isa = PBXFileReference; includeInIndex = 1; lastKnownFileType = sourcecode.swift; path = DelegueApplication.swift; sourceTree = "<group>"; };
		9D0E55E9D2D3D47986554CAF /* InfoPlist.strings */ = {isa = PBXFileReference; includeInIndex = 1; lastKnownFileType = text.plist.strings; name = InfoPlist.strings; path = en.lproj/InfoPlist.strings; sourceTree = "<group>"; };
		9FBCA21A7407F7642D8B51A2 /* VueLecteur.swift */ = {isa = PBXFileReference; includeInIndex = 1; lastKnownFileType = sourcecode.swift; path = VueLecteur.swift; sourceTree = "<group>"; };
		A130C27D74C0C0C376E17110 /* Lecteur.swift */ = {isa = PBXFileReference; includeInIndex = 1; lastKnownFileType = sourcecode.swift; path = Lecteur.swift; sourceTree = "<group>"; };
		A1E08FCF6B6DBD925D737290 /* InfoPlist.strings */ = {isa = PBXFileReference; includeInIndex = 1; lastKnownFileType = text.plist.strings; name = InfoPlist.strings; path = it.lproj/InfoPlist.strings; sourceTree = "<group>"; };
		AA6A36C9FEC50500DEFF862C /* LICENSE.txt */ = {isa = PBXFileReference; includeInIndex = 1; name = LICENSE.txt; path = es.lproj/LICENSE.txt; sourceTree = "<group>"; };
		ACDA927635AB2F07364868E3 /* commande-lire.md */ = {isa = PBXFileReference; includeInIndex = 1; name = "commande-lire.md"; path = "en.lproj/commande-lire.md"; sourceTree = "<group>"; };
		AD7E92BBFDC4E8FB3583FDB5 /* competence-lire.md */ = {isa = PBXFileReference; includeInIndex = 1; name = "competence-lire.md"; path = "it.lproj/competence-lire.md"; sourceTree = "<group>"; };
		B07FF7743455F901E362802B /* VueReglages.swift */ = {isa = PBXFileReference; includeInIndex = 1; lastKnownFileType = sourcecode.swift; path = VueReglages.swift; sourceTree = "<group>"; };
		B4AE1F8416AB1D2A2D779372 /* InfoPlist.strings */ = {isa = PBXFileReference; includeInIndex = 1; lastKnownFileType = text.plist.strings; name = InfoPlist.strings; path = es.lproj/InfoPlist.strings; sourceTree = "<group>"; };
		B55E834B34DDA45D45FE0510 /* CatalogueVoix.swift */ = {isa = PBXFileReference; includeInIndex = 1; lastKnownFileType = sourcecode.swift; path = CatalogueVoix.swift; sourceTree = "<group>"; };
		B953073181F791EB08955CC6 /* MoteurSay.swift */ = {isa = PBXFileReference; includeInIndex = 1; lastKnownFileType = sourcecode.swift; path = MoteurSay.swift; sourceTree = "<group>"; };
		BBF355A0A2974BD80266C7A8 /* GestionnaireFichiersTemp.swift */ = {isa = PBXFileReference; includeInIndex = 1; lastKnownFileType = sourcecode.swift; path = GestionnaireFichiersTemp.swift; sourceTree = "<group>"; };
		BF4FDED1515977CBCB8394F6 /* AVoixHauteTests.xctest */ = {isa = PBXFileReference; explicitFileType = wrapper.cfbundle; includeInIndex = 0; path = AVoixHauteTests.xctest; sourceTree = BUILT_PRODUCTS_DIR; };
		BFDC090B80B3D39F8BDA7695 /* Cocoa.framework */ = {isa = PBXFileReference; lastKnownFileType = wrapper.framework; name = Cocoa.framework; path = Platforms/MacOSX.platform/Developer/SDKs/MacOSX10.15.sdk/System/Library/Frameworks/Cocoa.framework; sourceTree = DEVELOPER_DIR; };
		C5BE8E50EAE5DD956286F775 /* VueMiseAJour.swift */ = {isa = PBXFileReference; includeInIndex = 1; lastKnownFileType = sourcecode.swift; path = VueMiseAJour.swift; sourceTree = "<group>"; };
		D260994E7B4625EEC56623A3 /* ServeurSocket.swift */ = {isa = PBXFileReference; includeInIndex = 1; lastKnownFileType = sourcecode.swift; path = ServeurSocket.swift; sourceTree = "<group>"; };
		D29F98DF3DB86CF79FFC7E41 /* MiseAJourTests.swift */ = {isa = PBXFileReference; includeInIndex = 1; lastKnownFileType = sourcecode.swift; path = MiseAJourTests.swift; sourceTree = "<group>"; };
		DBB343F0C48DED22278C7D74 /* competence-lire.md */ = {isa = PBXFileReference; includeInIndex = 1; name = "competence-lire.md"; path = "fr.lproj/competence-lire.md"; sourceTree = "<group>"; };
		E096DC4D2D4AFA9EE831C45A /* Localizable.strings */ = {isa = PBXFileReference; includeInIndex = 1; lastKnownFileType = text.plist.strings; name = Localizable.strings; path = de.lproj/Localizable.strings; sourceTree = "<group>"; };
		E1EBE2BACC568A7974CB5F79 /* LICENSE.txt */ = {isa = PBXFileReference; includeInIndex = 1; name = LICENSE.txt; path = de.lproj/LICENSE.txt; sourceTree = "<group>"; };
		E257635D79C718516651A30F /* FournisseurService.swift */ = {isa = PBXFileReference; includeInIndex = 1; lastKnownFileType = sourcecode.swift; path = FournisseurService.swift; sourceTree = "<group>"; };
		E3103AB550A7D351D4F79375 /* LICENSE.txt */ = {isa = PBXFileReference; includeInIndex = 1; name = LICENSE.txt; path = en.lproj/LICENSE.txt; sourceTree = "<group>"; };
		E6787847B5ED51157E164712 /* ReglagesTests.swift */ = {isa = PBXFileReference; includeInIndex = 1; lastKnownFileType = sourcecode.swift; path = ReglagesTests.swift; sourceTree = "<group>"; };
		E954102613BD442F424C8D56 /* NettoyeurMarkdown.swift */ = {isa = PBXFileReference; includeInIndex = 1; lastKnownFileType = sourcecode.swift; path = NettoyeurMarkdown.swift; sourceTree = "<group>"; };
		EB30EE03A9BDA754E1AA7CE0 /* IntegrationIA.swift */ = {isa = PBXFileReference; includeInIndex = 1; lastKnownFileType = sourcecode.swift; path = IntegrationIA.swift; sourceTree = "<group>"; };
		F1DBBC32DE4B993AEA649583 /* Localizable.strings */ = {isa = PBXFileReference; includeInIndex = 1; lastKnownFileType = text.plist.strings; name = Localizable.strings; path = en.lproj/Localizable.strings; sourceTree = "<group>"; };
		F57E2F56200F67FC7C5650B7 /* commande-lire.md */ = {isa = PBXFileReference; includeInIndex = 1; name = "commande-lire.md"; path = "it.lproj/commande-lire.md"; sourceTree = "<group>"; };
		FED0496895A179374A89DBF6 /* Localizable.strings */ = {isa = PBXFileReference; includeInIndex = 1; lastKnownFileType = text.plist.strings; name = Localizable.strings; path = it.lproj/Localizable.strings; sourceTree = "<group>"; };
		FF6F8B71FC842C22D03A1E8C /* VueIntegrations.swift */ = {isa = PBXFileReference; includeInIndex = 1; lastKnownFileType = sourcecode.swift; path = VueIntegrations.swift; sourceTree = "<group>"; };
/* End PBXFileReference section */

/* Begin PBXFrameworksBuildPhase section */
		525C53D44D780196064CCC27 /* Frameworks */ = {
			isa = PBXFrameworksBuildPhase;
			buildActionMask = 2147483647;
			files = (
				FFB19D613069302E7C9B6093 /* Cocoa.framework in Frameworks */,
			);
			runOnlyForDeploymentPostprocessing = 0;
		};
		53CD95BAE6E1551AF3BED645 /* Frameworks */ = {
			isa = PBXFrameworksBuildPhase;
			buildActionMask = 2147483647;
			files = (
				EE0A5CE79CD9FDA9D85B0D2D /* Cocoa.framework in Frameworks */,
			);
			runOnlyForDeploymentPostprocessing = 0;
		};
		ADCBE73F5E57CB7EBBBC6D04 /* Frameworks */ = {
			isa = PBXFrameworksBuildPhase;
			buildActionMask = 2147483647;
			files = (
				FB1ACB51EECA6453541903AF /* Cocoa.framework in Frameworks */,
			);
			runOnlyForDeploymentPostprocessing = 0;
		};
/* End PBXFrameworksBuildPhase section */

/* Begin PBXGroup section */
		022B43F4B369F3795D0317CD /* Integrations */ = {
			isa = PBXGroup;
			children = (
				EB30EE03A9BDA754E1AA7CE0 /* IntegrationIA.swift */,
			);
			name = Integrations;
			path = Integrations;
			sourceTree = "<group>";
		};
		0CAE2804EE42E6B2E8B1CF93 /* Texte */ = {
			isa = PBXGroup;
			children = (
				59465DEB9141CCBC8C59B7CF /* DetecteurLangue.swift */,
				E954102613BD442F424C8D56 /* NettoyeurMarkdown.swift */,
			);
			name = Texte;
			path = Texte;
			sourceTree = "<group>";
		};
		11B7E15ADE2363A3F0C3037F /* Frameworks */ = {
			isa = PBXGroup;
			children = (
				485205C3B1FBDB84B49086DD /* OS X */,
			);
			name = Frameworks;
			sourceTree = "<group>";
		};
		37D2A08342A35C4081C0FF2C /* Interface */ = {
			isa = PBXGroup;
			children = (
				89410933A02AD57F0129CA6F /* ControleurFenetreLecteur.swift */,
				2DBFC735534A70E0D0491F4B /* FenetreFlottante.swift */,
				41672781D9D2B6494910C50F /* VueBienvenue.swift */,
				FF6F8B71FC842C22D03A1E8C /* VueIntegrations.swift */,
				9FBCA21A7407F7642D8B51A2 /* VueLecteur.swift */,
				C5BE8E50EAE5DD956286F775 /* VueMiseAJour.swift */,
				B07FF7743455F901E362802B /* VueReglages.swift */,
			);
			name = Interface;
			path = Interface;
			sourceTree = "<group>";
		};
		41DA0797D8213D50AC36C85D /* Entree */ = {
			isa = PBXGroup;
			children = (
				80429D1EF55AA9DE2E290EC9 /* CaptureSelection.swift */,
				E257635D79C718516651A30F /* FournisseurService.swift */,
				72A95EF8170DFDF64A5A0992 /* ProtocoleSocket.swift */,
				6560F74E05110964E4B2AC9B /* RaccourciGlobal.swift */,
				D260994E7B4625EEC56623A3 /* ServeurSocket.swift */,
			);
			name = Entree;
			path = Entree;
			sourceTree = "<group>";
		};
		485205C3B1FBDB84B49086DD /* OS X */ = {
			isa = PBXGroup;
			children = (
				BFDC090B80B3D39F8BDA7695 /* Cocoa.framework */,
			);
			name = "OS X";
			sourceTree = "<group>";
		};
		4DD3C761BFD0419AB6FB6543 /* Lecture */ = {
			isa = PBXGroup;
			children = (
				7CD6BC5C7DFDEB6056C9D111 /* GestionnaireLecteurs.swift */,
				A130C27D74C0C0C376E17110 /* Lecteur.swift */,
			);
			name = Lecture;
			path = Lecture;
			sourceTree = "<group>";
		};
		5E24863741C8F51ED4F0835B /* Tests */ = {
			isa = PBXGroup;
			children = (
				D29F98DF3DB86CF79FFC7E41 /* MiseAJourTests.swift */,
				54FB25D97A0522D2F38E653C /* NettoyeurMarkdownTests.swift */,
				E6787847B5ED51157E164712 /* ReglagesTests.swift */,
			);
			name = Tests;
			path = Tests;
			sourceTree = "<group>";
		};
		5F79B71BAEBC6E0B6567F9AA /* Sources */ = {
			isa = PBXGroup;
			children = (
				B282433087DA40BA4F68D3E6 /* App */,
				D0FE69610274B6DF175F2210 /* Commun */,
				41DA0797D8213D50AC36C85D /* Entree */,
				022B43F4B369F3795D0317CD /* Integrations */,
				37D2A08342A35C4081C0FF2C /* Interface */,
				4DD3C761BFD0419AB6FB6543 /* Lecture */,
				A2DC706129F9F05819859115 /* MiseAJour */,
				B026818E48F1C9D0FE56830A /* Reglages */,
				64B0FCBC5CE48D6B4A62FBDE /* Synthese */,
				0CAE2804EE42E6B2E8B1CF93 /* Texte */,
			);
			name = Sources;
			path = Sources;
			sourceTree = "<group>";
		};
		64B0FCBC5CE48D6B4A62FBDE /* Synthese */ = {
			isa = PBXGroup;
			children = (
				B55E834B34DDA45D45FE0510 /* CatalogueVoix.swift */,
				B953073181F791EB08955CC6 /* MoteurSay.swift */,
				735C3901AE0F507268F6B51F /* MoteurSynthese.swift */,
			);
			name = Synthese;
			path = Synthese;
			sourceTree = "<group>";
		};
		71AE1A37E902FEC3420C424B /* Products */ = {
			isa = PBXGroup;
			children = (
				13485210DAA8DF4164DAED0D /* AVoixHaute.app */,
				7B2BCE7D78909BA4C3746463 /* lire */,
				BF4FDED1515977CBCB8394F6 /* AVoixHauteTests.xctest */,
			);
			name = Products;
			sourceTree = "<group>";
		};
		8466354B2726B3B612168451 = {
			isa = PBXGroup;
			children = (
				71AE1A37E902FEC3420C424B /* Products */,
				11B7E15ADE2363A3F0C3037F /* Frameworks */,
				5F79B71BAEBC6E0B6567F9AA /* Sources */,
				A2460F4387546E8E58F31346 /* SourcesCLI */,
				5E24863741C8F51ED4F0835B /* Tests */,
				84D679F426098E6599449E85 /* Ressources */,
			);
			sourceTree = "<group>";
		};
		84D679F426098E6599449E85 /* Ressources */ = {
			isa = PBXGroup;
			children = (
				859F65B0DC8179DA82ED2CEB /* AVoixHaute.icns */,
				E096DC4D2D4AFA9EE831C45A /* Localizable.strings */,
				73062F2C8F9245E864124B15 /* InfoPlist.strings */,
				74AB7DB50E908D5FCCAA0C4A /* commande-lire.md */,
				1357AD9F90A2B58A596F984E /* competence-lire.md */,
				E1EBE2BACC568A7974CB5F79 /* LICENSE.txt */,
				F1DBBC32DE4B993AEA649583 /* Localizable.strings */,
				9D0E55E9D2D3D47986554CAF /* InfoPlist.strings */,
				ACDA927635AB2F07364868E3 /* commande-lire.md */,
				495B10AD5689B93442F2AF6B /* competence-lire.md */,
				E3103AB550A7D351D4F79375 /* LICENSE.txt */,
				7421757DCCC5A445019C3753 /* Localizable.strings */,
				B4AE1F8416AB1D2A2D779372 /* InfoPlist.strings */,
				122DA7039C222199B683A3E4 /* commande-lire.md */,
				333BB9C253E69F9CFEFEE3C7 /* competence-lire.md */,
				AA6A36C9FEC50500DEFF862C /* LICENSE.txt */,
				0BDF3ADCB3130A95D4D4B525 /* Localizable.strings */,
				4FB85F12A1BA5C2947864DA9 /* InfoPlist.strings */,
				23D178CD981BC7D0EBCC6909 /* commande-lire.md */,
				DBB343F0C48DED22278C7D74 /* competence-lire.md */,
				749408BF6E9D3F20FB85D6F4 /* LICENSE.txt */,
				FED0496895A179374A89DBF6 /* Localizable.strings */,
				A1E08FCF6B6DBD925D737290 /* InfoPlist.strings */,
				F57E2F56200F67FC7C5650B7 /* commande-lire.md */,
				AD7E92BBFDC4E8FB3583FDB5 /* competence-lire.md */,
				487994925E987977CDA7DD89 /* LICENSE.txt */,
				13D1B457DF4D77528184781D /* Localizable.strings */,
				7CB132D95FD181E616FDBF81 /* InfoPlist.strings */,
				6723A4B82AB5944794B3E81A /* commande-lire.md */,
				7221484B9BCD0CFE63444B80 /* competence-lire.md */,
				43A6F65E2FF3322E16B5A1BA /* LICENSE.txt */,
			);
			name = Ressources;
			path = Ressources;
			sourceTree = "<group>";
		};
		8C0E565CFFE1685C118E628B /* lire */ = {
			isa = PBXGroup;
			children = (
				252C65AC3A9D5AF7E0D3EA17 /* main.swift */,
			);
			name = lire;
			path = lire;
			sourceTree = "<group>";
		};
		A2460F4387546E8E58F31346 /* SourcesCLI */ = {
			isa = PBXGroup;
			children = (
				8C0E565CFFE1685C118E628B /* lire */,
			);
			name = SourcesCLI;
			path = SourcesCLI;
			sourceTree = "<group>";
		};
		A2DC706129F9F05819859115 /* MiseAJour */ = {
			isa = PBXGroup;
			children = (
				73A81AFEBDAD4F9F829ABC90 /* VerificateurMiseAJour.swift */,
			);
			name = MiseAJour;
			path = MiseAJour;
			sourceTree = "<group>";
		};
		B026818E48F1C9D0FE56830A /* Reglages */ = {
			isa = PBXGroup;
			children = (
				6362F576A431AC437858FA37 /* Reglages.swift */,
			);
			name = Reglages;
			path = Reglages;
			sourceTree = "<group>";
		};
		B282433087DA40BA4F68D3E6 /* App */ = {
			isa = PBXGroup;
			children = (
				8B241CADE21107E16C86B9B6 /* DelegueApplication.swift */,
				0A9953B67E3BED7D19C74D72 /* main.swift */,
			);
			name = App;
			path = App;
			sourceTree = "<group>";
		};
		D0FE69610274B6DF175F2210 /* Commun */ = {
			isa = PBXGroup;
			children = (
				BBF355A0A2974BD80266C7A8 /* GestionnaireFichiersTemp.swift */,
				4CCB2D52E78DBB3E6645B3E7 /* Journal.swift */,
				5700A5E1AD3833233A8C06EF /* Traduction.swift */,
			);
			name = Commun;
			path = Commun;
			sourceTree = "<group>";
		};
/* End PBXGroup section */

/* Begin PBXNativeTarget section */
		1457129960FF386C64D2C7BF /* AVoixHaute */ = {
			isa = PBXNativeTarget;
			buildConfigurationList = 1E76155ACADE41B71330C9D4 /* Build configuration list for PBXNativeTarget "AVoixHaute" */;
			buildPhases = (
				B159D02D75BB77F55260E020 /* Sources */,
				525C53D44D780196064CCC27 /* Frameworks */,
				887DEE9EFB3AB32BCFB1422C /* Resources */,
				D74B603047D5B62D07C3C068 /* Copier le helper CLI */,
			);
			buildRules = (
			);
			dependencies = (
				0305EEEADE272EE8CEA64A30 /* PBXTargetDependency */,
			);
			name = AVoixHaute;
			productName = AVoixHaute;
			productReference = 13485210DAA8DF4164DAED0D /* AVoixHaute.app */;
			productType = "com.apple.product-type.application";
		};
		1759A73243462EDACAFC31CB /* AVoixHauteTests */ = {
			isa = PBXNativeTarget;
			buildConfigurationList = 6B0909252AEFDD7DA014009A /* Build configuration list for PBXNativeTarget "AVoixHauteTests" */;
			buildPhases = (
				689AB391A7A20EF80C3C0877 /* Sources */,
				ADCBE73F5E57CB7EBBBC6D04 /* Frameworks */,
				BCD4A23ED644DE0A5A361837 /* Resources */,
			);
			buildRules = (
			);
			dependencies = (
				D30A253C68E3CADBCC4B9045 /* PBXTargetDependency */,
			);
			name = AVoixHauteTests;
			productName = AVoixHauteTests;
			productReference = BF4FDED1515977CBCB8394F6 /* AVoixHauteTests.xctest */;
			productType = "com.apple.product-type.bundle.unit-test";
		};
		ACC95CE189C23C0B1E388A4E /* lire */ = {
			isa = PBXNativeTarget;
			buildConfigurationList = A5159B85755BE34DB0C4A615 /* Build configuration list for PBXNativeTarget "lire" */;
			buildPhases = (
				6E76EDEC1C7B59966FC6E4C3 /* Sources */,
				53CD95BAE6E1551AF3BED645 /* Frameworks */,
			);
			buildRules = (
			);
			dependencies = (
			);
			name = lire;
			productName = lire;
			productReference = 7B2BCE7D78909BA4C3746463 /* lire */;
			productType = "com.apple.product-type.tool";
		};
/* End PBXNativeTarget section */

/* Begin PBXProject section */
		871F3A85779E27BA2751C279 /* Project object */ = {
			isa = PBXProject;
			attributes = {
				LastSwiftUpdateCheck = 1500;
				LastUpgradeCheck = 1500;
			};
			buildConfigurationList = 7D8662D24B05EA05B22BFD76 /* Build configuration list for PBXProject "AVoixHaute" */;
			compatibilityVersion = "Xcode 3.2";
			developmentRegion = en;
			hasScannedForEncodings = 0;
			knownRegions = (
				de,
				en,
				es,
				fr,
				it,
				pt,
				Base,
			);
			mainGroup = 8466354B2726B3B612168451;
			productRefGroup = 71AE1A37E902FEC3420C424B /* Products */;
			projectDirPath = "";
			projectRoot = "";
			targets = (
				1457129960FF386C64D2C7BF /* AVoixHaute */,
				ACC95CE189C23C0B1E388A4E /* lire */,
				1759A73243462EDACAFC31CB /* AVoixHauteTests */,
			);
		};
/* End PBXProject section */

/* Begin PBXResourcesBuildPhase section */
		887DEE9EFB3AB32BCFB1422C /* Resources */ = {
			isa = PBXResourcesBuildPhase;
			buildActionMask = 2147483647;
			files = (
				34A2E4AD56556D26AE441413 /* AVoixHaute.icns in Resources */,
				4BF6505B6FC65A359B528F6F /* Localizable.strings in Resources */,
				8A3ED1B6279C9770EE3CEF7D /* InfoPlist.strings in Resources */,
				0D0FCD472D2EEA48B9161C2F /* commande-lire.md in Resources */,
				78BDE5F53DA03D4FD36858A9 /* competence-lire.md in Resources */,
				3A8810E454122153779002A9 /* LICENSE.txt in Resources */,
				1FC0070FFC4B40DED7604044 /* Localizable.strings in Resources */,
				3599B6792FE4B5CFD6627900 /* InfoPlist.strings in Resources */,
				B4FF115708C20D9928FBA8E3 /* commande-lire.md in Resources */,
				54B79172181ACC781182D3B9 /* competence-lire.md in Resources */,
				57B1C087F8C47EA5767A8089 /* LICENSE.txt in Resources */,
				5CEC825931B6EE3F808D7DA7 /* Localizable.strings in Resources */,
				5D9E31815696FBAB409771F0 /* InfoPlist.strings in Resources */,
				FD8656D23225190A3A29EF1B /* commande-lire.md in Resources */,
				8247E69FE5D969683D3649FB /* competence-lire.md in Resources */,
				B0A780E02922C4D63FAEF14A /* LICENSE.txt in Resources */,
				284FA8F11C4F04260BB74D52 /* Localizable.strings in Resources */,
				AED5B5B4F35E4B51E55CB6C4 /* InfoPlist.strings in Resources */,
				0D4A08EFD5A502C055E9B711 /* commande-lire.md in Resources */,
				89E11F41181FAD4DCCD5EB2F /* competence-lire.md in Resources */,
				BA0FEA3CF10E70D169C1DFF2 /* LICENSE.txt in Resources */,
				E19D1800532959F494C7617C /* Localizable.strings in Resources */,
				A5F91A653506661D415780A0 /* InfoPlist.strings in Resources */,
				CF119CD1F531BD6D3BCAA44A /* commande-lire.md in Resources */,
				3AF5AC6DCCBAC60F485B79C9 /* competence-lire.md in Resources */,
				C8160213A0D32958E7FED6CB /* LICENSE.txt in Resources */,
				F339777577C3B0B062031288 /* Localizable.strings in Resources */,
				BF119EAA154AFE36B3E76A65 /* InfoPlist.strings in Resources */,
				5E82E9432F8CA5EDB0AC8BF5 /* commande-lire.md in Resources */,
				26BD8BD926727D3A23E62F84 /* competence-lire.md in Resources */,
				6D93B0E242753A456C34C632 /* LICENSE.txt in Resources */,
			);
			runOnlyForDeploymentPostprocessing = 0;
		};
		BCD4A23ED644DE0A5A361837 /* Resources */ = {
			isa = PBXResourcesBuildPhase;
			buildActionMask = 2147483647;
			files = (
			);
			runOnlyForDeploymentPostprocessing = 0;
		};
/* End PBXResourcesBuildPhase section */

/* Begin PBXSourcesBuildPhase section */
		689AB391A7A20EF80C3C0877 /* Sources */ = {
			isa = PBXSourcesBuildPhase;
			buildActionMask = 2147483647;
			files = (
				1D27536FFB1A1E5E2577C541 /* MiseAJourTests.swift in Sources */,
				AEA16807F513C635D8BEEFE2 /* NettoyeurMarkdownTests.swift in Sources */,
				3FE37643B6D4EF25BD0A3CCB /* ReglagesTests.swift in Sources */,
			);
			runOnlyForDeploymentPostprocessing = 0;
		};
		6E76EDEC1C7B59966FC6E4C3 /* Sources */ = {
			isa = PBXSourcesBuildPhase;
			buildActionMask = 2147483647;
			files = (
				7CF2E070BA78968D33427F96 /* main.swift in Sources */,
			);
			runOnlyForDeploymentPostprocessing = 0;
		};
		B159D02D75BB77F55260E020 /* Sources */ = {
			isa = PBXSourcesBuildPhase;
			buildActionMask = 2147483647;
			files = (
				B8FFBDDF12BA15EAF1B768F9 /* DelegueApplication.swift in Sources */,
				5598540BA3B72E42441FD0FB /* main.swift in Sources */,
				3DB8E07939C6E6C2E3E883BD /* GestionnaireFichiersTemp.swift in Sources */,
				AC052B0463B44ED4251DF059 /* Journal.swift in Sources */,
				ADB25E2E7E19A7EF66A0363C /* Traduction.swift in Sources */,
				54CD19BDF4EEE3C681689097 /* CaptureSelection.swift in Sources */,
				420D9CD90CD611B893C9576A /* FournisseurService.swift in Sources */,
				1DF8C7030E850DBD03903E7C /* ProtocoleSocket.swift in Sources */,
				D716F7EEF9919CD0D480EE9F /* RaccourciGlobal.swift in Sources */,
				B04BB9E83F298766658EA512 /* ServeurSocket.swift in Sources */,
				6118C7BF6F636187FCBC84CB /* IntegrationIA.swift in Sources */,
				2E794F9AC3889EE9E2C5B8CE /* ControleurFenetreLecteur.swift in Sources */,
				78672427E65D6D73C5BB6732 /* FenetreFlottante.swift in Sources */,
				95750D39E4D24B7A12B54573 /* VueBienvenue.swift in Sources */,
				1F96E80EC2A9A9AD91443643 /* VueIntegrations.swift in Sources */,
				5CD0E08C9ABA384721062769 /* VueLecteur.swift in Sources */,
				4ED3612EF00D8AD63AFAE282 /* VueMiseAJour.swift in Sources */,
				1765287CF6680150B97AE4D9 /* VueReglages.swift in Sources */,
				6873FCA6751A273D84A25F77 /* GestionnaireLecteurs.swift in Sources */,
				B46B80700DB2D8D511CCA50B /* Lecteur.swift in Sources */,
				E63AB527C0D9510FE3897B00 /* VerificateurMiseAJour.swift in Sources */,
				86DA8A23A97152A52B1A01CA /* Reglages.swift in Sources */,
				7D5F14FDC6698C9C015807F3 /* CatalogueVoix.swift in Sources */,
				205408312FCBF59696E6B5A4 /* MoteurSay.swift in Sources */,
				CB24F36EE85A9EDC7CF25E8E /* MoteurSynthese.swift in Sources */,
				0C151B0770EA190F05AF5229 /* DetecteurLangue.swift in Sources */,
				CB32A4BEAB62682CC6A5FB92 /* NettoyeurMarkdown.swift in Sources */,
			);
			runOnlyForDeploymentPostprocessing = 0;
		};
/* End PBXSourcesBuildPhase section */

/* Begin PBXTargetDependency section */
		0305EEEADE272EE8CEA64A30 /* PBXTargetDependency */ = {
			isa = PBXTargetDependency;
			name = lire;
			target = ACC95CE189C23C0B1E388A4E /* lire */;
			targetProxy = 3F54B3D0D8430FDD337FDFA3 /* PBXContainerItemProxy */;
		};
		D30A253C68E3CADBCC4B9045 /* PBXTargetDependency */ = {
			isa = PBXTargetDependency;
			name = AVoixHaute;
			target = 1457129960FF386C64D2C7BF /* AVoixHaute */;
			targetProxy = 2C260A6469743B0C48351A03 /* PBXContainerItemProxy */;
		};
/* End PBXTargetDependency section */

/* Begin XCBuildConfiguration section */
		038689B9B3C03B3E97A5AC10 /* Debug */ = {
			isa = XCBuildConfiguration;
			buildSettings = {
				ALWAYS_SEARCH_USER_PATHS = NO;
				CLANG_ANALYZER_NONNULL = YES;
				CLANG_ANALYZER_NUMBER_OBJECT_CONVERSION = YES_AGGRESSIVE;
				CLANG_CXX_LANGUAGE_STANDARD = "gnu++14";
				CLANG_CXX_LIBRARY = "libc++";
				CLANG_ENABLE_MODULES = YES;
				CLANG_ENABLE_OBJC_ARC = YES;
				CLANG_ENABLE_OBJC_WEAK = YES;
				CLANG_WARN_BLOCK_CAPTURE_AUTORELEASING = YES;
				CLANG_WARN_BOOL_CONVERSION = YES;
				CLANG_WARN_COMMA = YES;
				CLANG_WARN_CONSTANT_CONVERSION = YES;
				CLANG_WARN_DEPRECATED_OBJC_IMPLEMENTATIONS = YES;
				CLANG_WARN_DIRECT_OBJC_ISA_USAGE = YES_ERROR;
				CLANG_WARN_DOCUMENTATION_COMMENTS = YES;
				CLANG_WARN_EMPTY_BODY = YES;
				CLANG_WARN_ENUM_CONVERSION = YES;
				CLANG_WARN_INFINITE_RECURSION = YES;
				CLANG_WARN_INT_CONVERSION = YES;
				CLANG_WARN_NON_LITERAL_NULL_CONVERSION = YES;
				CLANG_WARN_OBJC_IMPLICIT_RETAIN_SELF = YES;
				CLANG_WARN_OBJC_LITERAL_CONVERSION = YES;
				CLANG_WARN_OBJC_ROOT_CLASS = YES_ERROR;
				CLANG_WARN_QUOTED_INCLUDE_IN_FRAMEWORK_HEADER = YES;
				CLANG_WARN_RANGE_LOOP_ANALYSIS = YES;
				CLANG_WARN_STRICT_PROTOTYPES = YES;
				CLANG_WARN_SUSPICIOUS_MOVE = YES;
				CLANG_WARN_UNGUARDED_AVAILABILITY = YES_AGGRESSIVE;
				CLANG_WARN_UNREACHABLE_CODE = YES;
				CLANG_WARN__DUPLICATE_METHOD_MATCH = YES;
				CODE_SIGNING_ALLOWED = YES;
				CODE_SIGNING_REQUIRED = YES;
				CODE_SIGN_IDENTITY = 3D909274B7703CD03F2B29D33E6A9757817B3143;
				CODE_SIGN_STYLE = Manual;
				COPY_PHASE_STRIP = NO;
				DEBUG_INFORMATION_FORMAT = dwarf;
				DEVELOPMENT_TEAM = "";
				ENABLE_APP_SANDBOX = NO;
				ENABLE_HARDENED_RUNTIME = NO;
				ENABLE_STRICT_OBJC_MSGSEND = YES;
				ENABLE_TESTABILITY = YES;
				GCC_C_LANGUAGE_STANDARD = gnu11;
				GCC_DYNAMIC_NO_PIC = NO;
				GCC_NO_COMMON_BLOCKS = YES;
				GCC_OPTIMIZATION_LEVEL = 0;
				GCC_PREPROCESSOR_DEFINITIONS = (
					"DEBUG=1",
					"$(inherited)",
				);
				GCC_WARN_64_TO_32_BIT_CONVERSION = YES;
				GCC_WARN_ABOUT_RETURN_TYPE = YES_ERROR;
				GCC_WARN_UNDECLARED_SELECTOR = YES;
				GCC_WARN_UNINITIALIZED_AUTOS = YES_AGGRESSIVE;
				GCC_WARN_UNUSED_FUNCTION = YES;
				GCC_WARN_UNUSED_VARIABLE = YES;
				MACOSX_DEPLOYMENT_TARGET = 14.0;
				MTL_ENABLE_DEBUG_INFO = INCLUDE_SOURCE;
				MTL_FAST_MATH = YES;
				ONLY_ACTIVE_ARCH = YES;
				PRODUCT_NAME = "$(TARGET_NAME)";
				SWIFT_ACTIVE_COMPILATION_CONDITIONS = DEBUG;
				SWIFT_OPTIMIZATION_LEVEL = "-Onone";
				SWIFT_VERSION = 5.0;
			};
			name = Debug;
		};
		28FAE3364BCE0A94673F9DF2 /* Debug */ = {
			isa = XCBuildConfiguration;
			buildSettings = {
				ASSETCATALOG_COMPILER_APPICON_NAME = AppIcon;
				ASSETCATALOG_COMPILER_GLOBAL_ACCENT_COLOR_NAME = AccentColor;
				COMBINE_HIDPI_IMAGES = YES;
				CURRENT_PROJECT_VERSION = 1;
				INFOPLIST_FILE = Sources/App/Info.plist;
				LD_RUNPATH_SEARCH_PATHS = "$(inherited) @executable_path/../Frameworks";
				MACOSX_DEPLOYMENT_TARGET = 14.0;
				MARKETING_VERSION = 1.0.0;
				PRODUCT_BUNDLE_IDENTIFIER = app.avoixhaute.player;
				PRODUCT_NAME = AVoixHaute;
				SDKROOT = macosx;
				SWIFT_MAIN_FILE_IS_TOP_LEVEL_CODE = YES;
			};
			name = Debug;
		};
		417B918FFB0C15922FDB5379 /* Debug */ = {
			isa = XCBuildConfiguration;
			buildSettings = {
				MACOSX_DEPLOYMENT_TARGET = 14.0;
				PRODUCT_BUNDLE_IDENTIFIER = app.avoixhaute.player.cli;
				PRODUCT_NAME = lire;
				SDKROOT = macosx;
				SKIP_INSTALL = YES;
			};
			name = Debug;
		};
		4A9B41C05BF4990BD850B86F /* Release */ = {
			isa = XCBuildConfiguration;
			buildSettings = {
				MACOSX_DEPLOYMENT_TARGET = 14.0;
				PRODUCT_BUNDLE_IDENTIFIER = app.avoixhaute.player.cli;
				PRODUCT_NAME = lire;
				SDKROOT = macosx;
				SKIP_INSTALL = YES;
			};
			name = Release;
		};
		5286A44237C94E47BD6A1550 /* Debug */ = {
			isa = XCBuildConfiguration;
			buildSettings = {
				BUNDLE_LOADER = "$(TEST_HOST)";
				GENERATE_INFOPLIST_FILE = YES;
				MACOSX_DEPLOYMENT_TARGET = 14.0;
				PRODUCT_BUNDLE_IDENTIFIER = app.avoixhaute.player.tests;
				PRODUCT_NAME = AVoixHauteTests;
				SDKROOT = macosx;
				TEST_HOST = "$(BUILT_PRODUCTS_DIR)/AVoixHaute.app/Contents/MacOS/AVoixHaute";
			};
			name = Debug;
		};
		8756A7F2887EBF6A794A6BA4 /* Release */ = {
			isa = XCBuildConfiguration;
			buildSettings = {
				ASSETCATALOG_COMPILER_APPICON_NAME = AppIcon;
				ASSETCATALOG_COMPILER_GLOBAL_ACCENT_COLOR_NAME = AccentColor;
				COMBINE_HIDPI_IMAGES = YES;
				CURRENT_PROJECT_VERSION = 1;
				INFOPLIST_FILE = Sources/App/Info.plist;
				LD_RUNPATH_SEARCH_PATHS = "$(inherited) @executable_path/../Frameworks";
				MACOSX_DEPLOYMENT_TARGET = 14.0;
				MARKETING_VERSION = 1.0.0;
				PRODUCT_BUNDLE_IDENTIFIER = app.avoixhaute.player;
				PRODUCT_NAME = AVoixHaute;
				SDKROOT = macosx;
				SWIFT_MAIN_FILE_IS_TOP_LEVEL_CODE = YES;
			};
			name = Release;
		};
		DB2D45425AEC49C3AD9EDF68 /* Release */ = {
			isa = XCBuildConfiguration;
			buildSettings = {
				BUNDLE_LOADER = "$(TEST_HOST)";
				GENERATE_INFOPLIST_FILE = YES;
				MACOSX_DEPLOYMENT_TARGET = 14.0;
				PRODUCT_BUNDLE_IDENTIFIER = app.avoixhaute.player.tests;
				PRODUCT_NAME = AVoixHauteTests;
				SDKROOT = macosx;
				TEST_HOST = "$(BUILT_PRODUCTS_DIR)/AVoixHaute.app/Contents/MacOS/AVoixHaute";
			};
			name = Release;
		};
		F7DD911C301B981B875A23D5 /* Release */ = {
			isa = XCBuildConfiguration;
			buildSettings = {
				ALWAYS_SEARCH_USER_PATHS = NO;
				CLANG_ANALYZER_NONNULL = YES;
				CLANG_ANALYZER_NUMBER_OBJECT_CONVERSION = YES_AGGRESSIVE;
				CLANG_CXX_LANGUAGE_STANDARD = "gnu++14";
				CLANG_CXX_LIBRARY = "libc++";
				CLANG_ENABLE_MODULES = YES;
				CLANG_ENABLE_OBJC_ARC = YES;
				CLANG_ENABLE_OBJC_WEAK = YES;
				CLANG_WARN_BLOCK_CAPTURE_AUTORELEASING = YES;
				CLANG_WARN_BOOL_CONVERSION = YES;
				CLANG_WARN_COMMA = YES;
				CLANG_WARN_CONSTANT_CONVERSION = YES;
				CLANG_WARN_DEPRECATED_OBJC_IMPLEMENTATIONS = YES;
				CLANG_WARN_DIRECT_OBJC_ISA_USAGE = YES_ERROR;
				CLANG_WARN_DOCUMENTATION_COMMENTS = YES;
				CLANG_WARN_EMPTY_BODY = YES;
				CLANG_WARN_ENUM_CONVERSION = YES;
				CLANG_WARN_INFINITE_RECURSION = YES;
				CLANG_WARN_INT_CONVERSION = YES;
				CLANG_WARN_NON_LITERAL_NULL_CONVERSION = YES;
				CLANG_WARN_OBJC_IMPLICIT_RETAIN_SELF = YES;
				CLANG_WARN_OBJC_LITERAL_CONVERSION = YES;
				CLANG_WARN_OBJC_ROOT_CLASS = YES_ERROR;
				CLANG_WARN_QUOTED_INCLUDE_IN_FRAMEWORK_HEADER = YES;
				CLANG_WARN_RANGE_LOOP_ANALYSIS = YES;
				CLANG_WARN_STRICT_PROTOTYPES = YES;
				CLANG_WARN_SUSPICIOUS_MOVE = YES;
				CLANG_WARN_UNGUARDED_AVAILABILITY = YES_AGGRESSIVE;
				CLANG_WARN_UNREACHABLE_CODE = YES;
				CLANG_WARN__DUPLICATE_METHOD_MATCH = YES;
				CODE_SIGNING_ALLOWED = YES;
				CODE_SIGNING_REQUIRED = YES;
				CODE_SIGN_IDENTITY = 3D909274B7703CD03F2B29D33E6A9757817B3143;
				CODE_SIGN_STYLE = Manual;
				COPY_PHASE_STRIP = NO;
				DEBUG_INFORMATION_FORMAT = "dwarf-with-dsym";
				DEVELOPMENT_TEAM = "";
				ENABLE_APP_SANDBOX = NO;
				ENABLE_HARDENED_RUNTIME = NO;
				ENABLE_NS_ASSERTIONS = NO;
				ENABLE_STRICT_OBJC_MSGSEND = YES;
				GCC_C_LANGUAGE_STANDARD = gnu11;
				GCC_NO_COMMON_BLOCKS = YES;
				GCC_WARN_64_TO_32_BIT_CONVERSION = YES;
				GCC_WARN_ABOUT_RETURN_TYPE = YES_ERROR;
				GCC_WARN_UNDECLARED_SELECTOR = YES;
				GCC_WARN_UNINITIALIZED_AUTOS = YES_AGGRESSIVE;
				GCC_WARN_UNUSED_FUNCTION = YES;
				GCC_WARN_UNUSED_VARIABLE = YES;
				MACOSX_DEPLOYMENT_TARGET = 14.0;
				MTL_ENABLE_DEBUG_INFO = NO;
				MTL_FAST_MATH = YES;
				PRODUCT_NAME = "$(TARGET_NAME)";
				SWIFT_COMPILATION_MODE = wholemodule;
				SWIFT_OPTIMIZATION_LEVEL = "-O";
				SWIFT_VERSION = 5.0;
			};
			name = Release;
		};
/* End XCBuildConfiguration section */

/* Begin XCConfigurationList section */
		1E76155ACADE41B71330C9D4 /* Build configuration list for PBXNativeTarget "AVoixHaute" */ = {
			isa = XCConfigurationList;
			buildConfigurations = (
				8756A7F2887EBF6A794A6BA4 /* Release */,
				28FAE3364BCE0A94673F9DF2 /* Debug */,
			);
			defaultConfigurationIsVisible = 0;
			defaultConfigurationName = Release;
		};
		6B0909252AEFDD7DA014009A /* Build configuration list for PBXNativeTarget "AVoixHauteTests" */ = {
			isa = XCConfigurationList;
			buildConfigurations = (
				DB2D45425AEC49C3AD9EDF68 /* Release */,
				5286A44237C94E47BD6A1550 /* Debug */,
			);
			defaultConfigurationIsVisible = 0;
			defaultConfigurationName = Release;
		};
		7D8662D24B05EA05B22BFD76 /* Build configuration list for PBXProject "AVoixHaute" */ = {
			isa = XCConfigurationList;
			buildConfigurations = (
				038689B9B3C03B3E97A5AC10 /* Debug */,
				F7DD911C301B981B875A23D5 /* Release */,
			);
			defaultConfigurationIsVisible = 0;
			defaultConfigurationName = Release;
		};
		A5159B85755BE34DB0C4A615 /* Build configuration list for PBXNativeTarget "lire" */ = {
			isa = XCConfigurationList;
			buildConfigurations = (
				4A9B41C05BF4990BD850B86F /* Release */,
				417B918FFB0C15922FDB5379 /* Debug */,
			);
			defaultConfigurationIsVisible = 0;
			defaultConfigurationName = Release;
		};
/* End XCConfigurationList section */
	};
	rootObject = 871F3A85779E27BA2751C279 /* Project object */;
}
