// !$*UTF8*$!
{
	archiveVersion = 1;
	classes = {
	};
	objectVersion = 46;
	objects = {

/* Begin PBXBuildFile section */
		01DF9D8CED5D10E41149E542 /* NettoyeurMarkdown.swift in Sources */ = {isa = PBXBuildFile; fileRef = 4D893E06AC1DC1F1E0CF080D /* NettoyeurMarkdown.swift */; };
		07BAD4231FE7DA6723346274 /* main.swift in Sources */ = {isa = PBXBuildFile; fileRef = 6C3EF0CD107BB1D21C736CBC /* main.swift */; };
		1108344736EB3033FBD81D13 /* ProtocoleSocket.swift in Sources */ = {isa = PBXBuildFile; fileRef = E0B206E7AA229F9B43BD4483 /* ProtocoleSocket.swift */; };
		18493724150973FF5E07D093 /* CatalogueVoix.swift in Sources */ = {isa = PBXBuildFile; fileRef = 853B4627EBFAC783AB10969E /* CatalogueVoix.swift */; };
		225D755E8E0CEA490599CDBC /* ControleurFenetreLecteur.swift in Sources */ = {isa = PBXBuildFile; fileRef = 8085902E7C80BB4968ADA7E6 /* ControleurFenetreLecteur.swift */; };
		31F0729D57B1C3A02DA3291A /* Reglages.swift in Sources */ = {isa = PBXBuildFile; fileRef = 8DA9D45E093BD78C92C69331 /* Reglages.swift */; };
		329D6F0F52782347BB3380CD /* Cocoa.framework in Frameworks */ = {isa = PBXBuildFile; fileRef = F6B12C84D01A6A7420EECD6F /* Cocoa.framework */; };
		3677C497CF55E7008AC45F33 /* Lecteur.swift in Sources */ = {isa = PBXBuildFile; fileRef = 83B55D7F1C6B239824F66B86 /* Lecteur.swift */; };
		3EC3385B5A63E09DEA1D8043 /* DelegueApplication.swift in Sources */ = {isa = PBXBuildFile; fileRef = C8FB5DEC8DBD6D2EEB149B37 /* DelegueApplication.swift */; };
		5C10DA048246A4FDDC89A547 /* Journal.swift in Sources */ = {isa = PBXBuildFile; fileRef = B816431BD071897CED34BA2E /* Journal.swift */; };
		5DC0022519C1BD7638663872 /* FenetreFlottante.swift in Sources */ = {isa = PBXBuildFile; fileRef = 656735747D615A906447BEE6 /* FenetreFlottante.swift */; };
		5E3655C8133D8940A487DBEC /* Cocoa.framework in Frameworks */ = {isa = PBXBuildFile; fileRef = F6B12C84D01A6A7420EECD6F /* Cocoa.framework */; };
		63CBE12EA2C25D5E50B0E98A /* DetecteurLangue.swift in Sources */ = {isa = PBXBuildFile; fileRef = 2A5DBFF9AE5B4C65DA6B1F51 /* DetecteurLangue.swift */; };
		6A894C53577177E36179CF50 /* VueReglages.swift in Sources */ = {isa = PBXBuildFile; fileRef = A87C4F3286DA9A87D772EC57 /* VueReglages.swift */; };
		77628315DD92BE8BF775B3C7 /* FournisseurService.swift in Sources */ = {isa = PBXBuildFile; fileRef = 579047813AE53FDCB0EB8A8E /* FournisseurService.swift */; };
		7C57CC1600409E24ECA93050 /* MoteurSynthese.swift in Sources */ = {isa = PBXBuildFile; fileRef = BAEBA9FE58E7DA0E72CA0BE4 /* MoteurSynthese.swift */; };
		7DF7CE0CC898C33574C607D5 /* main.swift in Sources */ = {isa = PBXBuildFile; fileRef = A1D8A8863BB5680692FD05E1 /* main.swift */; };
		9484AA925CB90CA8505F667C /* lire in Copier le helper CLI */ = {isa = PBXBuildFile; fileRef = F308226E12134EA414F5ECC5 /* lire */; };
		9BAAEBD663965687A2C2D7FE /* GestionnaireFichiersTemp.swift in Sources */ = {isa = PBXBuildFile; fileRef = EACDC03EA796EA548F262280 /* GestionnaireFichiersTemp.swift */; };
		A3E801CF6ED13620C26EB0FF /* ServeurSocket.swift in Sources */ = {isa = PBXBuildFile; fileRef = A98E418611C9DF8F49A227E6 /* ServeurSocket.swift */; };
		AF5BF97AC0154CD6A54801AE /* CaptureSelection.swift in Sources */ = {isa = PBXBuildFile; fileRef = 95C08173E896C2C42831B467 /* CaptureSelection.swift */; };
		B37BE6D14034CAF55784CA72 /* VueLecteur.swift in Sources */ = {isa = PBXBuildFile; fileRef = C9AC31064266F473D540EE52 /* VueLecteur.swift */; };
		B75E2685472A87046E1A1A67 /* Cocoa.framework in Frameworks */ = {isa = PBXBuildFile; fileRef = F6B12C84D01A6A7420EECD6F /* Cocoa.framework */; };
		D7F9C55A62796D7B39F8ED33 /* RaccourciGlobal.swift in Sources */ = {isa = PBXBuildFile; fileRef = F3C33A5EB7D0F0CFAEF543BC /* RaccourciGlobal.swift */; };
		DCFA14DDE71E98F35B9EC7A2 /* MoteurSay.swift in Sources */ = {isa = PBXBuildFile; fileRef = E0D83BDE2C2C3692EED58955 /* MoteurSay.swift */; };
		E8676C2143360E75E6D596B1 /* GestionnaireLecteurs.swift in Sources */ = {isa = PBXBuildFile; fileRef = 36E1DBB8068B5302383C0D6E /* GestionnaireLecteurs.swift */; };
		EB0CD65F3AE1FD1E80F5D575 /* NettoyeurMarkdownTests.swift in Sources */ = {isa = PBXBuildFile; fileRef = 6E80B3C0DC272CC6EEB0F26D /* NettoyeurMarkdownTests.swift */; };
		FF4A31F4930EA130473C7535 /* ReglagesTests.swift in Sources */ = {isa = PBXBuildFile; fileRef = 65B6EE8DD57AD6346A834E8A /* ReglagesTests.swift */; };
/* End PBXBuildFile section */

/* Begin PBXContainerItemProxy section */
		5CE69C0EC6785AE587371EF4 /* PBXContainerItemProxy */ = {
			isa = PBXContainerItemProxy;
			containerPortal = 567330A667C0BD7D989B6A05 /* Project object */;
			proxyType = 1;
			remoteGlobalIDString = 34C9C02E9FC2C7ED0723395E;
			remoteInfo = lire;
		};
		D0EBA83815B622FC3E67F1C4 /* PBXContainerItemProxy */ = {
			isa = PBXContainerItemProxy;
			containerPortal = 567330A667C0BD7D989B6A05 /* Project object */;
			proxyType = 1;
			remoteGlobalIDString = B111B1638F968D294F7F4DFE;
			remoteInfo = Lecteur;
		};
/* End PBXContainerItemProxy section */

/* Begin PBXCopyFilesBuildPhase section */
		74095770B1AAA476FDB2D1BF /* Copier le helper CLI */ = {
			isa = PBXCopyFilesBuildPhase;
			buildActionMask = 2147483647;
			dstPath = "";
			dstSubfolderSpec = 7;
			files = (
				9484AA925CB90CA8505F667C /* lire in Copier le helper CLI */,
			);
			name = "Copier le helper CLI";
			runOnlyForDeploymentPostprocessing = 0;
		};
/* End PBXCopyFilesBuildPhase section */

/* Begin PBXFileReference section */
		041BB4AD9A3D41677A7FB95A /* Info.plist */ = {isa = PBXFileReference; includeInIndex = 1; lastKnownFileType = text.plist.xml; name = Info.plist; path = Sources/App/Info.plist; sourceTree = "<group>"; };
		2A5DBFF9AE5B4C65DA6B1F51 /* DetecteurLangue.swift */ = {isa = PBXFileReference; includeInIndex = 1; lastKnownFileType = sourcecode.swift; path = DetecteurLangue.swift; sourceTree = "<group>"; };
		36E1DBB8068B5302383C0D6E /* GestionnaireLecteurs.swift */ = {isa = PBXFileReference; includeInIndex = 1; lastKnownFileType = sourcecode.swift; path = GestionnaireLecteurs.swift; sourceTree = "<group>"; };
		4D893E06AC1DC1F1E0CF080D /* NettoyeurMarkdown.swift */ = {isa = PBXFileReference; includeInIndex = 1; lastKnownFileType = sourcecode.swift; path = NettoyeurMarkdown.swift; sourceTree = "<group>"; };
		579047813AE53FDCB0EB8A8E /* FournisseurService.swift */ = {isa = PBXFileReference; includeInIndex = 1; lastKnownFileType = sourcecode.swift; path = FournisseurService.swift; sourceTree = "<group>"; };
		656735747D615A906447BEE6 /* FenetreFlottante.swift */ = {isa = PBXFileReference; includeInIndex = 1; lastKnownFileType = sourcecode.swift; path = FenetreFlottante.swift; sourceTree = "<group>"; };
		65B6EE8DD57AD6346A834E8A /* ReglagesTests.swift */ = {isa = PBXFileReference; includeInIndex = 1; lastKnownFileType = sourcecode.swift; path = ReglagesTests.swift; sourceTree = "<group>"; };
		6C3EF0CD107BB1D21C736CBC /* main.swift */ = {isa = PBXFileReference; includeInIndex = 1; lastKnownFileType = sourcecode.swift; path = main.swift; sourceTree = "<group>"; };
		6E80B3C0DC272CC6EEB0F26D /* NettoyeurMarkdownTests.swift */ = {isa = PBXFileReference; includeInIndex = 1; lastKnownFileType = sourcecode.swift; path = NettoyeurMarkdownTests.swift; sourceTree = "<group>"; };
		8085902E7C80BB4968ADA7E6 /* ControleurFenetreLecteur.swift */ = {isa = PBXFileReference; includeInIndex = 1; lastKnownFileType = sourcecode.swift; path = ControleurFenetreLecteur.swift; sourceTree = "<group>"; };
		83B55D7F1C6B239824F66B86 /* Lecteur.swift */ = {isa = PBXFileReference; includeInIndex = 1; lastKnownFileType = sourcecode.swift; path = Lecteur.swift; sourceTree = "<group>"; };
		853B4627EBFAC783AB10969E /* CatalogueVoix.swift */ = {isa = PBXFileReference; includeInIndex = 1; lastKnownFileType = sourcecode.swift; path = CatalogueVoix.swift; sourceTree = "<group>"; };
		8DA9D45E093BD78C92C69331 /* Reglages.swift */ = {isa = PBXFileReference; includeInIndex = 1; lastKnownFileType = sourcecode.swift; path = Reglages.swift; sourceTree = "<group>"; };
		95C08173E896C2C42831B467 /* CaptureSelection.swift */ = {isa = PBXFileReference; includeInIndex = 1; lastKnownFileType = sourcecode.swift; path = CaptureSelection.swift; sourceTree = "<group>"; };
		A1D8A8863BB5680692FD05E1 /* main.swift */ = {isa = PBXFileReference; includeInIndex = 1; lastKnownFileType = sourcecode.swift; path = main.swift; sourceTree = "<group>"; };
		A87C4F3286DA9A87D772EC57 /* VueReglages.swift */ = {isa = PBXFileReference; includeInIndex = 1; lastKnownFileType = sourcecode.swift; path = VueReglages.swift; sourceTree = "<group>"; };
		A8FFD8B55E17C76395F3DCA3 /* LecteurTests.xctest */ = {isa = PBXFileReference; explicitFileType = wrapper.cfbundle; includeInIndex = 0; path = LecteurTests.xctest; sourceTree = BUILT_PRODUCTS_DIR; };
		A98E418611C9DF8F49A227E6 /* ServeurSocket.swift */ = {isa = PBXFileReference; includeInIndex = 1; lastKnownFileType = sourcecode.swift; path = ServeurSocket.swift; sourceTree = "<group>"; };
		B816431BD071897CED34BA2E /* Journal.swift */ = {isa = PBXFileReference; includeInIndex = 1; lastKnownFileType = sourcecode.swift; path = Journal.swift; sourceTree = "<group>"; };
		BAEBA9FE58E7DA0E72CA0BE4 /* MoteurSynthese.swift */ = {isa = PBXFileReference; includeInIndex = 1; lastKnownFileType = sourcecode.swift; path = MoteurSynthese.swift; sourceTree = "<group>"; };
		C8FB5DEC8DBD6D2EEB149B37 /* DelegueApplication.swift */ = {isa = PBXFileReference; includeInIndex = 1; lastKnownFileType = sourcecode.swift; path = DelegueApplication.swift; sourceTree = "<group>"; };
		C9AC31064266F473D540EE52 /* VueLecteur.swift */ = {isa = PBXFileReference; includeInIndex = 1; lastKnownFileType = sourcecode.swift; path = VueLecteur.swift; sourceTree = "<group>"; };
		E0B206E7AA229F9B43BD4483 /* ProtocoleSocket.swift */ = {isa = PBXFileReference; includeInIndex = 1; lastKnownFileType = sourcecode.swift; path = ProtocoleSocket.swift; sourceTree = "<group>"; };
		E0D83BDE2C2C3692EED58955 /* MoteurSay.swift */ = {isa = PBXFileReference; includeInIndex = 1; lastKnownFileType = sourcecode.swift; path = MoteurSay.swift; sourceTree = "<group>"; };
		E43C110BF8A0132F1BBB770A /* Lecteur.app */ = {isa = PBXFileReference; explicitFileType = wrapper.application; includeInIndex = 0; path = Lecteur.app; sourceTree = BUILT_PRODUCTS_DIR; };
		EACDC03EA796EA548F262280 /* GestionnaireFichiersTemp.swift */ = {isa = PBXFileReference; includeInIndex = 1; lastKnownFileType = sourcecode.swift; path = GestionnaireFichiersTemp.swift; sourceTree = "<group>"; };
		F308226E12134EA414F5ECC5 /* lire */ = {isa = PBXFileReference; includeInIndex = 0; path = lire; sourceTree = BUILT_PRODUCTS_DIR; };
		F3C33A5EB7D0F0CFAEF543BC /* RaccourciGlobal.swift */ = {isa = PBXFileReference; includeInIndex = 1; lastKnownFileType = sourcecode.swift; path = RaccourciGlobal.swift; sourceTree = "<group>"; };
		F6B12C84D01A6A7420EECD6F /* Cocoa.framework */ = {isa = PBXFileReference; lastKnownFileType = wrapper.framework; name = Cocoa.framework; path = Platforms/MacOSX.platform/Developer/SDKs/MacOSX10.15.sdk/System/Library/Frameworks/Cocoa.framework; sourceTree = DEVELOPER_DIR; };
/* End PBXFileReference section */

/* Begin PBXFrameworksBuildPhase section */
		28AD092A4405F1E7C12D3ABF /* Frameworks */ = {
			isa = PBXFrameworksBuildPhase;
			buildActionMask = 2147483647;
			files = (
				5E3655C8133D8940A487DBEC /* Cocoa.framework in Frameworks */,
			);
			runOnlyForDeploymentPostprocessing = 0;
		};
		44E2D457DE2909D0FB9CCB68 /* Frameworks */ = {
			isa = PBXFrameworksBuildPhase;
			buildActionMask = 2147483647;
			files = (
				329D6F0F52782347BB3380CD /* Cocoa.framework in Frameworks */,
			);
			runOnlyForDeploymentPostprocessing = 0;
		};
		5A5A352FA2B9922AE4FCBF54 /* Frameworks */ = {
			isa = PBXFrameworksBuildPhase;
			buildActionMask = 2147483647;
			files = (
				B75E2685472A87046E1A1A67 /* Cocoa.framework in Frameworks */,
			);
			runOnlyForDeploymentPostprocessing = 0;
		};
/* End PBXFrameworksBuildPhase section */

/* Begin PBXGroup section */
		08C6178F8313D38BB8BC10C8 /* Products */ = {
			isa = PBXGroup;
			children = (
				E43C110BF8A0132F1BBB770A /* Lecteur.app */,
				F308226E12134EA414F5ECC5 /* lire */,
				A8FFD8B55E17C76395F3DCA3 /* LecteurTests.xctest */,
			);
			name = Products;
			sourceTree = "<group>";
		};
		0F35A88F9E0D58C9BD75FB5E /* Interface */ = {
			isa = PBXGroup;
			children = (
				8085902E7C80BB4968ADA7E6 /* ControleurFenetreLecteur.swift */,
				656735747D615A906447BEE6 /* FenetreFlottante.swift */,
				C9AC31064266F473D540EE52 /* VueLecteur.swift */,
				A87C4F3286DA9A87D772EC57 /* VueReglages.swift */,
			);
			name = Interface;
			path = Interface;
			sourceTree = "<group>";
		};
		10AD10A08F95CBF8BF7CDD6D /* Texte */ = {
			isa = PBXGroup;
			children = (
				2A5DBFF9AE5B4C65DA6B1F51 /* DetecteurLangue.swift */,
				4D893E06AC1DC1F1E0CF080D /* NettoyeurMarkdown.swift */,
			);
			name = Texte;
			path = Texte;
			sourceTree = "<group>";
		};
		4785A73AB4B2E3F49D8BFBFA /* Sources */ = {
			isa = PBXGroup;
			children = (
				A5AA97FBFF28CD789B02D128 /* App */,
				B55E31415F8B2A2316C3571B /* Commun */,
				6C8E2B5A3DF05F2A3F4A58AB /* Entree */,
				0F35A88F9E0D58C9BD75FB5E /* Interface */,
				B10B3987D1ED72366859E380 /* Lecture */,
				ED5DCE98D6B89C9E198371B1 /* Reglages */,
				7A0A3F53F8DD26B00A3D6FCB /* Synthese */,
				10AD10A08F95CBF8BF7CDD6D /* Texte */,
			);
			name = Sources;
			path = Sources;
			sourceTree = "<group>";
		};
		64DA3EE797FEB39F0EA54178 /* Ressources */ = {
			isa = PBXGroup;
			children = (
				041BB4AD9A3D41677A7FB95A /* Info.plist */,
			);
			name = Ressources;
			path = Ressources;
			sourceTree = "<group>";
		};
		6C8E2B5A3DF05F2A3F4A58AB /* Entree */ = {
			isa = PBXGroup;
			children = (
				95C08173E896C2C42831B467 /* CaptureSelection.swift */,
				579047813AE53FDCB0EB8A8E /* FournisseurService.swift */,
				E0B206E7AA229F9B43BD4483 /* ProtocoleSocket.swift */,
				F3C33A5EB7D0F0CFAEF543BC /* RaccourciGlobal.swift */,
				A98E418611C9DF8F49A227E6 /* ServeurSocket.swift */,
			);
			name = Entree;
			path = Entree;
			sourceTree = "<group>";
		};
		7A0A3F53F8DD26B00A3D6FCB /* Synthese */ = {
			isa = PBXGroup;
			children = (
				853B4627EBFAC783AB10969E /* CatalogueVoix.swift */,
				E0D83BDE2C2C3692EED58955 /* MoteurSay.swift */,
				BAEBA9FE58E7DA0E72CA0BE4 /* MoteurSynthese.swift */,
			);
			name = Synthese;
			path = Synthese;
			sourceTree = "<group>";
		};
		8383E1FB62E903EFA743FE8F /* Frameworks */ = {
			isa = PBXGroup;
			children = (
				C2AAD9C473EC16A6FE1F9961 /* OS X */,
			);
			name = Frameworks;
			sourceTree = "<group>";
		};
		8D969849D86E4388B9C45097 /* Tests */ = {
			isa = PBXGroup;
			children = (
				6E80B3C0DC272CC6EEB0F26D /* NettoyeurMarkdownTests.swift */,
				65B6EE8DD57AD6346A834E8A /* ReglagesTests.swift */,
			);
			name = Tests;
			path = Tests;
			sourceTree = "<group>";
		};
		A5AA97FBFF28CD789B02D128 /* App */ = {
			isa = PBXGroup;
			children = (
				C8FB5DEC8DBD6D2EEB149B37 /* DelegueApplication.swift */,
				A1D8A8863BB5680692FD05E1 /* main.swift */,
			);
			name = App;
			path = App;
			sourceTree = "<group>";
		};
		B10B3987D1ED72366859E380 /* Lecture */ = {
			isa = PBXGroup;
			children = (
				36E1DBB8068B5302383C0D6E /* GestionnaireLecteurs.swift */,
				83B55D7F1C6B239824F66B86 /* Lecteur.swift */,
			);
			name = Lecture;
			path = Lecture;
			sourceTree = "<group>";
		};
		B55E31415F8B2A2316C3571B /* Commun */ = {
			isa = PBXGroup;
			children = (
				EACDC03EA796EA548F262280 /* GestionnaireFichiersTemp.swift */,
				B816431BD071897CED34BA2E /* Journal.swift */,
			);
			name = Commun;
			path = Commun;
			sourceTree = "<group>";
		};
		C2AAD9C473EC16A6FE1F9961 /* OS X */ = {
			isa = PBXGroup;
			children = (
				F6B12C84D01A6A7420EECD6F /* Cocoa.framework */,
			);
			name = "OS X";
			sourceTree = "<group>";
		};
		D1011522918990237BA74184 = {
			isa = PBXGroup;
			children = (
				08C6178F8313D38BB8BC10C8 /* Products */,
				8383E1FB62E903EFA743FE8F /* Frameworks */,
				4785A73AB4B2E3F49D8BFBFA /* Sources */,
				D8C57003C055C1705608DB21 /* SourcesCLI */,
				8D969849D86E4388B9C45097 /* Tests */,
				64DA3EE797FEB39F0EA54178 /* Ressources */,
			);
			sourceTree = "<group>";
		};
		D5F97513BCD64B6FCCB66B12 /* lire */ = {
			isa = PBXGroup;
			children = (
				6C3EF0CD107BB1D21C736CBC /* main.swift */,
			);
			name = lire;
			path = lire;
			sourceTree = "<group>";
		};
		D8C57003C055C1705608DB21 /* SourcesCLI */ = {
			isa = PBXGroup;
			children = (
				D5F97513BCD64B6FCCB66B12 /* lire */,
			);
			name = SourcesCLI;
			path = SourcesCLI;
			sourceTree = "<group>";
		};
		ED5DCE98D6B89C9E198371B1 /* Reglages */ = {
			isa = PBXGroup;
			children = (
				8DA9D45E093BD78C92C69331 /* Reglages.swift */,
			);
			name = Reglages;
			path = Reglages;
			sourceTree = "<group>";
		};
/* End PBXGroup section */

/* Begin PBXNativeTarget section */
		0E525B413D13A3E7BFB33839 /* LecteurTests */ = {
			isa = PBXNativeTarget;
			buildConfigurationList = CC9DAC2EBFF5C7BA4EBC8802 /* Build configuration list for PBXNativeTarget "LecteurTests" */;
			buildPhases = (
				8326276BC52ECCC3AE98E33E /* Sources */,
				5A5A352FA2B9922AE4FCBF54 /* Frameworks */,
				9A23D9E467EB4E270C747FFD /* Resources */,
			);
			buildRules = (
			);
			dependencies = (
				8D261DD8571B059283F8B0C4 /* PBXTargetDependency */,
			);
			name = LecteurTests;
			productName = LecteurTests;
			productReference = A8FFD8B55E17C76395F3DCA3 /* LecteurTests.xctest */;
			productType = "com.apple.product-type.bundle.unit-test";
		};
		34C9C02E9FC2C7ED0723395E /* lire */ = {
			isa = PBXNativeTarget;
			buildConfigurationList = 272DAA065C243C0B04BA809E /* Build configuration list for PBXNativeTarget "lire" */;
			buildPhases = (
				4BEA50D3039B6D349F4BBC09 /* Sources */,
				44E2D457DE2909D0FB9CCB68 /* Frameworks */,
			);
			buildRules = (
			);
			dependencies = (
			);
			name = lire;
			productName = lire;
			productReference = F308226E12134EA414F5ECC5 /* lire */;
			productType = "com.apple.product-type.tool";
		};
		B111B1638F968D294F7F4DFE /* Lecteur */ = {
			isa = PBXNativeTarget;
			buildConfigurationList = 18BD41F05FDDBDA4668863C4 /* Build configuration list for PBXNativeTarget "Lecteur" */;
			buildPhases = (
				2ED6191DEFA2EC54CA8E052C /* Sources */,
				28AD092A4405F1E7C12D3ABF /* Frameworks */,
				B68FFAAA08048EAAE5EFE916 /* Resources */,
				74095770B1AAA476FDB2D1BF /* Copier le helper CLI */,
			);
			buildRules = (
			);
			dependencies = (
				ECD45EE30B5A044693F78E96 /* PBXTargetDependency */,
			);
			name = Lecteur;
			productName = Lecteur;
			productReference = E43C110BF8A0132F1BBB770A /* Lecteur.app */;
			productType = "com.apple.product-type.application";
		};
/* End PBXNativeTarget section */

/* Begin PBXProject section */
		567330A667C0BD7D989B6A05 /* Project object */ = {
			isa = PBXProject;
			attributes = {
				LastSwiftUpdateCheck = 1500;
				LastUpgradeCheck = 1500;
			};
			buildConfigurationList = 0A34DC97808666F8B23DC5F3 /* Build configuration list for PBXProject "Lecteur" */;
			compatibilityVersion = "Xcode 3.2";
			developmentRegion = en;
			hasScannedForEncodings = 0;
			knownRegions = (
				en,
				Base,
			);
			mainGroup = D1011522918990237BA74184;
			productRefGroup = 08C6178F8313D38BB8BC10C8 /* Products */;
			projectDirPath = "";
			projectRoot = "";
			targets = (
				B111B1638F968D294F7F4DFE /* Lecteur */,
				34C9C02E9FC2C7ED0723395E /* lire */,
				0E525B413D13A3E7BFB33839 /* LecteurTests */,
			);
		};
/* End PBXProject section */

/* Begin PBXResourcesBuildPhase section */
		9A23D9E467EB4E270C747FFD /* Resources */ = {
			isa = PBXResourcesBuildPhase;
			buildActionMask = 2147483647;
			files = (
			);
			runOnlyForDeploymentPostprocessing = 0;
		};
		B68FFAAA08048EAAE5EFE916 /* Resources */ = {
			isa = PBXResourcesBuildPhase;
			buildActionMask = 2147483647;
			files = (
			);
			runOnlyForDeploymentPostprocessing = 0;
		};
/* End PBXResourcesBuildPhase section */

/* Begin PBXSourcesBuildPhase section */
		2ED6191DEFA2EC54CA8E052C /* Sources */ = {
			isa = PBXSourcesBuildPhase;
			buildActionMask = 2147483647;
			files = (
				3EC3385B5A63E09DEA1D8043 /* DelegueApplication.swift in Sources */,
				7DF7CE0CC898C33574C607D5 /* main.swift in Sources */,
				9BAAEBD663965687A2C2D7FE /* GestionnaireFichiersTemp.swift in Sources */,
				5C10DA048246A4FDDC89A547 /* Journal.swift in Sources */,
				AF5BF97AC0154CD6A54801AE /* CaptureSelection.swift in Sources */,
				77628315DD92BE8BF775B3C7 /* FournisseurService.swift in Sources */,
				1108344736EB3033FBD81D13 /* ProtocoleSocket.swift in Sources */,
				D7F9C55A62796D7B39F8ED33 /* RaccourciGlobal.swift in Sources */,
				A3E801CF6ED13620C26EB0FF /* ServeurSocket.swift in Sources */,
				225D755E8E0CEA490599CDBC /* ControleurFenetreLecteur.swift in Sources */,
				5DC0022519C1BD7638663872 /* FenetreFlottante.swift in Sources */,
				B37BE6D14034CAF55784CA72 /* VueLecteur.swift in Sources */,
				6A894C53577177E36179CF50 /* VueReglages.swift in Sources */,
				E8676C2143360E75E6D596B1 /* GestionnaireLecteurs.swift in Sources */,
				3677C497CF55E7008AC45F33 /* Lecteur.swift in Sources */,
				31F0729D57B1C3A02DA3291A /* Reglages.swift in Sources */,
				18493724150973FF5E07D093 /* CatalogueVoix.swift in Sources */,
				DCFA14DDE71E98F35B9EC7A2 /* MoteurSay.swift in Sources */,
				7C57CC1600409E24ECA93050 /* MoteurSynthese.swift in Sources */,
				63CBE12EA2C25D5E50B0E98A /* DetecteurLangue.swift in Sources */,
				01DF9D8CED5D10E41149E542 /* NettoyeurMarkdown.swift in Sources */,
			);
			runOnlyForDeploymentPostprocessing = 0;
		};
		4BEA50D3039B6D349F4BBC09 /* Sources */ = {
			isa = PBXSourcesBuildPhase;
			buildActionMask = 2147483647;
			files = (
				07BAD4231FE7DA6723346274 /* main.swift in Sources */,
			);
			runOnlyForDeploymentPostprocessing = 0;
		};
		8326276BC52ECCC3AE98E33E /* Sources */ = {
			isa = PBXSourcesBuildPhase;
			buildActionMask = 2147483647;
			files = (
				EB0CD65F3AE1FD1E80F5D575 /* NettoyeurMarkdownTests.swift in Sources */,
				FF4A31F4930EA130473C7535 /* ReglagesTests.swift in Sources */,
			);
			runOnlyForDeploymentPostprocessing = 0;
		};
/* End PBXSourcesBuildPhase section */

/* Begin PBXTargetDependency section */
		8D261DD8571B059283F8B0C4 /* PBXTargetDependency */ = {
			isa = PBXTargetDependency;
			name = Lecteur;
			target = B111B1638F968D294F7F4DFE /* Lecteur */;
			targetProxy = D0EBA83815B622FC3E67F1C4 /* PBXContainerItemProxy */;
		};
		ECD45EE30B5A044693F78E96 /* PBXTargetDependency */ = {
			isa = PBXTargetDependency;
			name = lire;
			target = 34C9C02E9FC2C7ED0723395E /* lire */;
			targetProxy = 5CE69C0EC6785AE587371EF4 /* PBXContainerItemProxy */;
		};
/* End PBXTargetDependency section */

/* Begin XCBuildConfiguration section */
		096C4DEF6F65DD3D96AB2A83 /* Debug */ = {
			isa = XCBuildConfiguration;
			buildSettings = {
				ALWAYS_SEARCH_USER_PATHS = NO;
				CLANG_ANALYZER_NONNULL = YES;
				CLANG_ANALYZER_NUMBER_OBJECT_CONVERSION = YES_AGGRESSIVE;
				CLANG_CXX_LANGUAGE_STANDARD = "gnu++14";
				CLANG_CXX_LIBRARY = "libc++";
				CLANG_ENABLE_MODULES = YES;
				CLANG_ENABLE_OBJC_ARC = YES;
				CLANG_ENABLE_OBJC_WEAK = YES;
				CLANG_WARN_BLOCK_CAPTURE_AUTORELEASING = YES;
				CLANG_WARN_BOOL_CONVERSION = YES;
				CLANG_WARN_COMMA = YES;
				CLANG_WARN_CONSTANT_CONVERSION = YES;
				CLANG_WARN_DEPRECATED_OBJC_IMPLEMENTATIONS = YES;
				CLANG_WARN_DIRECT_OBJC_ISA_USAGE = YES_ERROR;
				CLANG_WARN_DOCUMENTATION_COMMENTS = YES;
				CLANG_WARN_EMPTY_BODY = YES;
				CLANG_WARN_ENUM_CONVERSION = YES;
				CLANG_WARN_INFINITE_RECURSION = YES;
				CLANG_WARN_INT_CONVERSION = YES;
				CLANG_WARN_NON_LITERAL_NULL_CONVERSION = YES;
				CLANG_WARN_OBJC_IMPLICIT_RETAIN_SELF = YES;
				CLANG_WARN_OBJC_LITERAL_CONVERSION = YES;
				CLANG_WARN_OBJC_ROOT_CLASS = YES_ERROR;
				CLANG_WARN_QUOTED_INCLUDE_IN_FRAMEWORK_HEADER = YES;
				CLANG_WARN_RANGE_LOOP_ANALYSIS = YES;
				CLANG_WARN_STRICT_PROTOTYPES = YES;
				CLANG_WARN_SUSPICIOUS_MOVE = YES;
				CLANG_WARN_UNGUARDED_AVAILABILITY = YES_AGGRESSIVE;
				CLANG_WARN_UNREACHABLE_CODE = YES;
				CLANG_WARN__DUPLICATE_METHOD_MATCH = YES;
				CODE_SIGNING_ALLOWED = YES;
				CODE_SIGNING_REQUIRED = YES;
				CODE_SIGN_IDENTITY = 3D909274B7703CD03F2B29D33E6A9757817B3143;
				CODE_SIGN_STYLE = Manual;
				COPY_PHASE_STRIP = NO;
				DEBUG_INFORMATION_FORMAT = dwarf;
				DEVELOPMENT_TEAM = "";
				ENABLE_APP_SANDBOX = NO;
				ENABLE_HARDENED_RUNTIME = NO;
				ENABLE_STRICT_OBJC_MSGSEND = YES;
				ENABLE_TESTABILITY = YES;
				GCC_C_LANGUAGE_STANDARD = gnu11;
				GCC_DYNAMIC_NO_PIC = NO;
				GCC_NO_COMMON_BLOCKS = YES;
				GCC_OPTIMIZATION_LEVEL = 0;
				GCC_PREPROCESSOR_DEFINITIONS = (
					"DEBUG=1",
					"$(inherited)",
				);
				GCC_WARN_64_TO_32_BIT_CONVERSION = YES;
				GCC_WARN_ABOUT_RETURN_TYPE = YES_ERROR;
				GCC_WARN_UNDECLARED_SELECTOR = YES;
				GCC_WARN_UNINITIALIZED_AUTOS = YES_AGGRESSIVE;
				GCC_WARN_UNUSED_FUNCTION = YES;
				GCC_WARN_UNUSED_VARIABLE = YES;
				MACOSX_DEPLOYMENT_TARGET = 14.0;
				MTL_ENABLE_DEBUG_INFO = INCLUDE_SOURCE;
				MTL_FAST_MATH = YES;
				ONLY_ACTIVE_ARCH = YES;
				PRODUCT_NAME = "$(TARGET_NAME)";
				SWIFT_ACTIVE_COMPILATION_CONDITIONS = DEBUG;
				SWIFT_OPTIMIZATION_LEVEL = "-Onone";
				SWIFT_VERSION = 5.0;
			};
			name = Debug;
		};
		1B4A368BB9EB9D9CEB8C9B78 /* Debug */ = {
			isa = XCBuildConfiguration;
			buildSettings = {
				MACOSX_DEPLOYMENT_TARGET = 14.0;
				PRODUCT_BUNDLE_IDENTIFIER = fr.dimitri.Lecteur.cli;
				PRODUCT_NAME = lire;
				SDKROOT = macosx;
				SKIP_INSTALL = YES;
			};
			name = Debug;
		};
		459510180677542143FC8681 /* Debug */ = {
			isa = XCBuildConfiguration;
			buildSettings = {
				BUNDLE_LOADER = "$(TEST_HOST)";
				GENERATE_INFOPLIST_FILE = YES;
				MACOSX_DEPLOYMENT_TARGET = 14.0;
				PRODUCT_BUNDLE_IDENTIFIER = fr.dimitri.Lecteur.tests;
				PRODUCT_NAME = LecteurTests;
				SDKROOT = macosx;
				TEST_HOST = "$(BUILT_PRODUCTS_DIR)/Lecteur.app/Contents/MacOS/Lecteur";
			};
			name = Debug;
		};
		661A8A3A62BB5A76613C7D76 /* Release */ = {
			isa = XCBuildConfiguration;
			buildSettings = {
				MACOSX_DEPLOYMENT_TARGET = 14.0;
				PRODUCT_BUNDLE_IDENTIFIER = fr.dimitri.Lecteur.cli;
				PRODUCT_NAME = lire;
				SDKROOT = macosx;
				SKIP_INSTALL = YES;
			};
			name = Release;
		};
		761D9FDA83D9BB2B6E2F8E0E /* Debug */ = {
			isa = XCBuildConfiguration;
			buildSettings = {
				ASSETCATALOG_COMPILER_APPICON_NAME = AppIcon;
				ASSETCATALOG_COMPILER_GLOBAL_ACCENT_COLOR_NAME = AccentColor;
				COMBINE_HIDPI_IMAGES = YES;
				CURRENT_PROJECT_VERSION = 1;
				INFOPLIST_FILE = Sources/App/Info.plist;
				LD_RUNPATH_SEARCH_PATHS = "$(inherited) @executable_path/../Frameworks";
				MACOSX_DEPLOYMENT_TARGET = 14.0;
				MARKETING_VERSION = 0.1.0;
				PRODUCT_BUNDLE_IDENTIFIER = fr.dimitri.Lecteur;
				PRODUCT_NAME = Lecteur;
				SDKROOT = macosx;
				SWIFT_MAIN_FILE_IS_TOP_LEVEL_CODE = YES;
			};
			name = Debug;
		};
		9C7EA18BE52F7C4C696322C9 /* Release */ = {
			isa = XCBuildConfiguration;
			buildSettings = {
				BUNDLE_LOADER = "$(TEST_HOST)";
				GENERATE_INFOPLIST_FILE = YES;
				MACOSX_DEPLOYMENT_TARGET = 14.0;
				PRODUCT_BUNDLE_IDENTIFIER = fr.dimitri.Lecteur.tests;
				PRODUCT_NAME = LecteurTests;
				SDKROOT = macosx;
				TEST_HOST = "$(BUILT_PRODUCTS_DIR)/Lecteur.app/Contents/MacOS/Lecteur";
			};
			name = Release;
		};
		A0F8C4FCF46F0C8134846473 /* Release */ = {
			isa = XCBuildConfiguration;
			buildSettings = {
				ALWAYS_SEARCH_USER_PATHS = NO;
				CLANG_ANALYZER_NONNULL = YES;
				CLANG_ANALYZER_NUMBER_OBJECT_CONVERSION = YES_AGGRESSIVE;
				CLANG_CXX_LANGUAGE_STANDARD = "gnu++14";
				CLANG_CXX_LIBRARY = "libc++";
				CLANG_ENABLE_MODULES = YES;
				CLANG_ENABLE_OBJC_ARC = YES;
				CLANG_ENABLE_OBJC_WEAK = YES;
				CLANG_WARN_BLOCK_CAPTURE_AUTORELEASING = YES;
				CLANG_WARN_BOOL_CONVERSION = YES;
				CLANG_WARN_COMMA = YES;
				CLANG_WARN_CONSTANT_CONVERSION = YES;
				CLANG_WARN_DEPRECATED_OBJC_IMPLEMENTATIONS = YES;
				CLANG_WARN_DIRECT_OBJC_ISA_USAGE = YES_ERROR;
				CLANG_WARN_DOCUMENTATION_COMMENTS = YES;
				CLANG_WARN_EMPTY_BODY = YES;
				CLANG_WARN_ENUM_CONVERSION = YES;
				CLANG_WARN_INFINITE_RECURSION = YES;
				CLANG_WARN_INT_CONVERSION = YES;
				CLANG_WARN_NON_LITERAL_NULL_CONVERSION = YES;
				CLANG_WARN_OBJC_IMPLICIT_RETAIN_SELF = YES;
				CLANG_WARN_OBJC_LITERAL_CONVERSION = YES;
				CLANG_WARN_OBJC_ROOT_CLASS = YES_ERROR;
				CLANG_WARN_QUOTED_INCLUDE_IN_FRAMEWORK_HEADER = YES;
				CLANG_WARN_RANGE_LOOP_ANALYSIS = YES;
				CLANG_WARN_STRICT_PROTOTYPES = YES;
				CLANG_WARN_SUSPICIOUS_MOVE = YES;
				CLANG_WARN_UNGUARDED_AVAILABILITY = YES_AGGRESSIVE;
				CLANG_WARN_UNREACHABLE_CODE = YES;
				CLANG_WARN__DUPLICATE_METHOD_MATCH = YES;
				CODE_SIGNING_ALLOWED = YES;
				CODE_SIGNING_REQUIRED = YES;
				CODE_SIGN_IDENTITY = 3D909274B7703CD03F2B29D33E6A9757817B3143;
				CODE_SIGN_STYLE = Manual;
				COPY_PHASE_STRIP = NO;
				DEBUG_INFORMATION_FORMAT = "dwarf-with-dsym";
				DEVELOPMENT_TEAM = "";
				ENABLE_APP_SANDBOX = NO;
				ENABLE_HARDENED_RUNTIME = NO;
				ENABLE_NS_ASSERTIONS = NO;
				ENABLE_STRICT_OBJC_MSGSEND = YES;
				GCC_C_LANGUAGE_STANDARD = gnu11;
				GCC_NO_COMMON_BLOCKS = YES;
				GCC_WARN_64_TO_32_BIT_CONVERSION = YES;
				GCC_WARN_ABOUT_RETURN_TYPE = YES_ERROR;
				GCC_WARN_UNDECLARED_SELECTOR = YES;
				GCC_WARN_UNINITIALIZED_AUTOS = YES_AGGRESSIVE;
				GCC_WARN_UNUSED_FUNCTION = YES;
				GCC_WARN_UNUSED_VARIABLE = YES;
				MACOSX_DEPLOYMENT_TARGET = 14.0;
				MTL_ENABLE_DEBUG_INFO = NO;
				MTL_FAST_MATH = YES;
				PRODUCT_NAME = "$(TARGET_NAME)";
				SWIFT_COMPILATION_MODE = wholemodule;
				SWIFT_OPTIMIZATION_LEVEL = "-O";
				SWIFT_VERSION = 5.0;
			};
			name = Release;
		};
		DFCFE86046C44DE6F5F7E3FC /* Release */ = {
			isa = XCBuildConfiguration;
			buildSettings = {
				ASSETCATALOG_COMPILER_APPICON_NAME = AppIcon;
				ASSETCATALOG_COMPILER_GLOBAL_ACCENT_COLOR_NAME = AccentColor;
				COMBINE_HIDPI_IMAGES = YES;
				CURRENT_PROJECT_VERSION = 1;
				INFOPLIST_FILE = Sources/App/Info.plist;
				LD_RUNPATH_SEARCH_PATHS = "$(inherited) @executable_path/../Frameworks";
				MACOSX_DEPLOYMENT_TARGET = 14.0;
				MARKETING_VERSION = 0.1.0;
				PRODUCT_BUNDLE_IDENTIFIER = fr.dimitri.Lecteur;
				PRODUCT_NAME = Lecteur;
				SDKROOT = macosx;
				SWIFT_MAIN_FILE_IS_TOP_LEVEL_CODE = YES;
			};
			name = Release;
		};
/* End XCBuildConfiguration section */

/* Begin XCConfigurationList section */
		0A34DC97808666F8B23DC5F3 /* Build configuration list for PBXProject "Lecteur" */ = {
			isa = XCConfigurationList;
			buildConfigurations = (
				096C4DEF6F65DD3D96AB2A83 /* Debug */,
				A0F8C4FCF46F0C8134846473 /* Release */,
			);
			defaultConfigurationIsVisible = 0;
			defaultConfigurationName = Release;
		};
		18BD41F05FDDBDA4668863C4 /* Build configuration list for PBXNativeTarget "Lecteur" */ = {
			isa = XCConfigurationList;
			buildConfigurations = (
				DFCFE86046C44DE6F5F7E3FC /* Release */,
				761D9FDA83D9BB2B6E2F8E0E /* Debug */,
			);
			defaultConfigurationIsVisible = 0;
			defaultConfigurationName = Release;
		};
		272DAA065C243C0B04BA809E /* Build configuration list for PBXNativeTarget "lire" */ = {
			isa = XCConfigurationList;
			buildConfigurations = (
				661A8A3A62BB5A76613C7D76 /* Release */,
				1B4A368BB9EB9D9CEB8C9B78 /* Debug */,
			);
			defaultConfigurationIsVisible = 0;
			defaultConfigurationName = Release;
		};
		CC9DAC2EBFF5C7BA4EBC8802 /* Build configuration list for PBXNativeTarget "LecteurTests" */ = {
			isa = XCConfigurationList;
			buildConfigurations = (
				9C7EA18BE52F7C4C696322C9 /* Release */,
				459510180677542143FC8681 /* Debug */,
			);
			defaultConfigurationIsVisible = 0;
			defaultConfigurationName = Release;
		};
/* End XCConfigurationList section */
	};
	rootObject = 567330A667C0BD7D989B6A05 /* Project object */;
}
