// !$*UTF8*$!
{
	archiveVersion = 1;
	classes = {
	};
	objectVersion = 46;
	objects = {

/* Begin PBXBuildFile section */
		06E5B08B721240BDFC42B55B /* ReglagesTests.swift in Sources */ = {isa = PBXBuildFile; fileRef = 2AE52CCC5D02F595B1975CDC /* ReglagesTests.swift */; };
		07B444F344CA87158B3689A2 /* lire in Copier le helper CLI */ = {isa = PBXBuildFile; fileRef = 40D69BB7332C0BE82449CE21 /* lire */; };
		13D5760B6F469C8FF23FEE24 /* CatalogueVoix.swift in Sources */ = {isa = PBXBuildFile; fileRef = 5450EB95F9916E17E9EFEF78 /* CatalogueVoix.swift */; };
		3540397776F6E3C0E7319526 /* NettoyeurMarkdownTests.swift in Sources */ = {isa = PBXBuildFile; fileRef = 21556647B105A37F918C81F4 /* NettoyeurMarkdownTests.swift */; };
		41B060A890516CAA063F43F2 /* Journal.swift in Sources */ = {isa = PBXBuildFile; fileRef = A70FC8ADB9635B3919ABBB22 /* Journal.swift */; };
		439DFB60EF543EF642E05858 /* MoteurSay.swift in Sources */ = {isa = PBXBuildFile; fileRef = D04DD1478450AAE55F59D5F5 /* MoteurSay.swift */; };
		4BAC6B4D0EC1702299FA1988 /* FenetreFlottante.swift in Sources */ = {isa = PBXBuildFile; fileRef = 70A25D7BDBFB286D7A7CFC88 /* FenetreFlottante.swift */; };
		5AFCD1E35A658B471124265D /* DelegueApplication.swift in Sources */ = {isa = PBXBuildFile; fileRef = 55C6891FA2A636A23BD1153D /* DelegueApplication.swift */; };
		5BCD4EB383389485B0E97E00 /* ControleurFenetreLecteur.swift in Sources */ = {isa = PBXBuildFile; fileRef = BEC54621469D4885072CA923 /* ControleurFenetreLecteur.swift */; };
		614AE34EA609696EF49D563C /* main.swift in Sources */ = {isa = PBXBuildFile; fileRef = 27BB8FD8A9A26F2B7E1F15AE /* main.swift */; };
		64AEB675DB4E17685CFC6A16 /* Reglages.swift in Sources */ = {isa = PBXBuildFile; fileRef = 67DCF26E3267CB2A57282AF3 /* Reglages.swift */; };
		79EF9D56DB13B614A5A27C17 /* VueReglages.swift in Sources */ = {isa = PBXBuildFile; fileRef = 87C4AC414DAC067F6EECD7EE /* VueReglages.swift */; };
		9D158FF576F8AE76872ACEEE /* GestionnaireFichiersTemp.swift in Sources */ = {isa = PBXBuildFile; fileRef = B3FD026C0EE111ADEAD87974 /* GestionnaireFichiersTemp.swift */; };
		9FE7FC0D583A9EBDDE6BCD4A /* ServeurSocket.swift in Sources */ = {isa = PBXBuildFile; fileRef = BF602288BC2BC4A17D46FD6B /* ServeurSocket.swift */; };
		A3E4CBF76CF785E4472C8E9C /* Cocoa.framework in Frameworks */ = {isa = PBXBuildFile; fileRef = 09E991B938AA6E07DDDF394A /* Cocoa.framework */; };
		A585762949BA962B5A9D2799 /* main.swift in Sources */ = {isa = PBXBuildFile; fileRef = BAA6041FAC02DB7BCCE825F7 /* main.swift */; };
		B1B71102E6B6BA4A09344416 /* DetecteurLangue.swift in Sources */ = {isa = PBXBuildFile; fileRef = 4484AF5072A14D2C8DA3880A /* DetecteurLangue.swift */; };
		B4039B0F4EA8BA54FD54785C /* FournisseurService.swift in Sources */ = {isa = PBXBuildFile; fileRef = 630131500D5AA30F9F47B6D7 /* FournisseurService.swift */; };
		CA1A7D0941A48F6F937BB089 /* NettoyeurMarkdown.swift in Sources */ = {isa = PBXBuildFile; fileRef = 5A181DD4567DB31820DDFE2B /* NettoyeurMarkdown.swift */; };
		DAC50CB3A52B3A1229FC8B15 /* VueLecteur.swift in Sources */ = {isa = PBXBuildFile; fileRef = F87753B023D7856E0116B5D9 /* VueLecteur.swift */; };
		DCFA92F6CA599BF54E913F7F /* MoteurSynthese.swift in Sources */ = {isa = PBXBuildFile; fileRef = 161F2B62A1794F0BD180CB10 /* MoteurSynthese.swift */; };
		E17B678ACB05AB8FCA2BFD1E /* Cocoa.framework in Frameworks */ = {isa = PBXBuildFile; fileRef = 09E991B938AA6E07DDDF394A /* Cocoa.framework */; };
		ED3ABBB361D986842B7CEC97 /* GestionnaireLecteurs.swift in Sources */ = {isa = PBXBuildFile; fileRef = 20DFA4C6967E99017C57C87E /* GestionnaireLecteurs.swift */; };
		EE70EE7584950E1AC78D7D1A /* Lecteur.swift in Sources */ = {isa = PBXBuildFile; fileRef = 39F015980F672407C50D0E77 /* Lecteur.swift */; };
		EEC4B1D1FBB952537C3FAC2C /* ProtocoleSocket.swift in Sources */ = {isa = PBXBuildFile; fileRef = E3061D00C1CABE008CA21F43 /* ProtocoleSocket.swift */; };
		FDAF7BD147B906D554F84E88 /* Cocoa.framework in Frameworks */ = {isa = PBXBuildFile; fileRef = 09E991B938AA6E07DDDF394A /* Cocoa.framework */; };
/* End PBXBuildFile section */

/* Begin PBXContainerItemProxy section */
		4C31152143E5C193A172EE54 /* PBXContainerItemProxy */ = {
			isa = PBXContainerItemProxy;
			containerPortal = 4A7F80B1DF458CD6C8441424 /* Project object */;
			proxyType = 1;
			remoteGlobalIDString = 048D60E7DAB76C452F2D4EAF;
			remoteInfo = lire;
		};
		5D950E0A41223ADF8AB37A36 /* PBXContainerItemProxy */ = {
			isa = PBXContainerItemProxy;
			containerPortal = 4A7F80B1DF458CD6C8441424 /* Project object */;
			proxyType = 1;
			remoteGlobalIDString = 6AA088B0FDDE2CEEC2EC7F8C;
			remoteInfo = Lecteur;
		};
/* End PBXContainerItemProxy section */

/* Begin PBXCopyFilesBuildPhase section */
		8FED85A65AE84AE3B3C11260 /* Copier le helper CLI */ = {
			isa = PBXCopyFilesBuildPhase;
			buildActionMask = 2147483647;
			dstPath = "";
			dstSubfolderSpec = 7;
			files = (
				07B444F344CA87158B3689A2 /* lire in Copier le helper CLI */,
			);
			name = "Copier le helper CLI";
			runOnlyForDeploymentPostprocessing = 0;
		};
/* End PBXCopyFilesBuildPhase section */

/* Begin PBXFileReference section */
		09E991B938AA6E07DDDF394A /* Cocoa.framework */ = {isa = PBXFileReference; lastKnownFileType = wrapper.framework; name = Cocoa.framework; path = Platforms/MacOSX.platform/Developer/SDKs/MacOSX10.15.sdk/System/Library/Frameworks/Cocoa.framework; sourceTree = DEVELOPER_DIR; };
		161F2B62A1794F0BD180CB10 /* MoteurSynthese.swift */ = {isa = PBXFileReference; includeInIndex = 1; lastKnownFileType = sourcecode.swift; path = MoteurSynthese.swift; sourceTree = "<group>"; };
		20DFA4C6967E99017C57C87E /* GestionnaireLecteurs.swift */ = {isa = PBXFileReference; includeInIndex = 1; lastKnownFileType = sourcecode.swift; path = GestionnaireLecteurs.swift; sourceTree = "<group>"; };
		21556647B105A37F918C81F4 /* NettoyeurMarkdownTests.swift */ = {isa = PBXFileReference; includeInIndex = 1; lastKnownFileType = sourcecode.swift; path = NettoyeurMarkdownTests.swift; sourceTree = "<group>"; };
		27BB8FD8A9A26F2B7E1F15AE /* main.swift */ = {isa = PBXFileReference; includeInIndex = 1; lastKnownFileType = sourcecode.swift; path = main.swift; sourceTree = "<group>"; };
		2AE52CCC5D02F595B1975CDC /* ReglagesTests.swift */ = {isa = PBXFileReference; includeInIndex = 1; lastKnownFileType = sourcecode.swift; path = ReglagesTests.swift; sourceTree = "<group>"; };
		2F3EE5F70DB8DECB688A31C8 /* Info.plist */ = {isa = PBXFileReference; includeInIndex = 1; lastKnownFileType = text.plist.xml; name = Info.plist; path = Sources/App/Info.plist; sourceTree = "<group>"; };
		39F015980F672407C50D0E77 /* Lecteur.swift */ = {isa = PBXFileReference; includeInIndex = 1; lastKnownFileType = sourcecode.swift; path = Lecteur.swift; sourceTree = "<group>"; };
		40D69BB7332C0BE82449CE21 /* lire */ = {isa = PBXFileReference; includeInIndex = 0; path = lire; sourceTree = BUILT_PRODUCTS_DIR; };
		4484AF5072A14D2C8DA3880A /* DetecteurLangue.swift */ = {isa = PBXFileReference; includeInIndex = 1; lastKnownFileType = sourcecode.swift; path = DetecteurLangue.swift; sourceTree = "<group>"; };
		53E59B973B33553F6DE70D2A /* LecteurTests.xctest */ = {isa = PBXFileReference; explicitFileType = wrapper.cfbundle; includeInIndex = 0; path = LecteurTests.xctest; sourceTree = BUILT_PRODUCTS_DIR; };
		5450EB95F9916E17E9EFEF78 /* CatalogueVoix.swift */ = {isa = PBXFileReference; includeInIndex = 1; lastKnownFileType = sourcecode.swift; path = CatalogueVoix.swift; sourceTree = "<group>"; };
		55C6891FA2A636A23BD1153D /* DelegueApplication.swift */ = {isa = PBXFileReference; includeInIndex = 1; lastKnownFileType = sourcecode.swift; path = DelegueApplication.swift; sourceTree = "<group>"; };
		5A181DD4567DB31820DDFE2B /* NettoyeurMarkdown.swift */ = {isa = PBXFileReference; includeInIndex = 1; lastKnownFileType = sourcecode.swift; path = NettoyeurMarkdown.swift; sourceTree = "<group>"; };
		630131500D5AA30F9F47B6D7 /* FournisseurService.swift */ = {isa = PBXFileReference; includeInIndex = 1; lastKnownFileType = sourcecode.swift; path = FournisseurService.swift; sourceTree = "<group>"; };
		67DCF26E3267CB2A57282AF3 /* Reglages.swift */ = {isa = PBXFileReference; includeInIndex = 1; lastKnownFileType = sourcecode.swift; path = Reglages.swift; sourceTree = "<group>"; };
		70A25D7BDBFB286D7A7CFC88 /* FenetreFlottante.swift */ = {isa = PBXFileReference; includeInIndex = 1; lastKnownFileType = sourcecode.swift; path = FenetreFlottante.swift; sourceTree = "<group>"; };
		87C4AC414DAC067F6EECD7EE /* VueReglages.swift */ = {isa = PBXFileReference; includeInIndex = 1; lastKnownFileType = sourcecode.swift; path = VueReglages.swift; sourceTree = "<group>"; };
		A4C682465EEACFF6C3765E6E /* Lecteur.app */ = {isa = PBXFileReference; explicitFileType = wrapper.application; includeInIndex = 0; path = Lecteur.app; sourceTree = BUILT_PRODUCTS_DIR; };
		A70FC8ADB9635B3919ABBB22 /* Journal.swift */ = {isa = PBXFileReference; includeInIndex = 1; lastKnownFileType = sourcecode.swift; path = Journal.swift; sourceTree = "<group>"; };
		B3FD026C0EE111ADEAD87974 /* GestionnaireFichiersTemp.swift */ = {isa = PBXFileReference; includeInIndex = 1; lastKnownFileType = sourcecode.swift; path = GestionnaireFichiersTemp.swift; sourceTree = "<group>"; };
		BAA6041FAC02DB7BCCE825F7 /* main.swift */ = {isa = PBXFileReference; includeInIndex = 1; lastKnownFileType = sourcecode.swift; path = main.swift; sourceTree = "<group>"; };
		BEC54621469D4885072CA923 /* ControleurFenetreLecteur.swift */ = {isa = PBXFileReference; includeInIndex = 1; lastKnownFileType = sourcecode.swift; path = ControleurFenetreLecteur.swift; sourceTree = "<group>"; };
		BF602288BC2BC4A17D46FD6B /* ServeurSocket.swift */ = {isa = PBXFileReference; includeInIndex = 1; lastKnownFileType = sourcecode.swift; path = ServeurSocket.swift; sourceTree = "<group>"; };
		D04DD1478450AAE55F59D5F5 /* MoteurSay.swift */ = {isa = PBXFileReference; includeInIndex = 1; lastKnownFileType = sourcecode.swift; path = MoteurSay.swift; sourceTree = "<group>"; };
		E3061D00C1CABE008CA21F43 /* ProtocoleSocket.swift */ = {isa = PBXFileReference; includeInIndex = 1; lastKnownFileType = sourcecode.swift; path = ProtocoleSocket.swift; sourceTree = "<group>"; };
		F87753B023D7856E0116B5D9 /* VueLecteur.swift */ = {isa = PBXFileReference; includeInIndex = 1; lastKnownFileType = sourcecode.swift; path = VueLecteur.swift; sourceTree = "<group>"; };
/* End PBXFileReference section */

/* Begin PBXFrameworksBuildPhase section */
		6D04265C07877814575B392D /* Frameworks */ = {
			isa = PBXFrameworksBuildPhase;
			buildActionMask = 2147483647;
			files = (
				A3E4CBF76CF785E4472C8E9C /* Cocoa.framework in Frameworks */,
			);
			runOnlyForDeploymentPostprocessing = 0;
		};
		6E15FBBE1976BB549B780B51 /* Frameworks */ = {
			isa = PBXFrameworksBuildPhase;
			buildActionMask = 2147483647;
			files = (
				FDAF7BD147B906D554F84E88 /* Cocoa.framework in Frameworks */,
			);
			runOnlyForDeploymentPostprocessing = 0;
		};
		98F394D18C7A785E2EC0C76D /* Frameworks */ = {
			isa = PBXFrameworksBuildPhase;
			buildActionMask = 2147483647;
			files = (
				E17B678ACB05AB8FCA2BFD1E /* Cocoa.framework in Frameworks */,
			);
			runOnlyForDeploymentPostprocessing = 0;
		};
/* End PBXFrameworksBuildPhase section */

/* Begin PBXGroup section */
		148B57CEBAE89285E56A7C99 /* Sources */ = {
			isa = PBXGroup;
			children = (
				2A106B778B757FF73AE9BF6E /* App */,
				BB003E6945F9951F92357443 /* Commun */,
				AF9DBE4A625682C30EF6432F /* Entree */,
				D425B93320AEABD8717743BC /* Interface */,
				371A9C854380BEDCCA9C6ABC /* Lecture */,
				6F39EEA1110E230D26759FC3 /* Reglages */,
				19E716F1A0F0B34FE5B9A67C /* Synthese */,
				C32D6F2A806AADB98CE2F8A7 /* Texte */,
			);
			name = Sources;
			path = Sources;
			sourceTree = "<group>";
		};
		19E716F1A0F0B34FE5B9A67C /* Synthese */ = {
			isa = PBXGroup;
			children = (
				5450EB95F9916E17E9EFEF78 /* CatalogueVoix.swift */,
				D04DD1478450AAE55F59D5F5 /* MoteurSay.swift */,
				161F2B62A1794F0BD180CB10 /* MoteurSynthese.swift */,
			);
			name = Synthese;
			path = Synthese;
			sourceTree = "<group>";
		};
		29FBC87B077D336E8A2ABC32 /* Ressources */ = {
			isa = PBXGroup;
			children = (
				2F3EE5F70DB8DECB688A31C8 /* Info.plist */,
			);
			name = Ressources;
			path = Ressources;
			sourceTree = "<group>";
		};
		2A106B778B757FF73AE9BF6E /* App */ = {
			isa = PBXGroup;
			children = (
				55C6891FA2A636A23BD1153D /* DelegueApplication.swift */,
				BAA6041FAC02DB7BCCE825F7 /* main.swift */,
			);
			name = App;
			path = App;
			sourceTree = "<group>";
		};
		371A9C854380BEDCCA9C6ABC /* Lecture */ = {
			isa = PBXGroup;
			children = (
				20DFA4C6967E99017C57C87E /* GestionnaireLecteurs.swift */,
				39F015980F672407C50D0E77 /* Lecteur.swift */,
			);
			name = Lecture;
			path = Lecture;
			sourceTree = "<group>";
		};
		414FC61889DAC7BBA2C9D743 = {
			isa = PBXGroup;
			children = (
				49F81FB400E99173E76BD1FE /* Products */,
				B924948C6DF8FE4CC50412E3 /* Frameworks */,
				148B57CEBAE89285E56A7C99 /* Sources */,
				A2FA2AA6C26D0853F6A22AC2 /* SourcesCLI */,
				FDBC547B55C7FD429656CFEF /* Tests */,
				29FBC87B077D336E8A2ABC32 /* Ressources */,
			);
			sourceTree = "<group>";
		};
		49F81FB400E99173E76BD1FE /* Products */ = {
			isa = PBXGroup;
			children = (
				A4C682465EEACFF6C3765E6E /* Lecteur.app */,
				40D69BB7332C0BE82449CE21 /* lire */,
				53E59B973B33553F6DE70D2A /* LecteurTests.xctest */,
			);
			name = Products;
			sourceTree = "<group>";
		};
		662DE94C34D79104146192CC /* lire */ = {
			isa = PBXGroup;
			children = (
				27BB8FD8A9A26F2B7E1F15AE /* main.swift */,
			);
			name = lire;
			path = lire;
			sourceTree = "<group>";
		};
		6F39EEA1110E230D26759FC3 /* Reglages */ = {
			isa = PBXGroup;
			children = (
				67DCF26E3267CB2A57282AF3 /* Reglages.swift */,
			);
			name = Reglages;
			path = Reglages;
			sourceTree = "<group>";
		};
		A2FA2AA6C26D0853F6A22AC2 /* SourcesCLI */ = {
			isa = PBXGroup;
			children = (
				662DE94C34D79104146192CC /* lire */,
			);
			name = SourcesCLI;
			path = SourcesCLI;
			sourceTree = "<group>";
		};
		AF9DBE4A625682C30EF6432F /* Entree */ = {
			isa = PBXGroup;
			children = (
				630131500D5AA30F9F47B6D7 /* FournisseurService.swift */,
				E3061D00C1CABE008CA21F43 /* ProtocoleSocket.swift */,
				BF602288BC2BC4A17D46FD6B /* ServeurSocket.swift */,
			);
			name = Entree;
			path = Entree;
			sourceTree = "<group>";
		};
		B924948C6DF8FE4CC50412E3 /* Frameworks */ = {
			isa = PBXGroup;
			children = (
				E71FDEC692A53A53F5D7D426 /* OS X */,
			);
			name = Frameworks;
			sourceTree = "<group>";
		};
		BB003E6945F9951F92357443 /* Commun */ = {
			isa = PBXGroup;
			children = (
				B3FD026C0EE111ADEAD87974 /* GestionnaireFichiersTemp.swift */,
				A70FC8ADB9635B3919ABBB22 /* Journal.swift */,
			);
			name = Commun;
			path = Commun;
			sourceTree = "<group>";
		};
		C32D6F2A806AADB98CE2F8A7 /* Texte */ = {
			isa = PBXGroup;
			children = (
				4484AF5072A14D2C8DA3880A /* DetecteurLangue.swift */,
				5A181DD4567DB31820DDFE2B /* NettoyeurMarkdown.swift */,
			);
			name = Texte;
			path = Texte;
			sourceTree = "<group>";
		};
		D425B93320AEABD8717743BC /* Interface */ = {
			isa = PBXGroup;
			children = (
				BEC54621469D4885072CA923 /* ControleurFenetreLecteur.swift */,
				70A25D7BDBFB286D7A7CFC88 /* FenetreFlottante.swift */,
				F87753B023D7856E0116B5D9 /* VueLecteur.swift */,
				87C4AC414DAC067F6EECD7EE /* VueReglages.swift */,
			);
			name = Interface;
			path = Interface;
			sourceTree = "<group>";
		};
		E71FDEC692A53A53F5D7D426 /* OS X */ = {
			isa = PBXGroup;
			children = (
				09E991B938AA6E07DDDF394A /* Cocoa.framework */,
			);
			name = "OS X";
			sourceTree = "<group>";
		};
		FDBC547B55C7FD429656CFEF /* Tests */ = {
			isa = PBXGroup;
			children = (
				21556647B105A37F918C81F4 /* NettoyeurMarkdownTests.swift */,
				2AE52CCC5D02F595B1975CDC /* ReglagesTests.swift */,
			);
			name = Tests;
			path = Tests;
			sourceTree = "<group>";
		};
/* End PBXGroup section */

/* Begin PBXNativeTarget section */
		048D60E7DAB76C452F2D4EAF /* lire */ = {
			isa = PBXNativeTarget;
			buildConfigurationList = B7214A3C4506A48AD827B74D /* Build configuration list for PBXNativeTarget "lire" */;
			buildPhases = (
				E08A5994E6A5CBAF53D04DFA /* Sources */,
				98F394D18C7A785E2EC0C76D /* Frameworks */,
			);
			buildRules = (
			);
			dependencies = (
			);
			name = lire;
			productName = lire;
			productReference = 40D69BB7332C0BE82449CE21 /* lire */;
			productType = "com.apple.product-type.tool";
		};
		449EA3D95BD749007ECD5B83 /* LecteurTests */ = {
			isa = PBXNativeTarget;
			buildConfigurationList = D35A5CB1BCA8E1E083C3CB48 /* Build configuration list for PBXNativeTarget "LecteurTests" */;
			buildPhases = (
				872D2B2A8E0B5DABEB733220 /* Sources */,
				6E15FBBE1976BB549B780B51 /* Frameworks */,
				D4EE54DACD1A59C39F9C67A4 /* Resources */,
			);
			buildRules = (
			);
			dependencies = (
				323C406A61CCDBEA5B843FB8 /* PBXTargetDependency */,
			);
			name = LecteurTests;
			productName = LecteurTests;
			productReference = 53E59B973B33553F6DE70D2A /* LecteurTests.xctest */;
			productType = "com.apple.product-type.bundle.unit-test";
		};
		6AA088B0FDDE2CEEC2EC7F8C /* Lecteur */ = {
			isa = PBXNativeTarget;
			buildConfigurationList = 03B3914341CBCA1BCB9F3C23 /* Build configuration list for PBXNativeTarget "Lecteur" */;
			buildPhases = (
				E66670C1C221E2014482B52B /* Sources */,
				6D04265C07877814575B392D /* Frameworks */,
				2745B97C11FC359C396098D9 /* Resources */,
				8FED85A65AE84AE3B3C11260 /* Copier le helper CLI */,
			);
			buildRules = (
			);
			dependencies = (
				DD644CBEA6C1F350D7E15652 /* PBXTargetDependency */,
			);
			name = Lecteur;
			productName = Lecteur;
			productReference = A4C682465EEACFF6C3765E6E /* Lecteur.app */;
			productType = "com.apple.product-type.application";
		};
/* End PBXNativeTarget section */

/* Begin PBXProject section */
		4A7F80B1DF458CD6C8441424 /* Project object */ = {
			isa = PBXProject;
			attributes = {
				LastSwiftUpdateCheck = 1500;
				LastUpgradeCheck = 1500;
			};
			buildConfigurationList = 906C404984B5F3173A257BAB /* Build configuration list for PBXProject "Lecteur" */;
			compatibilityVersion = "Xcode 3.2";
			developmentRegion = en;
			hasScannedForEncodings = 0;
			knownRegions = (
				en,
				Base,
			);
			mainGroup = 414FC61889DAC7BBA2C9D743;
			productRefGroup = 49F81FB400E99173E76BD1FE /* Products */;
			projectDirPath = "";
			projectRoot = "";
			targets = (
				6AA088B0FDDE2CEEC2EC7F8C /* Lecteur */,
				048D60E7DAB76C452F2D4EAF /* lire */,
				449EA3D95BD749007ECD5B83 /* LecteurTests */,
			);
		};
/* End PBXProject section */

/* Begin PBXResourcesBuildPhase section */
		2745B97C11FC359C396098D9 /* Resources */ = {
			isa = PBXResourcesBuildPhase;
			buildActionMask = 2147483647;
			files = (
			);
			runOnlyForDeploymentPostprocessing = 0;
		};
		D4EE54DACD1A59C39F9C67A4 /* Resources */ = {
			isa = PBXResourcesBuildPhase;
			buildActionMask = 2147483647;
			files = (
			);
			runOnlyForDeploymentPostprocessing = 0;
		};
/* End PBXResourcesBuildPhase section */

/* Begin PBXSourcesBuildPhase section */
		872D2B2A8E0B5DABEB733220 /* Sources */ = {
			isa = PBXSourcesBuildPhase;
			buildActionMask = 2147483647;
			files = (
				3540397776F6E3C0E7319526 /* NettoyeurMarkdownTests.swift in Sources */,
				06E5B08B721240BDFC42B55B /* ReglagesTests.swift in Sources */,
			);
			runOnlyForDeploymentPostprocessing = 0;
		};
		E08A5994E6A5CBAF53D04DFA /* Sources */ = {
			isa = PBXSourcesBuildPhase;
			buildActionMask = 2147483647;
			files = (
				614AE34EA609696EF49D563C /* main.swift in Sources */,
			);
			runOnlyForDeploymentPostprocessing = 0;
		};
		E66670C1C221E2014482B52B /* Sources */ = {
			isa = PBXSourcesBuildPhase;
			buildActionMask = 2147483647;
			files = (
				5AFCD1E35A658B471124265D /* DelegueApplication.swift in Sources */,
				A585762949BA962B5A9D2799 /* main.swift in Sources */,
				9D158FF576F8AE76872ACEEE /* GestionnaireFichiersTemp.swift in Sources */,
				41B060A890516CAA063F43F2 /* Journal.swift in Sources */,
				B4039B0F4EA8BA54FD54785C /* FournisseurService.swift in Sources */,
				EEC4B1D1FBB952537C3FAC2C /* ProtocoleSocket.swift in Sources */,
				9FE7FC0D583A9EBDDE6BCD4A /* ServeurSocket.swift in Sources */,
				5BCD4EB383389485B0E97E00 /* ControleurFenetreLecteur.swift in Sources */,
				4BAC6B4D0EC1702299FA1988 /* FenetreFlottante.swift in Sources */,
				DAC50CB3A52B3A1229FC8B15 /* VueLecteur.swift in Sources */,
				79EF9D56DB13B614A5A27C17 /* VueReglages.swift in Sources */,
				ED3ABBB361D986842B7CEC97 /* GestionnaireLecteurs.swift in Sources */,
				EE70EE7584950E1AC78D7D1A /* Lecteur.swift in Sources */,
				64AEB675DB4E17685CFC6A16 /* Reglages.swift in Sources */,
				13D5760B6F469C8FF23FEE24 /* CatalogueVoix.swift in Sources */,
				439DFB60EF543EF642E05858 /* MoteurSay.swift in Sources */,
				DCFA92F6CA599BF54E913F7F /* MoteurSynthese.swift in Sources */,
				B1B71102E6B6BA4A09344416 /* DetecteurLangue.swift in Sources */,
				CA1A7D0941A48F6F937BB089 /* NettoyeurMarkdown.swift in Sources */,
			);
			runOnlyForDeploymentPostprocessing = 0;
		};
/* End PBXSourcesBuildPhase section */

/* Begin PBXTargetDependency section */
		323C406A61CCDBEA5B843FB8 /* PBXTargetDependency */ = {
			isa = PBXTargetDependency;
			name = Lecteur;
			target = 6AA088B0FDDE2CEEC2EC7F8C /* Lecteur */;
			targetProxy = 5D950E0A41223ADF8AB37A36 /* PBXContainerItemProxy */;
		};
		DD644CBEA6C1F350D7E15652 /* PBXTargetDependency */ = {
			isa = PBXTargetDependency;
			name = lire;
			target = 048D60E7DAB76C452F2D4EAF /* lire */;
			targetProxy = 4C31152143E5C193A172EE54 /* PBXContainerItemProxy */;
		};
/* End PBXTargetDependency section */

/* Begin XCBuildConfiguration section */
		3727A37895117F72B48920EC /* Debug */ = {
			isa = XCBuildConfiguration;
			buildSettings = {
				BUNDLE_LOADER = "$(TEST_HOST)";
				GENERATE_INFOPLIST_FILE = YES;
				MACOSX_DEPLOYMENT_TARGET = 14.0;
				PRODUCT_BUNDLE_IDENTIFIER = fr.dimitri.Lecteur.tests;
				PRODUCT_NAME = LecteurTests;
				SDKROOT = macosx;
				TEST_HOST = "$(BUILT_PRODUCTS_DIR)/Lecteur.app/Contents/MacOS/Lecteur";
			};
			name = Debug;
		};
		4645DB0338E1BDAFE7055644 /* Debug */ = {
			isa = XCBuildConfiguration;
			buildSettings = {
				MACOSX_DEPLOYMENT_TARGET = 14.0;
				PRODUCT_BUNDLE_IDENTIFIER = fr.dimitri.Lecteur.cli;
				PRODUCT_NAME = lire;
				SDKROOT = macosx;
				SKIP_INSTALL = YES;
			};
			name = Debug;
		};
		5FA2B650DF54A53E438CAF02 /* Release */ = {
			isa = XCBuildConfiguration;
			buildSettings = {
				ALWAYS_SEARCH_USER_PATHS = NO;
				CLANG_ANALYZER_NONNULL = YES;
				CLANG_ANALYZER_NUMBER_OBJECT_CONVERSION = YES_AGGRESSIVE;
				CLANG_CXX_LANGUAGE_STANDARD = "gnu++14";
				CLANG_CXX_LIBRARY = "libc++";
				CLANG_ENABLE_MODULES = YES;
				CLANG_ENABLE_OBJC_ARC = YES;
				CLANG_ENABLE_OBJC_WEAK = YES;
				CLANG_WARN_BLOCK_CAPTURE_AUTORELEASING = YES;
				CLANG_WARN_BOOL_CONVERSION = YES;
				CLANG_WARN_COMMA = YES;
				CLANG_WARN_CONSTANT_CONVERSION = YES;
				CLANG_WARN_DEPRECATED_OBJC_IMPLEMENTATIONS = YES;
				CLANG_WARN_DIRECT_OBJC_ISA_USAGE = YES_ERROR;
				CLANG_WARN_DOCUMENTATION_COMMENTS = YES;
				CLANG_WARN_EMPTY_BODY = YES;
				CLANG_WARN_ENUM_CONVERSION = YES;
				CLANG_WARN_INFINITE_RECURSION = YES;
				CLANG_WARN_INT_CONVERSION = YES;
				CLANG_WARN_NON_LITERAL_NULL_CONVERSION = YES;
				CLANG_WARN_OBJC_IMPLICIT_RETAIN_SELF = YES;
				CLANG_WARN_OBJC_LITERAL_CONVERSION = YES;
				CLANG_WARN_OBJC_ROOT_CLASS = YES_ERROR;
				CLANG_WARN_QUOTED_INCLUDE_IN_FRAMEWORK_HEADER = YES;
				CLANG_WARN_RANGE_LOOP_ANALYSIS = YES;
				CLANG_WARN_STRICT_PROTOTYPES = YES;
				CLANG_WARN_SUSPICIOUS_MOVE = YES;
				CLANG_WARN_UNGUARDED_AVAILABILITY = YES_AGGRESSIVE;
				CLANG_WARN_UNREACHABLE_CODE = YES;
				CLANG_WARN__DUPLICATE_METHOD_MATCH = YES;
				CODE_SIGNING_ALLOWED = YES;
				CODE_SIGNING_REQUIRED = YES;
				CODE_SIGN_IDENTITY = "-";
				COPY_PHASE_STRIP = NO;
				DEBUG_INFORMATION_FORMAT = "dwarf-with-dsym";
				ENABLE_APP_SANDBOX = NO;
				ENABLE_HARDENED_RUNTIME = NO;
				ENABLE_NS_ASSERTIONS = NO;
				ENABLE_STRICT_OBJC_MSGSEND = YES;
				GCC_C_LANGUAGE_STANDARD = gnu11;
				GCC_NO_COMMON_BLOCKS = YES;
				GCC_WARN_64_TO_32_BIT_CONVERSION = YES;
				GCC_WARN_ABOUT_RETURN_TYPE = YES_ERROR;
				GCC_WARN_UNDECLARED_SELECTOR = YES;
				GCC_WARN_UNINITIALIZED_AUTOS = YES_AGGRESSIVE;
				GCC_WARN_UNUSED_FUNCTION = YES;
				GCC_WARN_UNUSED_VARIABLE = YES;
				MACOSX_DEPLOYMENT_TARGET = 14.0;
				MTL_ENABLE_DEBUG_INFO = NO;
				MTL_FAST_MATH = YES;
				PRODUCT_NAME = "$(TARGET_NAME)";
				SWIFT_COMPILATION_MODE = wholemodule;
				SWIFT_OPTIMIZATION_LEVEL = "-O";
				SWIFT_VERSION = 5.0;
			};
			name = Release;
		};
		8531213174E71FA6548BC837 /* Release */ = {
			isa = XCBuildConfiguration;
			buildSettings = {
				BUNDLE_LOADER = "$(TEST_HOST)";
				GENERATE_INFOPLIST_FILE = YES;
				MACOSX_DEPLOYMENT_TARGET = 14.0;
				PRODUCT_BUNDLE_IDENTIFIER = fr.dimitri.Lecteur.tests;
				PRODUCT_NAME = LecteurTests;
				SDKROOT = macosx;
				TEST_HOST = "$(BUILT_PRODUCTS_DIR)/Lecteur.app/Contents/MacOS/Lecteur";
			};
			name = Release;
		};
		8B1037DB1097AF9E8833D830 /* Release */ = {
			isa = XCBuildConfiguration;
			buildSettings = {
				MACOSX_DEPLOYMENT_TARGET = 14.0;
				PRODUCT_BUNDLE_IDENTIFIER = fr.dimitri.Lecteur.cli;
				PRODUCT_NAME = lire;
				SDKROOT = macosx;
				SKIP_INSTALL = YES;
			};
			name = Release;
		};
		8F361C844F53EC5035D3430C /* Debug */ = {
			isa = XCBuildConfiguration;
			buildSettings = {
				ASSETCATALOG_COMPILER_APPICON_NAME = AppIcon;
				ASSETCATALOG_COMPILER_GLOBAL_ACCENT_COLOR_NAME = AccentColor;
				COMBINE_HIDPI_IMAGES = YES;
				CURRENT_PROJECT_VERSION = 1;
				INFOPLIST_FILE = Sources/App/Info.plist;
				LD_RUNPATH_SEARCH_PATHS = "$(inherited) @executable_path/../Frameworks";
				MACOSX_DEPLOYMENT_TARGET = 14.0;
				MARKETING_VERSION = 0.1.0;
				PRODUCT_BUNDLE_IDENTIFIER = fr.dimitri.Lecteur;
				PRODUCT_NAME = Lecteur;
				SDKROOT = macosx;
				SWIFT_MAIN_FILE_IS_TOP_LEVEL_CODE = YES;
			};
			name = Debug;
		};
		E41B6B1853C0A3C64B604D9A /* Debug */ = {
			isa = XCBuildConfiguration;
			buildSettings = {
				ALWAYS_SEARCH_USER_PATHS = NO;
				CLANG_ANALYZER_NONNULL = YES;
				CLANG_ANALYZER_NUMBER_OBJECT_CONVERSION = YES_AGGRESSIVE;
				CLANG_CXX_LANGUAGE_STANDARD = "gnu++14";
				CLANG_CXX_LIBRARY = "libc++";
				CLANG_ENABLE_MODULES = YES;
				CLANG_ENABLE_OBJC_ARC = YES;
				CLANG_ENABLE_OBJC_WEAK = YES;
				CLANG_WARN_BLOCK_CAPTURE_AUTORELEASING = YES;
				CLANG_WARN_BOOL_CONVERSION = YES;
				CLANG_WARN_COMMA = YES;
				CLANG_WARN_CONSTANT_CONVERSION = YES;
				CLANG_WARN_DEPRECATED_OBJC_IMPLEMENTATIONS = YES;
				CLANG_WARN_DIRECT_OBJC_ISA_USAGE = YES_ERROR;
				CLANG_WARN_DOCUMENTATION_COMMENTS = YES;
				CLANG_WARN_EMPTY_BODY = YES;
				CLANG_WARN_ENUM_CONVERSION = YES;
				CLANG_WARN_INFINITE_RECURSION = YES;
				CLANG_WARN_INT_CONVERSION = YES;
				CLANG_WARN_NON_LITERAL_NULL_CONVERSION = YES;
				CLANG_WARN_OBJC_IMPLICIT_RETAIN_SELF = YES;
				CLANG_WARN_OBJC_LITERAL_CONVERSION = YES;
				CLANG_WARN_OBJC_ROOT_CLASS = YES_ERROR;
				CLANG_WARN_QUOTED_INCLUDE_IN_FRAMEWORK_HEADER = YES;
				CLANG_WARN_RANGE_LOOP_ANALYSIS = YES;
				CLANG_WARN_STRICT_PROTOTYPES = YES;
				CLANG_WARN_SUSPICIOUS_MOVE = YES;
				CLANG_WARN_UNGUARDED_AVAILABILITY = YES_AGGRESSIVE;
				CLANG_WARN_UNREACHABLE_CODE = YES;
				CLANG_WARN__DUPLICATE_METHOD_MATCH = YES;
				CODE_SIGNING_ALLOWED = YES;
				CODE_SIGNING_REQUIRED = YES;
				CODE_SIGN_IDENTITY = "-";
				COPY_PHASE_STRIP = NO;
				DEBUG_INFORMATION_FORMAT = dwarf;
				ENABLE_APP_SANDBOX = NO;
				ENABLE_HARDENED_RUNTIME = NO;
				ENABLE_STRICT_OBJC_MSGSEND = YES;
				ENABLE_TESTABILITY = YES;
				GCC_C_LANGUAGE_STANDARD = gnu11;
				GCC_DYNAMIC_NO_PIC = NO;
				GCC_NO_COMMON_BLOCKS = YES;
				GCC_OPTIMIZATION_LEVEL = 0;
				GCC_PREPROCESSOR_DEFINITIONS = (
					"DEBUG=1",
					"$(inherited)",
				);
				GCC_WARN_64_TO_32_BIT_CONVERSION = YES;
				GCC_WARN_ABOUT_RETURN_TYPE = YES_ERROR;
				GCC_WARN_UNDECLARED_SELECTOR = YES;
				GCC_WARN_UNINITIALIZED_AUTOS = YES_AGGRESSIVE;
				GCC_WARN_UNUSED_FUNCTION = YES;
				GCC_WARN_UNUSED_VARIABLE = YES;
				MACOSX_DEPLOYMENT_TARGET = 14.0;
				MTL_ENABLE_DEBUG_INFO = INCLUDE_SOURCE;
				MTL_FAST_MATH = YES;
				ONLY_ACTIVE_ARCH = YES;
				PRODUCT_NAME = "$(TARGET_NAME)";
				SWIFT_ACTIVE_COMPILATION_CONDITIONS = DEBUG;
				SWIFT_OPTIMIZATION_LEVEL = "-Onone";
				SWIFT_VERSION = 5.0;
			};
			name = Debug;
		};
		FCBACCA5D04FF65C672B2535 /* Release */ = {
			isa = XCBuildConfiguration;
			buildSettings = {
				ASSETCATALOG_COMPILER_APPICON_NAME = AppIcon;
				ASSETCATALOG_COMPILER_GLOBAL_ACCENT_COLOR_NAME = AccentColor;
				COMBINE_HIDPI_IMAGES = YES;
				CURRENT_PROJECT_VERSION = 1;
				INFOPLIST_FILE = Sources/App/Info.plist;
				LD_RUNPATH_SEARCH_PATHS = "$(inherited) @executable_path/../Frameworks";
				MACOSX_DEPLOYMENT_TARGET = 14.0;
				MARKETING_VERSION = 0.1.0;
				PRODUCT_BUNDLE_IDENTIFIER = fr.dimitri.Lecteur;
				PRODUCT_NAME = Lecteur;
				SDKROOT = macosx;
				SWIFT_MAIN_FILE_IS_TOP_LEVEL_CODE = YES;
			};
			name = Release;
		};
/* End XCBuildConfiguration section */

/* Begin XCConfigurationList section */
		03B3914341CBCA1BCB9F3C23 /* Build configuration list for PBXNativeTarget "Lecteur" */ = {
			isa = XCConfigurationList;
			buildConfigurations = (
				FCBACCA5D04FF65C672B2535 /* Release */,
				8F361C844F53EC5035D3430C /* Debug */,
			);
			defaultConfigurationIsVisible = 0;
			defaultConfigurationName = Release;
		};
		906C404984B5F3173A257BAB /* Build configuration list for PBXProject "Lecteur" */ = {
			isa = XCConfigurationList;
			buildConfigurations = (
				E41B6B1853C0A3C64B604D9A /* Debug */,
				5FA2B650DF54A53E438CAF02 /* Release */,
			);
			defaultConfigurationIsVisible = 0;
			defaultConfigurationName = Release;
		};
		B7214A3C4506A48AD827B74D /* Build configuration list for PBXNativeTarget "lire" */ = {
			isa = XCConfigurationList;
			buildConfigurations = (
				8B1037DB1097AF9E8833D830 /* Release */,
				4645DB0338E1BDAFE7055644 /* Debug */,
			);
			defaultConfigurationIsVisible = 0;
			defaultConfigurationName = Release;
		};
		D35A5CB1BCA8E1E083C3CB48 /* Build configuration list for PBXNativeTarget "LecteurTests" */ = {
			isa = XCConfigurationList;
			buildConfigurations = (
				8531213174E71FA6548BC837 /* Release */,
				3727A37895117F72B48920EC /* Debug */,
			);
			defaultConfigurationIsVisible = 0;
			defaultConfigurationName = Release;
		};
/* End XCConfigurationList section */
	};
	rootObject = 4A7F80B1DF458CD6C8441424 /* Project object */;
}
